
Microsoft Visual Studio Solution File, Format Version 12.00
# Visual Studio Version 17
VisualStudioVersion = 17.5.33414.496
MinimumVisualStudioVersion = 10.0.40219.1
Project("{8BC9CEB8-8B4A-11D0-8D11-00A0C91BC942}") = "Bai001", "Bai001\Bai001.vcxproj", "{29340706-B002-412F-BFEC-01285831B993}"
EndProject
Project("{8BC9CEB8-8B4A-11D0-8D11-00A0C91BC942}") = "Bai002", "Bai002\Bai002.vcxproj", "{AE58FD1D-0921-46CF-9C2E-B3E9C681BA4A}"
EndProject
Project("{8BC9CEB8-8B4A-11D0-8D11-00A0C91BC942}") = "Bai003", "Bai003\Bai003.vcxproj", "{6AC31574-20C6-48CB-9CD9-3BCA98A36373}"
EndProject
Project("{8BC9CEB8-8B4A-11D0-8D11-00A0C91BC942}") = "Bai004", "Bai004\Bai004.vcxproj", "{AACA13D6-3FF6-4FD3-B162-C7684ADD9FE8}"
EndProject
Project("{8BC9CEB8-8B4A-11D0-8D11-00A0C91BC942}") = "Bai005", "Bai005\Bai005.vcxproj", "{B2F1DB23-42C7-4006-B788-70223DBC8977}"
EndProject
Project("{8BC9CEB8-8B4A-11D0-8D11-00A0C91BC942}") = "Bai006", "Bai006\Bai006.vcxproj", "{D38A9B68-C277-4541-8A42-4D2E20CADD6C}"
EndProject
Project("{8BC9CEB8-8B4A-11D0-8D11-00A0C91BC942}") = "Bai007", "Bai007\Bai007.vcxproj", "{8F17A6CD-59D6-40DD-9B60-623647D62F52}"
EndProject
Project("{8BC9CEB8-8B4A-11D0-8D11-00A0C91BC942}") = "Bai008", "Bai008\Bai008.vcxproj", "{50FC6471-F48F-4C6A-9DF2-9DE932FBF8A8}"
EndProject
Project("{8BC9CEB8-8B4A-11D0-8D11-00A0C91BC942}") = "Bai009", "Bai009\Bai009.vcxproj", "{08C380B7-2563-4618-88E9-C7E177D49D5F}"
EndProject
Project("{8BC9CEB8-8B4A-11D0-8D11-00A0C91BC942}") = "Bai010", "Bai010\Bai010.vcxproj", "{6793E9FC-122D-401E-9348-0309AE696117}"
EndProject
Project("{8BC9CEB8-8B4A-11D0-8D11-00A0C91BC942}") = "Bai011", "Bai011\Bai011.vcxproj", "{A9AA3C4B-B56D-42E6-B650-450D65C36964}"
EndProject
Global
	GlobalSection(SolutionConfigurationPlatforms) = preSolution
		Debug|x64 = Debug|x64
		Debug|x86 = Debug|x86
		Release|x64 = Release|x64
		Release|x86 = Release|x86
	EndGlobalSection
	GlobalSection(ProjectConfigurationPlatforms) = postSolution
		{29340706-B002-412F-BFEC-01285831B993}.Debug|x64.ActiveCfg = Debug|x64
		{29340706-B002-412F-BFEC-01285831B993}.Debug|x64.Build.0 = Debug|x64
		{29340706-B002-412F-BFEC-01285831B993}.Debug|x86.ActiveCfg = Debug|Win32
		{29340706-B002-412F-BFEC-01285831B993}.Debug|x86.Build.0 = Debug|Win32
		{29340706-B002-412F-BFEC-01285831B993}.Release|x64.ActiveCfg = Release|x64
		{29340706-B002-412F-BFEC-01285831B993}.Release|x64.Build.0 = Release|x64
		{29340706-B002-412F-BFEC-01285831B993}.Release|x86.ActiveCfg = Release|Win32
		{29340706-B002-412F-BFEC-01285831B993}.Release|x86.Build.0 = Release|Win32
		{AE58FD1D-0921-46CF-9C2E-B3E9C681BA4A}.Debug|x64.ActiveCfg = Debug|x64
		{AE58FD1D-0921-46CF-9C2E-B3E9C681BA4A}.Debug|x64.Build.0 = Debug|x64
		{AE58FD1D-0921-46CF-9C2E-B3E9C681BA4A}.Debug|x86.ActiveCfg = Debug|Win32
		{AE58FD1D-0921-46CF-9C2E-B3E9C681BA4A}.Debug|x86.Build.0 = Debug|Win32
		{AE58FD1D-0921-46CF-9C2E-B3E9C681BA4A}.Release|x64.ActiveCfg = Release|x64
		{AE58FD1D-0921-46CF-9C2E-B3E9C681BA4A}.Release|x64.Build.0 = Release|x64
		{AE58FD1D-0921-46CF-9C2E-B3E9C681BA4A}.Release|x86.ActiveCfg = Release|Win32
		{AE58FD1D-0921-46CF-9C2E-B3E9C681BA4A}.Release|x86.Build.0 = Release|Win32
		{6AC31574-20C6-48CB-9CD9-3BCA98A36373}.Debug|x64.ActiveCfg = Debug|x64
		{6AC31574-20C6-48CB-9CD9-3BCA98A36373}.Debug|x64.Build.0 = Debug|x64
		{6AC31574-20C6-48CB-9CD9-3BCA98A36373}.Debug|x86.ActiveCfg = Debug|Win32
		{6AC31574-20C6-48CB-9CD9-3BCA98A36373}.Debug|x86.Build.0 = Debug|Win32
		{6AC31574-20C6-48CB-9CD9-3BCA98A36373}.Release|x64.ActiveCfg = Release|x64
		{6AC31574-20C6-48CB-9CD9-3BCA98A36373}.Release|x64.Build.0 = Release|x64
		{6AC31574-20C6-48CB-9CD9-3BCA98A36373}.Release|x86.ActiveCfg = Release|Win32
		{6AC31574-20C6-48CB-9CD9-3BCA98A36373}.Release|x86.Build.0 = Release|Win32
		{AACA13D6-3FF6-4FD3-B162-C7684ADD9FE8}.Debug|x64.ActiveCfg = Debug|x64
		{AACA13D6-3FF6-4FD3-B162-C7684ADD9FE8}.Debug|x64.Build.0 = Debug|x64
		{AACA13D6-3FF6-4FD3-B162-C7684ADD9FE8}.Debug|x86.ActiveCfg = Debug|Win32
		{AACA13D6-3FF6-4FD3-B162-C7684ADD9FE8}.Debug|x86.Build.0 = Debug|Win32
		{AACA13D6-3FF6-4FD3-B162-C7684ADD9FE8}.Release|x64.ActiveCfg = Release|x64
		{AACA13D6-3FF6-4FD3-B162-C7684ADD9FE8}.Release|x64.Build.0 = Release|x64
		{AACA13D6-3FF6-4FD3-B162-C7684ADD9FE8}.Release|x86.ActiveCfg = Release|Win32
		{AACA13D6-3FF6-4FD3-B162-C7684ADD9FE8}.Release|x86.Build.0 = Release|Win32
		{B2F1DB23-42C7-4006-B788-70223DBC8977}.Debug|x64.ActiveCfg = Debug|x64
		{B2F1DB23-42C7-4006-B788-70223DBC8977}.Debug|x64.Build.0 = Debug|x64
		{B2F1DB23-42C7-4006-B788-70223DBC8977}.Debug|x86.ActiveCfg = Debug|Win32
		{B2F1DB23-42C7-4006-B788-70223DBC8977}.Debug|x86.Build.0 = Debug|Win32
		{B2F1DB23-42C7-4006-B788-70223DBC8977}.Release|x64.ActiveCfg = Release|x64
		{B2F1DB23-42C7-4006-B788-70223DBC8977}.Release|x64.Build.0 = Release|x64
		{B2F1DB23-42C7-4006-B788-70223DBC8977}.Release|x86.ActiveCfg = Release|Win32
		{B2F1DB23-42C7-4006-B788-70223DBC8977}.Release|x86.Build.0 = Release|Win32
		{D38A9B68-C277-4541-8A42-4D2E20CADD6C}.Debug|x64.ActiveCfg = Debug|x64
		{D38A9B68-C277-4541-8A42-4D2E20CADD6C}.Debug|x64.Build.0 = Debug|x64
		{D38A9B68-C277-4541-8A42-4D2E20CADD6C}.Debug|x86.ActiveCfg = Debug|Win32
		{D38A9B68-C277-4541-8A42-4D2E20CADD6C}.Debug|x86.Build.0 = Debug|Win32
		{D38A9B68-C277-4541-8A42-4D2E20CADD6C}.Release|x64.ActiveCfg = Release|x64
		{D38A9B68-C277-4541-8A42-4D2E20CADD6C}.Release|x64.Build.0 = Release|x64
		{D38A9B68-C277-4541-8A42-4D2E20CADD6C}.Release|x86.ActiveCfg = Release|Win32
		{D38A9B68-C277-4541-8A42-4D2E20CADD6C}.Release|x86.Build.0 = Release|Win32
		{8F17A6CD-59D6-40DD-9B60-623647D62F52}.Debug|x64.ActiveCfg = Debug|x64
		{8F17A6CD-59D6-40DD-9B60-623647D62F52}.Debug|x64.Build.0 = Debug|x64
		{8F17A6CD-59D6-40DD-9B60-623647D62F52}.Debug|x86.ActiveCfg = Debug|Win32
		{8F17A6CD-59D6-40DD-9B60-623647D62F52}.Debug|x86.Build.0 = Debug|Win32
		{8F17A6CD-59D6-40DD-9B60-623647D62F52}.Release|x64.ActiveCfg = Release|x64
		{8F17A6CD-59D6-40DD-9B60-623647D62F52}.Release|x64.Build.0 = Release|x64
		{8F17A6CD-59D6-40DD-9B60-623647D62F52}.Release|x86.ActiveCfg = Release|Win32
		{8F17A6CD-59D6-40DD-9B60-623647D62F52}.Release|x86.Build.0 = Release|Win32
		{50FC6471-F48F-4C6A-9DF2-9DE932FBF8A8}.Debug|x64.ActiveCfg = Debug|x64
		{50FC6471-F48F-4C6A-9DF2-9DE932FBF8A8}.Debug|x64.Build.0 = Debug|x64
		{50FC6471-F48F-4C6A-9DF2-9DE932FBF8A8}.Debug|x86.ActiveCfg = Debug|Win32
		{50FC6471-F48F-4C6A-9DF2-9DE932FBF8A8}.Debug|x86.Build.0 = Debug|Win32
		{50FC6471-F48F-4C6A-9DF2-9DE932FBF8A8}.Release|x64.ActiveCfg = Release|x64
		{50FC6471-F48F-4C6A-9DF2-9DE932FBF8A8}.Release|x64.Build.0 = Release|x64
		{50FC6471-F48F-4C6A-9DF2-9DE932FBF8A8}.Release|x86.ActiveCfg = Release|Win32
		{50FC6471-F48F-4C6A-9DF2-9DE932FBF8A8}.Release|x86.Build.0 = Release|Win32
		{08C380B7-2563-4618-88E9-C7E177D49D5F}.Debug|x64.ActiveCfg = Debug|x64
		{08C380B7-2563-4618-88E9-C7E177D49D5F}.Debug|x64.Build.0 = Debug|x64
		{08C380B7-2563-4618-88E9-C7E177D49D5F}.Debug|x86.ActiveCfg = Debug|Win32
		{08C380B7-2563-4618-88E9-C7E177D49D5F}.Debug|x86.Build.0 = Debug|Win32
		{08C380B7-2563-4618-88E9-C7E177D49D5F}.Release|x64.ActiveCfg = Release|x64
		{08C380B7-2563-4618-88E9-C7E177D49D5F}.Release|x64.Build.0 = Release|x64
		{08C380B7-2563-4618-88E9-C7E177D49D5F}.Release|x86.ActiveCfg = Release|Win32
		{08C380B7-2563-4618-88E9-C7E177D49D5F}.Release|x86.Build.0 = Release|Win32
		{6793E9FC-122D-401E-9348-0309AE696117}.Debug|x64.ActiveCfg = Debug|x64
		{6793E9FC-122D-401E-9348-0309AE696117}.Debug|x64.Build.0 = Debug|x64
		{6793E9FC-122D-401E-9348-0309AE696117}.Debug|x86.ActiveCfg = Debug|Win32
		{6793E9FC-122D-401E-9348-0309AE696117}.Debug|x86.Build.0 = Debug|Win32
		{6793E9FC-122D-401E-9348-0309AE696117}.Release|x64.ActiveCfg = Release|x64
		{6793E9FC-122D-401E-9348-0309AE696117}.Release|x64.Build.0 = Release|x64
		{6793E9FC-122D-401E-9348-0309AE696117}.Release|x86.ActiveCfg = Release|Win32
		{6793E9FC-122D-401E-9348-0309AE696117}.Release|x86.Build.0 = Release|Win32
		{A9AA3C4B-B56D-42E6-B650-450D65C36964}.Debug|x64.ActiveCfg = Debug|x64
		{A9AA3C4B-B56D-42E6-B650-450D65C36964}.Debug|x64.Build.0 = Debug|x64
		{A9AA3C4B-B56D-42E6-B650-450D65C36964}.Debug|x86.ActiveCfg = Debug|Win32
		{A9AA3C4B-B56D-42E6-B650-450D65C36964}.Debug|x86.Build.0 = Debug|Win32
		{A9AA3C4B-B56D-42E6-B650-450D65C36964}.Release|x64.ActiveCfg = Release|x64
		{A9AA3C4B-B56D-42E6-B650-450D65C36964}.Release|x64.Build.0 = Release|x64
		{A9AA3C4B-B56D-42E6-B650-450D65C36964}.Release|x86.ActiveCfg = Release|Win32
		{A9AA3C4B-B56D-42E6-B650-450D65C36964}.Release|x86.Build.0 = Release|Win32
	EndGlobalSection
	GlobalSection(SolutionProperties) = preSolution
		HideSolutionNode = FALSE
	EndGlobalSection
	GlobalSection(ExtensibilityGlobals) = postSolution
		SolutionGuid = {F7019F36-AE54-4E59-B3C4-CCB1F2938532}
	EndGlobalSection
EndGlobal
