
Microsoft Visual Studio Solution File, Format Version 12.00
# Visual Studio Version 17
VisualStudioVersion = 17.5.33414.496
MinimumVisualStudioVersion = 10.0.40219.1
Project("{8BC9CEB8-8B4A-11D0-8D11-00A0C91BC942}") = "TestCode", "TestCode\TestCode.vcxproj", "{7FF1CE06-B5D9-4C90-9944-43E453C2BEB4}"
EndProject
Project("{8BC9CEB8-8B4A-11D0-8D11-00A0C91BC942}") = "Room manager", "Room manager\Room manager.vcxproj", "{78B6DD6F-3328-4433-A32D-D86C18662CB3}"
EndProject
Project("{8BC9CEB8-8B4A-11D0-8D11-00A0C91BC942}") = "World of Tank", "World of Tank\World of Tank.vcxproj", "{D9089CA2-A261-426D-BEA9-E747A1DB7EDF}"
EndProject
Project("{8BC9CEB8-8B4A-11D0-8D11-00A0C91BC942}") = "Overload", "Overload\Overload.vcxproj", "{79424A6C-F6C3-4FE2-B158-89B3461C92F8}"
EndProject
Project("{8BC9CEB8-8B4A-11D0-8D11-00A0C91BC942}") = "testcodee", "testcodee\testcodee.vcxproj", "{203717C4-F3CB-4564-B1E8-86DEC91DA777}"
EndProject
Project("{8BC9CEB8-8B4A-11D0-8D11-00A0C91BC942}") = "A Phu Warrior", "A Phu Warrior\A Phu Warrior.vcxproj", "{587856B2-77D2-44B2-8508-19952E665765}"
EndProject
Project("{8BC9CEB8-8B4A-11D0-8D11-00A0C91BC942}") = "LoveIsWas", "LoveIsWas\LoveIsWas.vcxproj", "{A831F5F0-AD82-468D-9912-FD3D4B950AED}"
EndProject
Project("{8BC9CEB8-8B4A-11D0-8D11-00A0C91BC942}") = "NoGameNoLife", "NoGameNoLife\NoGameNoLife.vcxproj", "{9F063E77-5669-4508-8100-887B6AD0B43D}"
EndProject
Project("{8BC9CEB8-8B4A-11D0-8D11-00A0C91BC942}") = "Drakin", "Drakin\Drakin.vcxproj", "{DFDEE007-5F3A-4B2B-955C-4FFD20C46E39}"
EndProject
Project("{8BC9CEB8-8B4A-11D0-8D11-00A0C91BC942}") = "Nhom_Mau", "Nhom_Mau\Nhom_Mau.vcxproj", "{ABF2BE79-A748-45D5-A11E-E3C230718B64}"
EndProject
Project("{8BC9CEB8-8B4A-11D0-8D11-00A0C91BC942}") = "Logistics", "Logistics\Logistics.vcxproj", "{FFEBB07A-1DAA-4916-9F08-82F86F95BB46}"
EndProject
Project("{8BC9CEB8-8B4A-11D0-8D11-00A0C91BC942}") = "LB", "LB\LB.vcxproj", "{A4822AC2-10F6-417F-BE37-05BD9D5F6F42}"
EndProject
Project("{8BC9CEB8-8B4A-11D0-8D11-00A0C91BC942}") = "ThiTH_OOP", "ThiTH_OOP\ThiTH_OOP.vcxproj", "{79324952-EB24-4DAB-BEAC-72B7E6CD9005}"
EndProject
Global
	GlobalSection(SolutionConfigurationPlatforms) = preSolution
		Debug|x64 = Debug|x64
		Debug|x86 = Debug|x86
		Release|x64 = Release|x64
		Release|x86 = Release|x86
	EndGlobalSection
	GlobalSection(ProjectConfigurationPlatforms) = postSolution
		{7FF1CE06-B5D9-4C90-9944-43E453C2BEB4}.Debug|x64.ActiveCfg = Debug|x64
		{7FF1CE06-B5D9-4C90-9944-43E453C2BEB4}.Debug|x64.Build.0 = Debug|x64
		{7FF1CE06-B5D9-4C90-9944-43E453C2BEB4}.Debug|x86.ActiveCfg = Debug|Win32
		{7FF1CE06-B5D9-4C90-9944-43E453C2BEB4}.Debug|x86.Build.0 = Debug|Win32
		{7FF1CE06-B5D9-4C90-9944-43E453C2BEB4}.Release|x64.ActiveCfg = Release|x64
		{7FF1CE06-B5D9-4C90-9944-43E453C2BEB4}.Release|x64.Build.0 = Release|x64
		{7FF1CE06-B5D9-4C90-9944-43E453C2BEB4}.Release|x86.ActiveCfg = Release|Win32
		{7FF1CE06-B5D9-4C90-9944-43E453C2BEB4}.Release|x86.Build.0 = Release|Win32
		{78B6DD6F-3328-4433-A32D-D86C18662CB3}.Debug|x64.ActiveCfg = Debug|x64
		{78B6DD6F-3328-4433-A32D-D86C18662CB3}.Debug|x64.Build.0 = Debug|x64
		{78B6DD6F-3328-4433-A32D-D86C18662CB3}.Debug|x86.ActiveCfg = Debug|Win32
		{78B6DD6F-3328-4433-A32D-D86C18662CB3}.Debug|x86.Build.0 = Debug|Win32
		{78B6DD6F-3328-4433-A32D-D86C18662CB3}.Release|x64.ActiveCfg = Release|x64
		{78B6DD6F-3328-4433-A32D-D86C18662CB3}.Release|x64.Build.0 = Release|x64
		{78B6DD6F-3328-4433-A32D-D86C18662CB3}.Release|x86.ActiveCfg = Release|Win32
		{78B6DD6F-3328-4433-A32D-D86C18662CB3}.Release|x86.Build.0 = Release|Win32
		{D9089CA2-A261-426D-BEA9-E747A1DB7EDF}.Debug|x64.ActiveCfg = Debug|x64
		{D9089CA2-A261-426D-BEA9-E747A1DB7EDF}.Debug|x64.Build.0 = Debug|x64
		{D9089CA2-A261-426D-BEA9-E747A1DB7EDF}.Debug|x86.ActiveCfg = Debug|Win32
		{D9089CA2-A261-426D-BEA9-E747A1DB7EDF}.Debug|x86.Build.0 = Debug|Win32
		{D9089CA2-A261-426D-BEA9-E747A1DB7EDF}.Release|x64.ActiveCfg = Release|x64
		{D9089CA2-A261-426D-BEA9-E747A1DB7EDF}.Release|x64.Build.0 = Release|x64
		{D9089CA2-A261-426D-BEA9-E747A1DB7EDF}.Release|x86.ActiveCfg = Release|Win32
		{D9089CA2-A261-426D-BEA9-E747A1DB7EDF}.Release|x86.Build.0 = Release|Win32
		{79424A6C-F6C3-4FE2-B158-89B3461C92F8}.Debug|x64.ActiveCfg = Debug|x64
		{79424A6C-F6C3-4FE2-B158-89B3461C92F8}.Debug|x64.Build.0 = Debug|x64
		{79424A6C-F6C3-4FE2-B158-89B3461C92F8}.Debug|x86.ActiveCfg = Debug|Win32
		{79424A6C-F6C3-4FE2-B158-89B3461C92F8}.Debug|x86.Build.0 = Debug|Win32
		{79424A6C-F6C3-4FE2-B158-89B3461C92F8}.Release|x64.ActiveCfg = Release|x64
		{79424A6C-F6C3-4FE2-B158-89B3461C92F8}.Release|x64.Build.0 = Release|x64
		{79424A6C-F6C3-4FE2-B158-89B3461C92F8}.Release|x86.ActiveCfg = Release|Win32
		{79424A6C-F6C3-4FE2-B158-89B3461C92F8}.Release|x86.Build.0 = Release|Win32
		{203717C4-F3CB-4564-B1E8-86DEC91DA777}.Debug|x64.ActiveCfg = Debug|x64
		{203717C4-F3CB-4564-B1E8-86DEC91DA777}.Debug|x64.Build.0 = Debug|x64
		{203717C4-F3CB-4564-B1E8-86DEC91DA777}.Debug|x86.ActiveCfg = Debug|Win32
		{203717C4-F3CB-4564-B1E8-86DEC91DA777}.Debug|x86.Build.0 = Debug|Win32
		{203717C4-F3CB-4564-B1E8-86DEC91DA777}.Release|x64.ActiveCfg = Release|x64
		{203717C4-F3CB-4564-B1E8-86DEC91DA777}.Release|x64.Build.0 = Release|x64
		{203717C4-F3CB-4564-B1E8-86DEC91DA777}.Release|x86.ActiveCfg = Release|Win32
		{203717C4-F3CB-4564-B1E8-86DEC91DA777}.Release|x86.Build.0 = Release|Win32
		{587856B2-77D2-44B2-8508-19952E665765}.Debug|x64.ActiveCfg = Debug|x64
		{587856B2-77D2-44B2-8508-19952E665765}.Debug|x64.Build.0 = Debug|x64
		{587856B2-77D2-44B2-8508-19952E665765}.Debug|x86.ActiveCfg = Debug|Win32
		{587856B2-77D2-44B2-8508-19952E665765}.Debug|x86.Build.0 = Debug|Win32
		{587856B2-77D2-44B2-8508-19952E665765}.Release|x64.ActiveCfg = Release|x64
		{587856B2-77D2-44B2-8508-19952E665765}.Release|x64.Build.0 = Release|x64
		{587856B2-77D2-44B2-8508-19952E665765}.Release|x86.ActiveCfg = Release|Win32
		{587856B2-77D2-44B2-8508-19952E665765}.Release|x86.Build.0 = Release|Win32
		{A831F5F0-AD82-468D-9912-FD3D4B950AED}.Debug|x64.ActiveCfg = Debug|x64
		{A831F5F0-AD82-468D-9912-FD3D4B950AED}.Debug|x64.Build.0 = Debug|x64
		{A831F5F0-AD82-468D-9912-FD3D4B950AED}.Debug|x86.ActiveCfg = Debug|Win32
		{A831F5F0-AD82-468D-9912-FD3D4B950AED}.Debug|x86.Build.0 = Debug|Win32
		{A831F5F0-AD82-468D-9912-FD3D4B950AED}.Release|x64.ActiveCfg = Release|x64
		{A831F5F0-AD82-468D-9912-FD3D4B950AED}.Release|x64.Build.0 = Release|x64
		{A831F5F0-AD82-468D-9912-FD3D4B950AED}.Release|x86.ActiveCfg = Release|Win32
		{A831F5F0-AD82-468D-9912-FD3D4B950AED}.Release|x86.Build.0 = Release|Win32
		{9F063E77-5669-4508-8100-887B6AD0B43D}.Debug|x64.ActiveCfg = Debug|x64
		{9F063E77-5669-4508-8100-887B6AD0B43D}.Debug|x64.Build.0 = Debug|x64
		{9F063E77-5669-4508-8100-887B6AD0B43D}.Debug|x86.ActiveCfg = Debug|Win32
		{9F063E77-5669-4508-8100-887B6AD0B43D}.Debug|x86.Build.0 = Debug|Win32
		{9F063E77-5669-4508-8100-887B6AD0B43D}.Release|x64.ActiveCfg = Release|x64
		{9F063E77-5669-4508-8100-887B6AD0B43D}.Release|x64.Build.0 = Release|x64
		{9F063E77-5669-4508-8100-887B6AD0B43D}.Release|x86.ActiveCfg = Release|Win32
		{9F063E77-5669-4508-8100-887B6AD0B43D}.Release|x86.Build.0 = Release|Win32
		{DFDEE007-5F3A-4B2B-955C-4FFD20C46E39}.Debug|x64.ActiveCfg = Debug|x64
		{DFDEE007-5F3A-4B2B-955C-4FFD20C46E39}.Debug|x64.Build.0 = Debug|x64
		{DFDEE007-5F3A-4B2B-955C-4FFD20C46E39}.Debug|x86.ActiveCfg = Debug|Win32
		{DFDEE007-5F3A-4B2B-955C-4FFD20C46E39}.Debug|x86.Build.0 = Debug|Win32
		{DFDEE007-5F3A-4B2B-955C-4FFD20C46E39}.Release|x64.ActiveCfg = Release|x64
		{DFDEE007-5F3A-4B2B-955C-4FFD20C46E39}.Release|x64.Build.0 = Release|x64
		{DFDEE007-5F3A-4B2B-955C-4FFD20C46E39}.Release|x86.ActiveCfg = Release|Win32
		{DFDEE007-5F3A-4B2B-955C-4FFD20C46E39}.Release|x86.Build.0 = Release|Win32
		{ABF2BE79-A748-45D5-A11E-E3C230718B64}.Debug|x64.ActiveCfg = Debug|x64
		{ABF2BE79-A748-45D5-A11E-E3C230718B64}.Debug|x64.Build.0 = Debug|x64
		{ABF2BE79-A748-45D5-A11E-E3C230718B64}.Debug|x86.ActiveCfg = Debug|Win32
		{ABF2BE79-A748-45D5-A11E-E3C230718B64}.Debug|x86.Build.0 = Debug|Win32
		{ABF2BE79-A748-45D5-A11E-E3C230718B64}.Release|x64.ActiveCfg = Release|x64
		{ABF2BE79-A748-45D5-A11E-E3C230718B64}.Release|x64.Build.0 = Release|x64
		{ABF2BE79-A748-45D5-A11E-E3C230718B64}.Release|x86.ActiveCfg = Release|Win32
		{ABF2BE79-A748-45D5-A11E-E3C230718B64}.Release|x86.Build.0 = Release|Win32
		{FFEBB07A-1DAA-4916-9F08-82F86F95BB46}.Debug|x64.ActiveCfg = Debug|x64
		{FFEBB07A-1DAA-4916-9F08-82F86F95BB46}.Debug|x64.Build.0 = Debug|x64
		{FFEBB07A-1DAA-4916-9F08-82F86F95BB46}.Debug|x86.ActiveCfg = Debug|Win32
		{FFEBB07A-1DAA-4916-9F08-82F86F95BB46}.Debug|x86.Build.0 = Debug|Win32
		{FFEBB07A-1DAA-4916-9F08-82F86F95BB46}.Release|x64.ActiveCfg = Release|x64
		{FFEBB07A-1DAA-4916-9F08-82F86F95BB46}.Release|x64.Build.0 = Release|x64
		{FFEBB07A-1DAA-4916-9F08-82F86F95BB46}.Release|x86.ActiveCfg = Release|Win32
		{FFEBB07A-1DAA-4916-9F08-82F86F95BB46}.Release|x86.Build.0 = Release|Win32
		{A4822AC2-10F6-417F-BE37-05BD9D5F6F42}.Debug|x64.ActiveCfg = Debug|x64
		{A4822AC2-10F6-417F-BE37-05BD9D5F6F42}.Debug|x64.Build.0 = Debug|x64
		{A4822AC2-10F6-417F-BE37-05BD9D5F6F42}.Debug|x86.ActiveCfg = Debug|Win32
		{A4822AC2-10F6-417F-BE37-05BD9D5F6F42}.Debug|x86.Build.0 = Debug|Win32
		{A4822AC2-10F6-417F-BE37-05BD9D5F6F42}.Release|x64.ActiveCfg = Release|x64
		{A4822AC2-10F6-417F-BE37-05BD9D5F6F42}.Release|x64.Build.0 = Release|x64
		{A4822AC2-10F6-417F-BE37-05BD9D5F6F42}.Release|x86.ActiveCfg = Release|Win32
		{A4822AC2-10F6-417F-BE37-05BD9D5F6F42}.Release|x86.Build.0 = Release|Win32
		{79324952-EB24-4DAB-BEAC-72B7E6CD9005}.Debug|x64.ActiveCfg = Debug|x64
		{79324952-EB24-4DAB-BEAC-72B7E6CD9005}.Debug|x64.Build.0 = Debug|x64
		{79324952-EB24-4DAB-BEAC-72B7E6CD9005}.Debug|x86.ActiveCfg = Debug|Win32
		{79324952-EB24-4DAB-BEAC-72B7E6CD9005}.Debug|x86.Build.0 = Debug|Win32
		{79324952-EB24-4DAB-BEAC-72B7E6CD9005}.Release|x64.ActiveCfg = Release|x64
		{79324952-EB24-4DAB-BEAC-72B7E6CD9005}.Release|x64.Build.0 = Release|x64
		{79324952-EB24-4DAB-BEAC-72B7E6CD9005}.Release|x86.ActiveCfg = Release|Win32
		{79324952-EB24-4DAB-BEAC-72B7E6CD9005}.Release|x86.Build.0 = Release|Win32
	EndGlobalSection
	GlobalSection(SolutionProperties) = preSolution
		HideSolutionNode = FALSE
	EndGlobalSection
	GlobalSection(ExtensibilityGlobals) = postSolution
		SolutionGuid = {2F035FAD-E9AD-496E-BB41-B67095D02460}
	EndGlobalSection
EndGlobal
