
Microsoft Visual Studio Solution File, Format Version 12.00
# Visual Studio Version 17
VisualStudioVersion = 17.7.34031.279
MinimumVisualStudioVersion = 10.0.40219.1
Project("{FAE04EC0-301F-11D3-BF4B-00C04F79EFBC}") = "WpfApp2", "WpfApp2\WpfApp2.csproj", "{0A331BAC-CAE3-4341-811B-4D22E1EAFF54}"
EndProject
Global
	GlobalSection(SolutionConfigurationPlatforms) = preSolution
		Debug|Any CPU = Debug|Any CPU
		Release|Any CPU = Release|Any CPU
	EndGlobalSection
	GlobalSection(ProjectConfigurationPlatforms) = postSolution
		{0A331BAC-CAE3-4341-811B-4D22E1EAFF54}.Debug|Any CPU.ActiveCfg = Debug|Any CPU
		{0A331BAC-CAE3-4341-811B-4D22E1EAFF54}.Debug|Any CPU.Build.0 = Debug|Any CPU
		{0A331BAC-CAE3-4341-811B-4D22E1EAFF54}.Release|Any CPU.ActiveCfg = Release|Any CPU
		{0A331BAC-CAE3-4341-811B-4D22E1EAFF54}.Release|Any CPU.Build.0 = Release|Any CPU
	EndGlobalSection
	GlobalSection(SolutionProperties) = preSolution
		HideSolutionNode = FALSE
	EndGlobalSection
	GlobalSection(ExtensibilityGlobals) = postSolution
		SolutionGuid = {13C601DA-DADF-4A6A-9AF5-83270CDDEAD5}
	EndGlobalSection
EndGlobal
