
Microsoft Visual Studio Solution File, Format Version 12.00
# Visual Studio Version 17
VisualStudioVersion = 17.5.33414.496
MinimumVisualStudioVersion = 10.0.40219.1
Project("{8BC9CEB8-8B4A-11D0-8D11-00A0C91BC942}") = "SoNguyenTo", "SoNguyenTo\SoNguyenTo.vcxproj", "{7BABD6E4-C170-4AB7-AD6F-88E8D0BF577F}"
EndProject
Project("{8BC9CEB8-8B4A-11D0-8D11-00A0C91BC942}") = "SoNguyenToSV2", "SoNguyenToSV2\SoNguyenToSV2.vcxproj", "{D9493D01-2A32-4C1E-B032-D6ED5E0BDA7A}"
EndProject
Project("{8BC9CEB8-8B4A-11D0-8D11-00A0C91BC942}") = "PhanTichThuaSoNT", "PhanTichThuaSoNT\PhanTichThuaSoNT.vcxproj", "{EC27050B-88AE-4499-99A9-5DFEF4056D31}"
EndProject
Project("{8BC9CEB8-8B4A-11D0-8D11-00A0C91BC942}") = "soNT2", "soNT2\soNT2.vcxproj", "{66035DAD-3F71-48A3-85FB-2511BFCE21F1}"
EndProject
Project("{8BC9CEB8-8B4A-11D0-8D11-00A0C91BC942}") = "PhanTichThuaSoNT2", "PhanTichThuaSoNT2\PhanTichThuaSoNT2.vcxproj", "{A896C40E-2C4D-43B7-9A62-6BF57DE59651}"
EndProject
Project("{8BC9CEB8-8B4A-11D0-8D11-00A0C91BC942}") = "Project1", "Project1\Project1.vcxproj", "{8B68B3C8-4379-42F5-B857-5EE7F56C3F49}"
EndProject
Project("{8BC9CEB8-8B4A-11D0-8D11-00A0C91BC942}") = "DemUoc2", "DemUoc2\DemUoc2.vcxproj", "{474AE514-358F-4AA3-91E1-25282511E99D}"
EndProject
Project("{8BC9CEB8-8B4A-11D0-8D11-00A0C91BC942}") = "DemUoc3", "DemUoc3\DemUoc3.vcxproj", "{0B179DAA-8EA2-4CFE-818A-95DB0FAB51E9}"
EndProject
Project("{8BC9CEB8-8B4A-11D0-8D11-00A0C91BC942}") = "DemUoc4", "DemUoc4\DemUoc4.vcxproj", "{9E8F7952-6582-4107-93FA-E7A29F9FA271}"
EndProject
Project("{8BC9CEB8-8B4A-11D0-8D11-00A0C91BC942}") = "TongUocSo1", "TongUocSo1\TongUocSo1.vcxproj", "{E4CE267E-5568-4BB7-A688-7D2400E66C68}"
EndProject
Project("{8BC9CEB8-8B4A-11D0-8D11-00A0C91BC942}") = "TongUocSo2", "TongUocSo2\TongUocSo2.vcxproj", "{546B48A9-C512-460B-B4A8-8A6764FB6C92}"
EndProject
Project("{8BC9CEB8-8B4A-11D0-8D11-00A0C91BC942}") = "TongSoUoc3", "TongSoUoc3\TongSoUoc3.vcxproj", "{A55D9BD1-5993-4783-B155-3AC024507B9F}"
EndProject
Project("{8BC9CEB8-8B4A-11D0-8D11-00A0C91BC942}") = "TongUocSo4", "TongUocSo4\TongUocSo4.vcxproj", "{399B0709-1609-486F-9AFF-52FD4C9797E5}"
EndProject
Project("{8BC9CEB8-8B4A-11D0-8D11-00A0C91BC942}") = "UCLN", "15_6_01\15_6_01.vcxproj", "{9DC3AB97-4912-4173-A2EC-22FE7CD0E34A}"
EndProject
Project("{8BC9CEB8-8B4A-11D0-8D11-00A0C91BC942}") = "UCLN1", "UCLN1\UCLN1.vcxproj", "{DB6A4690-DC00-41E3-A8F7-A45ED2C58043}"
EndProject
Project("{8BC9CEB8-8B4A-11D0-8D11-00A0C91BC942}") = "UCLN3", "UCLN3\UCLN3.vcxproj", "{09FD3892-7147-4D74-A01F-3C45479D310C}"
EndProject
Project("{8BC9CEB8-8B4A-11D0-8D11-00A0C91BC942}") = "BCNN1", "UCLN4\UCLN4.vcxproj", "{EFF62A2D-2C83-434C-88EB-2A6F8416D163}"
EndProject
Project("{8BC9CEB8-8B4A-11D0-8D11-00A0C91BC942}") = "BigNum", "BigNum\BigNum.vcxproj", "{5F68D234-1AA4-48F8-9DCD-1304CBD73DB7}"
EndProject
Project("{8BC9CEB8-8B4A-11D0-8D11-00A0C91BC942}") = "DemUocSoN!", "DemUocSoN!\DemUocSoN!.vcxproj", "{0138C3D9-4B1B-46F5-91EC-AC521C672E00}"
EndProject
Project("{8BC9CEB8-8B4A-11D0-8D11-00A0C91BC942}") = "BigNumTongUocSo", "BigNumTongUocSo\BigNumTongUocSo.vcxproj", "{B1084F1A-01CC-44F1-A2C8-43E666397446}"
EndProject
Global
	GlobalSection(SolutionConfigurationPlatforms) = preSolution
		Debug|x64 = Debug|x64
		Debug|x86 = Debug|x86
		Release|x64 = Release|x64
		Release|x86 = Release|x86
	EndGlobalSection
	GlobalSection(ProjectConfigurationPlatforms) = postSolution
		{7BABD6E4-C170-4AB7-AD6F-88E8D0BF577F}.Debug|x64.ActiveCfg = Debug|x64
		{7BABD6E4-C170-4AB7-AD6F-88E8D0BF577F}.Debug|x64.Build.0 = Debug|x64
		{7BABD6E4-C170-4AB7-AD6F-88E8D0BF577F}.Debug|x86.ActiveCfg = Debug|Win32
		{7BABD6E4-C170-4AB7-AD6F-88E8D0BF577F}.Debug|x86.Build.0 = Debug|Win32
		{7BABD6E4-C170-4AB7-AD6F-88E8D0BF577F}.Release|x64.ActiveCfg = Release|x64
		{7BABD6E4-C170-4AB7-AD6F-88E8D0BF577F}.Release|x64.Build.0 = Release|x64
		{7BABD6E4-C170-4AB7-AD6F-88E8D0BF577F}.Release|x86.ActiveCfg = Release|Win32
		{7BABD6E4-C170-4AB7-AD6F-88E8D0BF577F}.Release|x86.Build.0 = Release|Win32
		{D9493D01-2A32-4C1E-B032-D6ED5E0BDA7A}.Debug|x64.ActiveCfg = Debug|x64
		{D9493D01-2A32-4C1E-B032-D6ED5E0BDA7A}.Debug|x64.Build.0 = Debug|x64
		{D9493D01-2A32-4C1E-B032-D6ED5E0BDA7A}.Debug|x86.ActiveCfg = Debug|Win32
		{D9493D01-2A32-4C1E-B032-D6ED5E0BDA7A}.Debug|x86.Build.0 = Debug|Win32
		{D9493D01-2A32-4C1E-B032-D6ED5E0BDA7A}.Release|x64.ActiveCfg = Release|x64
		{D9493D01-2A32-4C1E-B032-D6ED5E0BDA7A}.Release|x64.Build.0 = Release|x64
		{D9493D01-2A32-4C1E-B032-D6ED5E0BDA7A}.Release|x86.ActiveCfg = Release|Win32
		{D9493D01-2A32-4C1E-B032-D6ED5E0BDA7A}.Release|x86.Build.0 = Release|Win32
		{EC27050B-88AE-4499-99A9-5DFEF4056D31}.Debug|x64.ActiveCfg = Debug|x64
		{EC27050B-88AE-4499-99A9-5DFEF4056D31}.Debug|x64.Build.0 = Debug|x64
		{EC27050B-88AE-4499-99A9-5DFEF4056D31}.Debug|x86.ActiveCfg = Debug|Win32
		{EC27050B-88AE-4499-99A9-5DFEF4056D31}.Debug|x86.Build.0 = Debug|Win32
		{EC27050B-88AE-4499-99A9-5DFEF4056D31}.Release|x64.ActiveCfg = Release|x64
		{EC27050B-88AE-4499-99A9-5DFEF4056D31}.Release|x64.Build.0 = Release|x64
		{EC27050B-88AE-4499-99A9-5DFEF4056D31}.Release|x86.ActiveCfg = Release|Win32
		{EC27050B-88AE-4499-99A9-5DFEF4056D31}.Release|x86.Build.0 = Release|Win32
		{66035DAD-3F71-48A3-85FB-2511BFCE21F1}.Debug|x64.ActiveCfg = Debug|x64
		{66035DAD-3F71-48A3-85FB-2511BFCE21F1}.Debug|x64.Build.0 = Debug|x64
		{66035DAD-3F71-48A3-85FB-2511BFCE21F1}.Debug|x86.ActiveCfg = Debug|Win32
		{66035DAD-3F71-48A3-85FB-2511BFCE21F1}.Debug|x86.Build.0 = Debug|Win32
		{66035DAD-3F71-48A3-85FB-2511BFCE21F1}.Release|x64.ActiveCfg = Release|x64
		{66035DAD-3F71-48A3-85FB-2511BFCE21F1}.Release|x64.Build.0 = Release|x64
		{66035DAD-3F71-48A3-85FB-2511BFCE21F1}.Release|x86.ActiveCfg = Release|Win32
		{66035DAD-3F71-48A3-85FB-2511BFCE21F1}.Release|x86.Build.0 = Release|Win32
		{A896C40E-2C4D-43B7-9A62-6BF57DE59651}.Debug|x64.ActiveCfg = Debug|x64
		{A896C40E-2C4D-43B7-9A62-6BF57DE59651}.Debug|x64.Build.0 = Debug|x64
		{A896C40E-2C4D-43B7-9A62-6BF57DE59651}.Debug|x86.ActiveCfg = Debug|Win32
		{A896C40E-2C4D-43B7-9A62-6BF57DE59651}.Debug|x86.Build.0 = Debug|Win32
		{A896C40E-2C4D-43B7-9A62-6BF57DE59651}.Release|x64.ActiveCfg = Release|x64
		{A896C40E-2C4D-43B7-9A62-6BF57DE59651}.Release|x64.Build.0 = Release|x64
		{A896C40E-2C4D-43B7-9A62-6BF57DE59651}.Release|x86.ActiveCfg = Release|Win32
		{A896C40E-2C4D-43B7-9A62-6BF57DE59651}.Release|x86.Build.0 = Release|Win32
		{8B68B3C8-4379-42F5-B857-5EE7F56C3F49}.Debug|x64.ActiveCfg = Debug|x64
		{8B68B3C8-4379-42F5-B857-5EE7F56C3F49}.Debug|x64.Build.0 = Debug|x64
		{8B68B3C8-4379-42F5-B857-5EE7F56C3F49}.Debug|x86.ActiveCfg = Debug|Win32
		{8B68B3C8-4379-42F5-B857-5EE7F56C3F49}.Debug|x86.Build.0 = Debug|Win32
		{8B68B3C8-4379-42F5-B857-5EE7F56C3F49}.Release|x64.ActiveCfg = Release|x64
		{8B68B3C8-4379-42F5-B857-5EE7F56C3F49}.Release|x64.Build.0 = Release|x64
		{8B68B3C8-4379-42F5-B857-5EE7F56C3F49}.Release|x86.ActiveCfg = Release|Win32
		{8B68B3C8-4379-42F5-B857-5EE7F56C3F49}.Release|x86.Build.0 = Release|Win32
		{474AE514-358F-4AA3-91E1-25282511E99D}.Debug|x64.ActiveCfg = Debug|x64
		{474AE514-358F-4AA3-91E1-25282511E99D}.Debug|x64.Build.0 = Debug|x64
		{474AE514-358F-4AA3-91E1-25282511E99D}.Debug|x86.ActiveCfg = Debug|Win32
		{474AE514-358F-4AA3-91E1-25282511E99D}.Debug|x86.Build.0 = Debug|Win32
		{474AE514-358F-4AA3-91E1-25282511E99D}.Release|x64.ActiveCfg = Release|x64
		{474AE514-358F-4AA3-91E1-25282511E99D}.Release|x64.Build.0 = Release|x64
		{474AE514-358F-4AA3-91E1-25282511E99D}.Release|x86.ActiveCfg = Release|Win32
		{474AE514-358F-4AA3-91E1-25282511E99D}.Release|x86.Build.0 = Release|Win32
		{0B179DAA-8EA2-4CFE-818A-95DB0FAB51E9}.Debug|x64.ActiveCfg = Debug|x64
		{0B179DAA-8EA2-4CFE-818A-95DB0FAB51E9}.Debug|x64.Build.0 = Debug|x64
		{0B179DAA-8EA2-4CFE-818A-95DB0FAB51E9}.Debug|x86.ActiveCfg = Debug|Win32
		{0B179DAA-8EA2-4CFE-818A-95DB0FAB51E9}.Debug|x86.Build.0 = Debug|Win32
		{0B179DAA-8EA2-4CFE-818A-95DB0FAB51E9}.Release|x64.ActiveCfg = Release|x64
		{0B179DAA-8EA2-4CFE-818A-95DB0FAB51E9}.Release|x64.Build.0 = Release|x64
		{0B179DAA-8EA2-4CFE-818A-95DB0FAB51E9}.Release|x86.ActiveCfg = Release|Win32
		{0B179DAA-8EA2-4CFE-818A-95DB0FAB51E9}.Release|x86.Build.0 = Release|Win32
		{9E8F7952-6582-4107-93FA-E7A29F9FA271}.Debug|x64.ActiveCfg = Debug|x64
		{9E8F7952-6582-4107-93FA-E7A29F9FA271}.Debug|x64.Build.0 = Debug|x64
		{9E8F7952-6582-4107-93FA-E7A29F9FA271}.Debug|x86.ActiveCfg = Debug|Win32
		{9E8F7952-6582-4107-93FA-E7A29F9FA271}.Debug|x86.Build.0 = Debug|Win32
		{9E8F7952-6582-4107-93FA-E7A29F9FA271}.Release|x64.ActiveCfg = Release|x64
		{9E8F7952-6582-4107-93FA-E7A29F9FA271}.Release|x64.Build.0 = Release|x64
		{9E8F7952-6582-4107-93FA-E7A29F9FA271}.Release|x86.ActiveCfg = Release|Win32
		{9E8F7952-6582-4107-93FA-E7A29F9FA271}.Release|x86.Build.0 = Release|Win32
		{E4CE267E-5568-4BB7-A688-7D2400E66C68}.Debug|x64.ActiveCfg = Debug|x64
		{E4CE267E-5568-4BB7-A688-7D2400E66C68}.Debug|x64.Build.0 = Debug|x64
		{E4CE267E-5568-4BB7-A688-7D2400E66C68}.Debug|x86.ActiveCfg = Debug|Win32
		{E4CE267E-5568-4BB7-A688-7D2400E66C68}.Debug|x86.Build.0 = Debug|Win32
		{E4CE267E-5568-4BB7-A688-7D2400E66C68}.Release|x64.ActiveCfg = Release|x64
		{E4CE267E-5568-4BB7-A688-7D2400E66C68}.Release|x64.Build.0 = Release|x64
		{E4CE267E-5568-4BB7-A688-7D2400E66C68}.Release|x86.ActiveCfg = Release|Win32
		{E4CE267E-5568-4BB7-A688-7D2400E66C68}.Release|x86.Build.0 = Release|Win32
		{546B48A9-C512-460B-B4A8-8A6764FB6C92}.Debug|x64.ActiveCfg = Debug|x64
		{546B48A9-C512-460B-B4A8-8A6764FB6C92}.Debug|x64.Build.0 = Debug|x64
		{546B48A9-C512-460B-B4A8-8A6764FB6C92}.Debug|x86.ActiveCfg = Debug|Win32
		{546B48A9-C512-460B-B4A8-8A6764FB6C92}.Debug|x86.Build.0 = Debug|Win32
		{546B48A9-C512-460B-B4A8-8A6764FB6C92}.Release|x64.ActiveCfg = Release|x64
		{546B48A9-C512-460B-B4A8-8A6764FB6C92}.Release|x64.Build.0 = Release|x64
		{546B48A9-C512-460B-B4A8-8A6764FB6C92}.Release|x86.ActiveCfg = Release|Win32
		{546B48A9-C512-460B-B4A8-8A6764FB6C92}.Release|x86.Build.0 = Release|Win32
		{A55D9BD1-5993-4783-B155-3AC024507B9F}.Debug|x64.ActiveCfg = Debug|x64
		{A55D9BD1-5993-4783-B155-3AC024507B9F}.Debug|x64.Build.0 = Debug|x64
		{A55D9BD1-5993-4783-B155-3AC024507B9F}.Debug|x86.ActiveCfg = Debug|Win32
		{A55D9BD1-5993-4783-B155-3AC024507B9F}.Debug|x86.Build.0 = Debug|Win32
		{A55D9BD1-5993-4783-B155-3AC024507B9F}.Release|x64.ActiveCfg = Release|x64
		{A55D9BD1-5993-4783-B155-3AC024507B9F}.Release|x64.Build.0 = Release|x64
		{A55D9BD1-5993-4783-B155-3AC024507B9F}.Release|x86.ActiveCfg = Release|Win32
		{A55D9BD1-5993-4783-B155-3AC024507B9F}.Release|x86.Build.0 = Release|Win32
		{399B0709-1609-486F-9AFF-52FD4C9797E5}.Debug|x64.ActiveCfg = Debug|x64
		{399B0709-1609-486F-9AFF-52FD4C9797E5}.Debug|x64.Build.0 = Debug|x64
		{399B0709-1609-486F-9AFF-52FD4C9797E5}.Debug|x86.ActiveCfg = Debug|Win32
		{399B0709-1609-486F-9AFF-52FD4C9797E5}.Debug|x86.Build.0 = Debug|Win32
		{399B0709-1609-486F-9AFF-52FD4C9797E5}.Release|x64.ActiveCfg = Release|x64
		{399B0709-1609-486F-9AFF-52FD4C9797E5}.Release|x64.Build.0 = Release|x64
		{399B0709-1609-486F-9AFF-52FD4C9797E5}.Release|x86.ActiveCfg = Release|Win32
		{399B0709-1609-486F-9AFF-52FD4C9797E5}.Release|x86.Build.0 = Release|Win32
		{9DC3AB97-4912-4173-A2EC-22FE7CD0E34A}.Debug|x64.ActiveCfg = Debug|x64
		{9DC3AB97-4912-4173-A2EC-22FE7CD0E34A}.Debug|x64.Build.0 = Debug|x64
		{9DC3AB97-4912-4173-A2EC-22FE7CD0E34A}.Debug|x86.ActiveCfg = Debug|Win32
		{9DC3AB97-4912-4173-A2EC-22FE7CD0E34A}.Debug|x86.Build.0 = Debug|Win32
		{9DC3AB97-4912-4173-A2EC-22FE7CD0E34A}.Release|x64.ActiveCfg = Release|x64
		{9DC3AB97-4912-4173-A2EC-22FE7CD0E34A}.Release|x64.Build.0 = Release|x64
		{9DC3AB97-4912-4173-A2EC-22FE7CD0E34A}.Release|x86.ActiveCfg = Release|Win32
		{9DC3AB97-4912-4173-A2EC-22FE7CD0E34A}.Release|x86.Build.0 = Release|Win32
		{DB6A4690-DC00-41E3-A8F7-A45ED2C58043}.Debug|x64.ActiveCfg = Debug|x64
		{DB6A4690-DC00-41E3-A8F7-A45ED2C58043}.Debug|x64.Build.0 = Debug|x64
		{DB6A4690-DC00-41E3-A8F7-A45ED2C58043}.Debug|x86.ActiveCfg = Debug|Win32
		{DB6A4690-DC00-41E3-A8F7-A45ED2C58043}.Debug|x86.Build.0 = Debug|Win32
		{DB6A4690-DC00-41E3-A8F7-A45ED2C58043}.Release|x64.ActiveCfg = Release|x64
		{DB6A4690-DC00-41E3-A8F7-A45ED2C58043}.Release|x64.Build.0 = Release|x64
		{DB6A4690-DC00-41E3-A8F7-A45ED2C58043}.Release|x86.ActiveCfg = Release|Win32
		{DB6A4690-DC00-41E3-A8F7-A45ED2C58043}.Release|x86.Build.0 = Release|Win32
		{09FD3892-7147-4D74-A01F-3C45479D310C}.Debug|x64.ActiveCfg = Debug|x64
		{09FD3892-7147-4D74-A01F-3C45479D310C}.Debug|x64.Build.0 = Debug|x64
		{09FD3892-7147-4D74-A01F-3C45479D310C}.Debug|x86.ActiveCfg = Debug|Win32
		{09FD3892-7147-4D74-A01F-3C45479D310C}.Debug|x86.Build.0 = Debug|Win32
		{09FD3892-7147-4D74-A01F-3C45479D310C}.Release|x64.ActiveCfg = Release|x64
		{09FD3892-7147-4D74-A01F-3C45479D310C}.Release|x64.Build.0 = Release|x64
		{09FD3892-7147-4D74-A01F-3C45479D310C}.Release|x86.ActiveCfg = Release|Win32
		{09FD3892-7147-4D74-A01F-3C45479D310C}.Release|x86.Build.0 = Release|Win32
		{EFF62A2D-2C83-434C-88EB-2A6F8416D163}.Debug|x64.ActiveCfg = Debug|x64
		{EFF62A2D-2C83-434C-88EB-2A6F8416D163}.Debug|x64.Build.0 = Debug|x64
		{EFF62A2D-2C83-434C-88EB-2A6F8416D163}.Debug|x86.ActiveCfg = Debug|Win32
		{EFF62A2D-2C83-434C-88EB-2A6F8416D163}.Debug|x86.Build.0 = Debug|Win32
		{EFF62A2D-2C83-434C-88EB-2A6F8416D163}.Release|x64.ActiveCfg = Release|x64
		{EFF62A2D-2C83-434C-88EB-2A6F8416D163}.Release|x64.Build.0 = Release|x64
		{EFF62A2D-2C83-434C-88EB-2A6F8416D163}.Release|x86.ActiveCfg = Release|Win32
		{EFF62A2D-2C83-434C-88EB-2A6F8416D163}.Release|x86.Build.0 = Release|Win32
		{5F68D234-1AA4-48F8-9DCD-1304CBD73DB7}.Debug|x64.ActiveCfg = Debug|x64
		{5F68D234-1AA4-48F8-9DCD-1304CBD73DB7}.Debug|x64.Build.0 = Debug|x64
		{5F68D234-1AA4-48F8-9DCD-1304CBD73DB7}.Debug|x86.ActiveCfg = Debug|Win32
		{5F68D234-1AA4-48F8-9DCD-1304CBD73DB7}.Debug|x86.Build.0 = Debug|Win32
		{5F68D234-1AA4-48F8-9DCD-1304CBD73DB7}.Release|x64.ActiveCfg = Release|x64
		{5F68D234-1AA4-48F8-9DCD-1304CBD73DB7}.Release|x64.Build.0 = Release|x64
		{5F68D234-1AA4-48F8-9DCD-1304CBD73DB7}.Release|x86.ActiveCfg = Release|Win32
		{5F68D234-1AA4-48F8-9DCD-1304CBD73DB7}.Release|x86.Build.0 = Release|Win32
		{0138C3D9-4B1B-46F5-91EC-AC521C672E00}.Debug|x64.ActiveCfg = Debug|x64
		{0138C3D9-4B1B-46F5-91EC-AC521C672E00}.Debug|x64.Build.0 = Debug|x64
		{0138C3D9-4B1B-46F5-91EC-AC521C672E00}.Debug|x86.ActiveCfg = Debug|Win32
		{0138C3D9-4B1B-46F5-91EC-AC521C672E00}.Debug|x86.Build.0 = Debug|Win32
		{0138C3D9-4B1B-46F5-91EC-AC521C672E00}.Release|x64.ActiveCfg = Release|x64
		{0138C3D9-4B1B-46F5-91EC-AC521C672E00}.Release|x64.Build.0 = Release|x64
		{0138C3D9-4B1B-46F5-91EC-AC521C672E00}.Release|x86.ActiveCfg = Release|Win32
		{0138C3D9-4B1B-46F5-91EC-AC521C672E00}.Release|x86.Build.0 = Release|Win32
		{B1084F1A-01CC-44F1-A2C8-43E666397446}.Debug|x64.ActiveCfg = Debug|x64
		{B1084F1A-01CC-44F1-A2C8-43E666397446}.Debug|x64.Build.0 = Debug|x64
		{B1084F1A-01CC-44F1-A2C8-43E666397446}.Debug|x86.ActiveCfg = Debug|Win32
		{B1084F1A-01CC-44F1-A2C8-43E666397446}.Debug|x86.Build.0 = Debug|Win32
		{B1084F1A-01CC-44F1-A2C8-43E666397446}.Release|x64.ActiveCfg = Release|x64
		{B1084F1A-01CC-44F1-A2C8-43E666397446}.Release|x64.Build.0 = Release|x64
		{B1084F1A-01CC-44F1-A2C8-43E666397446}.Release|x86.ActiveCfg = Release|Win32
		{B1084F1A-01CC-44F1-A2C8-43E666397446}.Release|x86.Build.0 = Release|Win32
	EndGlobalSection
	GlobalSection(SolutionProperties) = preSolution
		HideSolutionNode = FALSE
	EndGlobalSection
	GlobalSection(ExtensibilityGlobals) = postSolution
		SolutionGuid = {1694959A-B8CA-4AC9-8533-E5AFD0737ABE}
	EndGlobalSection
EndGlobal
