
Microsoft Visual Studio Solution File, Format Version 12.00
# Visual Studio Version 17
VisualStudioVersion = 17.7.34031.279
MinimumVisualStudioVersion = 10.0.40219.1
Project("{FAE04EC0-301F-11D3-BF4B-00C04F79EFBC}") = "WpfApp3", "WpfApp3\WpfApp3.csproj", "{B60CD734-845B-4909-A68D-4D19484B3C54}"
EndProject
Global
	GlobalSection(SolutionConfigurationPlatforms) = preSolution
		Debug|Any CPU = Debug|Any CPU
		Release|Any CPU = Release|Any CPU
	EndGlobalSection
	GlobalSection(ProjectConfigurationPlatforms) = postSolution
		{B60CD734-845B-4909-A68D-4D19484B3C54}.Debug|Any CPU.ActiveCfg = Debug|Any CPU
		{B60CD734-845B-4909-A68D-4D19484B3C54}.Debug|Any CPU.Build.0 = Debug|Any CPU
		{B60CD734-845B-4909-A68D-4D19484B3C54}.Release|Any CPU.ActiveCfg = Release|Any CPU
		{B60CD734-845B-4909-A68D-4D19484B3C54}.Release|Any CPU.Build.0 = Release|Any CPU
	EndGlobalSection
	GlobalSection(SolutionProperties) = preSolution
		HideSolutionNode = FALSE
	EndGlobalSection
	GlobalSection(ExtensibilityGlobals) = postSolution
		SolutionGuid = {5E277D12-0731-45D1-AB84-5237BC6850F4}
	EndGlobalSection
EndGlobal
