
Microsoft Visual Studio Solution File, Format Version 12.00
# Visual Studio Version 17
VisualStudioVersion = 17.6.33829.357
MinimumVisualStudioVersion = 10.0.40219.1
Project("{FAE04EC0-301F-11D3-BF4B-00C04F79EFBC}") = "LyThuyetTuan_3", "LyThuyetTuan_3\LyThuyetTuan_3.csproj", "{7E9B8038-B58E-4881-BFF1-B9A9CE57DFA2}"
EndProject
Global
	GlobalSection(SolutionConfigurationPlatforms) = preSolution
		Debug|Any CPU = Debug|Any CPU
		Release|Any CPU = Release|Any CPU
	EndGlobalSection
	GlobalSection(ProjectConfigurationPlatforms) = postSolution
		{7E9B8038-B58E-4881-BFF1-B9A9CE57DFA2}.Debug|Any CPU.ActiveCfg = Debug|Any CPU
		{7E9B8038-B58E-4881-BFF1-B9A9CE57DFA2}.Debug|Any CPU.Build.0 = Debug|Any CPU
		{7E9B8038-B58E-4881-BFF1-B9A9CE57DFA2}.Release|Any CPU.ActiveCfg = Release|Any CPU
		{7E9B8038-B58E-4881-BFF1-B9A9CE57DFA2}.Release|Any CPU.Build.0 = Release|Any CPU
	EndGlobalSection
	GlobalSection(SolutionProperties) = preSolution
		HideSolutionNode = FALSE
	EndGlobalSection
	GlobalSection(ExtensibilityGlobals) = postSolution
		SolutionGuid = {7EE5A648-8FDB-4048-AD2A-19962D571AD6}
	EndGlobalSection
EndGlobal
