
Microsoft Visual Studio Solution File, Format Version 12.00
# Visual Studio Version 17
VisualStudioVersion = 17.5.33414.496
MinimumVisualStudioVersion = 10.0.40219.1
Project("{8BC9CEB8-8B4A-11D0-8D11-00A0C91BC942}") = "Cau2_THTL", "Cau2_THTL\Cau2_THTL.vcxproj", "{D921C908-BC16-4D0A-8EB0-AE4499F3974D}"
EndProject
Project("{8BC9CEB8-8B4A-11D0-8D11-00A0C91BC942}") = "Cau3_THTL", "Cau3_THTL\Cau3_THTL.vcxproj", "{A80CA1A3-577B-4243-B651-1359A95C9A95}"
EndProject
Project("{8BC9CEB8-8B4A-11D0-8D11-00A0C91BC942}") = "Cau1_THTL", "Cau1_THTL\Cau1_THTL.vcxproj", "{1F97097E-A847-4B72-B1A1-A40CCE32F457}"
EndProject
Project("{8BC9CEB8-8B4A-11D0-8D11-00A0C91BC942}") = "Cau3_BTTH", "Cau3_BTTH\Cau3_BTTH.vcxproj", "{BF61970B-DDF6-4AE6-B4F6-B3E62A909E68}"
EndProject
Project("{8BC9CEB8-8B4A-11D0-8D11-00A0C91BC942}") = "Cau4_BTTH", "Cau4_BTTH\Cau4_BTTH.vcxproj", "{85F1F86F-70B5-482C-9186-A0DD6181F89D}"
EndProject
Project("{8BC9CEB8-8B4A-11D0-8D11-00A0C91BC942}") = "Cau4_BTTH_SOSANH", "Cau4_BTTH_SOSANH\Cau4_BTTH_SOSANH.vcxproj", "{5951396B-FECB-452C-99EE-7A9EA54992A6}"
EndProject
Project("{8BC9CEB8-8B4A-11D0-8D11-00A0C91BC942}") = "Cau7_BTTH", "Cau7_BTTH\Cau7_BTTH.vcxproj", "{07A6CA52-8E7E-41D8-A9F7-424E83418D55}"
EndProject
Project("{8BC9CEB8-8B4A-11D0-8D11-00A0C91BC942}") = "Cau10_BTTH", "Cau10_BTTH\Cau10_BTTH.vcxproj", "{04D758A6-6AC7-4C77-BD3C-4342D3E7C61C}"
EndProject
Project("{8BC9CEB8-8B4A-11D0-8D11-00A0C91BC942}") = "Cau11_BTTH", "Cau11_BTTH\Cau11_BTTH.vcxproj", "{25CB01E6-AA33-4093-B87D-E6517DBBA7E3}"
EndProject
Project("{8BC9CEB8-8B4A-11D0-8D11-00A0C91BC942}") = "Cau6_BTTH", "Cau6_BTTH\Cau6_BTTH.vcxproj", "{00348177-C657-4252-B58F-CF237C9BE81D}"
EndProject
Project("{8BC9CEB8-8B4A-11D0-8D11-00A0C91BC942}") = "Cau5_BTTH", "Cau5_BTTH\Cau5_BTTH.vcxproj", "{06459556-C49D-4AD8-A97C-4A9A6A981C84}"
EndProject
Project("{8BC9CEB8-8B4A-11D0-8D11-00A0C91BC942}") = "Cau12_BTTH", "Cau12_BTTH\Cau12_BTTH.vcxproj", "{16818728-865B-4079-9C78-41B4E9C8AE0E}"
EndProject
Global
	GlobalSection(SolutionConfigurationPlatforms) = preSolution
		Debug|x64 = Debug|x64
		Debug|x86 = Debug|x86
		Release|x64 = Release|x64
		Release|x86 = Release|x86
	EndGlobalSection
	GlobalSection(ProjectConfigurationPlatforms) = postSolution
		{D921C908-BC16-4D0A-8EB0-AE4499F3974D}.Debug|x64.ActiveCfg = Debug|x64
		{D921C908-BC16-4D0A-8EB0-AE4499F3974D}.Debug|x64.Build.0 = Debug|x64
		{D921C908-BC16-4D0A-8EB0-AE4499F3974D}.Debug|x86.ActiveCfg = Debug|Win32
		{D921C908-BC16-4D0A-8EB0-AE4499F3974D}.Debug|x86.Build.0 = Debug|Win32
		{D921C908-BC16-4D0A-8EB0-AE4499F3974D}.Release|x64.ActiveCfg = Release|x64
		{D921C908-BC16-4D0A-8EB0-AE4499F3974D}.Release|x64.Build.0 = Release|x64
		{D921C908-BC16-4D0A-8EB0-AE4499F3974D}.Release|x86.ActiveCfg = Release|Win32
		{D921C908-BC16-4D0A-8EB0-AE4499F3974D}.Release|x86.Build.0 = Release|Win32
		{A80CA1A3-577B-4243-B651-1359A95C9A95}.Debug|x64.ActiveCfg = Debug|x64
		{A80CA1A3-577B-4243-B651-1359A95C9A95}.Debug|x64.Build.0 = Debug|x64
		{A80CA1A3-577B-4243-B651-1359A95C9A95}.Debug|x86.ActiveCfg = Debug|Win32
		{A80CA1A3-577B-4243-B651-1359A95C9A95}.Debug|x86.Build.0 = Debug|Win32
		{A80CA1A3-577B-4243-B651-1359A95C9A95}.Release|x64.ActiveCfg = Release|x64
		{A80CA1A3-577B-4243-B651-1359A95C9A95}.Release|x64.Build.0 = Release|x64
		{A80CA1A3-577B-4243-B651-1359A95C9A95}.Release|x86.ActiveCfg = Release|Win32
		{A80CA1A3-577B-4243-B651-1359A95C9A95}.Release|x86.Build.0 = Release|Win32
		{1F97097E-A847-4B72-B1A1-A40CCE32F457}.Debug|x64.ActiveCfg = Debug|x64
		{1F97097E-A847-4B72-B1A1-A40CCE32F457}.Debug|x64.Build.0 = Debug|x64
		{1F97097E-A847-4B72-B1A1-A40CCE32F457}.Debug|x86.ActiveCfg = Debug|Win32
		{1F97097E-A847-4B72-B1A1-A40CCE32F457}.Debug|x86.Build.0 = Debug|Win32
		{1F97097E-A847-4B72-B1A1-A40CCE32F457}.Release|x64.ActiveCfg = Release|x64
		{1F97097E-A847-4B72-B1A1-A40CCE32F457}.Release|x64.Build.0 = Release|x64
		{1F97097E-A847-4B72-B1A1-A40CCE32F457}.Release|x86.ActiveCfg = Release|Win32
		{1F97097E-A847-4B72-B1A1-A40CCE32F457}.Release|x86.Build.0 = Release|Win32
		{BF61970B-DDF6-4AE6-B4F6-B3E62A909E68}.Debug|x64.ActiveCfg = Debug|x64
		{BF61970B-DDF6-4AE6-B4F6-B3E62A909E68}.Debug|x64.Build.0 = Debug|x64
		{BF61970B-DDF6-4AE6-B4F6-B3E62A909E68}.Debug|x86.ActiveCfg = Debug|Win32
		{BF61970B-DDF6-4AE6-B4F6-B3E62A909E68}.Debug|x86.Build.0 = Debug|Win32
		{BF61970B-DDF6-4AE6-B4F6-B3E62A909E68}.Release|x64.ActiveCfg = Release|x64
		{BF61970B-DDF6-4AE6-B4F6-B3E62A909E68}.Release|x64.Build.0 = Release|x64
		{BF61970B-DDF6-4AE6-B4F6-B3E62A909E68}.Release|x86.ActiveCfg = Release|Win32
		{BF61970B-DDF6-4AE6-B4F6-B3E62A909E68}.Release|x86.Build.0 = Release|Win32
		{85F1F86F-70B5-482C-9186-A0DD6181F89D}.Debug|x64.ActiveCfg = Debug|x64
		{85F1F86F-70B5-482C-9186-A0DD6181F89D}.Debug|x64.Build.0 = Debug|x64
		{85F1F86F-70B5-482C-9186-A0DD6181F89D}.Debug|x86.ActiveCfg = Debug|Win32
		{85F1F86F-70B5-482C-9186-A0DD6181F89D}.Debug|x86.Build.0 = Debug|Win32
		{85F1F86F-70B5-482C-9186-A0DD6181F89D}.Release|x64.ActiveCfg = Release|x64
		{85F1F86F-70B5-482C-9186-A0DD6181F89D}.Release|x64.Build.0 = Release|x64
		{85F1F86F-70B5-482C-9186-A0DD6181F89D}.Release|x86.ActiveCfg = Release|Win32
		{85F1F86F-70B5-482C-9186-A0DD6181F89D}.Release|x86.Build.0 = Release|Win32
		{5951396B-FECB-452C-99EE-7A9EA54992A6}.Debug|x64.ActiveCfg = Debug|x64
		{5951396B-FECB-452C-99EE-7A9EA54992A6}.Debug|x64.Build.0 = Debug|x64
		{5951396B-FECB-452C-99EE-7A9EA54992A6}.Debug|x86.ActiveCfg = Debug|Win32
		{5951396B-FECB-452C-99EE-7A9EA54992A6}.Debug|x86.Build.0 = Debug|Win32
		{5951396B-FECB-452C-99EE-7A9EA54992A6}.Release|x64.ActiveCfg = Release|x64
		{5951396B-FECB-452C-99EE-7A9EA54992A6}.Release|x64.Build.0 = Release|x64
		{5951396B-FECB-452C-99EE-7A9EA54992A6}.Release|x86.ActiveCfg = Release|Win32
		{5951396B-FECB-452C-99EE-7A9EA54992A6}.Release|x86.Build.0 = Release|Win32
		{07A6CA52-8E7E-41D8-A9F7-424E83418D55}.Debug|x64.ActiveCfg = Debug|x64
		{07A6CA52-8E7E-41D8-A9F7-424E83418D55}.Debug|x64.Build.0 = Debug|x64
		{07A6CA52-8E7E-41D8-A9F7-424E83418D55}.Debug|x86.ActiveCfg = Debug|Win32
		{07A6CA52-8E7E-41D8-A9F7-424E83418D55}.Debug|x86.Build.0 = Debug|Win32
		{07A6CA52-8E7E-41D8-A9F7-424E83418D55}.Release|x64.ActiveCfg = Release|x64
		{07A6CA52-8E7E-41D8-A9F7-424E83418D55}.Release|x64.Build.0 = Release|x64
		{07A6CA52-8E7E-41D8-A9F7-424E83418D55}.Release|x86.ActiveCfg = Release|Win32
		{07A6CA52-8E7E-41D8-A9F7-424E83418D55}.Release|x86.Build.0 = Release|Win32
		{04D758A6-6AC7-4C77-BD3C-4342D3E7C61C}.Debug|x64.ActiveCfg = Debug|x64
		{04D758A6-6AC7-4C77-BD3C-4342D3E7C61C}.Debug|x64.Build.0 = Debug|x64
		{04D758A6-6AC7-4C77-BD3C-4342D3E7C61C}.Debug|x86.ActiveCfg = Debug|Win32
		{04D758A6-6AC7-4C77-BD3C-4342D3E7C61C}.Debug|x86.Build.0 = Debug|Win32
		{04D758A6-6AC7-4C77-BD3C-4342D3E7C61C}.Release|x64.ActiveCfg = Release|x64
		{04D758A6-6AC7-4C77-BD3C-4342D3E7C61C}.Release|x64.Build.0 = Release|x64
		{04D758A6-6AC7-4C77-BD3C-4342D3E7C61C}.Release|x86.ActiveCfg = Release|Win32
		{04D758A6-6AC7-4C77-BD3C-4342D3E7C61C}.Release|x86.Build.0 = Release|Win32
		{25CB01E6-AA33-4093-B87D-E6517DBBA7E3}.Debug|x64.ActiveCfg = Debug|x64
		{25CB01E6-AA33-4093-B87D-E6517DBBA7E3}.Debug|x64.Build.0 = Debug|x64
		{25CB01E6-AA33-4093-B87D-E6517DBBA7E3}.Debug|x86.ActiveCfg = Debug|Win32
		{25CB01E6-AA33-4093-B87D-E6517DBBA7E3}.Debug|x86.Build.0 = Debug|Win32
		{25CB01E6-AA33-4093-B87D-E6517DBBA7E3}.Release|x64.ActiveCfg = Release|x64
		{25CB01E6-AA33-4093-B87D-E6517DBBA7E3}.Release|x64.Build.0 = Release|x64
		{25CB01E6-AA33-4093-B87D-E6517DBBA7E3}.Release|x86.ActiveCfg = Release|Win32
		{25CB01E6-AA33-4093-B87D-E6517DBBA7E3}.Release|x86.Build.0 = Release|Win32
		{00348177-C657-4252-B58F-CF237C9BE81D}.Debug|x64.ActiveCfg = Debug|x64
		{00348177-C657-4252-B58F-CF237C9BE81D}.Debug|x64.Build.0 = Debug|x64
		{00348177-C657-4252-B58F-CF237C9BE81D}.Debug|x86.ActiveCfg = Debug|Win32
		{00348177-C657-4252-B58F-CF237C9BE81D}.Debug|x86.Build.0 = Debug|Win32
		{00348177-C657-4252-B58F-CF237C9BE81D}.Release|x64.ActiveCfg = Release|x64
		{00348177-C657-4252-B58F-CF237C9BE81D}.Release|x64.Build.0 = Release|x64
		{00348177-C657-4252-B58F-CF237C9BE81D}.Release|x86.ActiveCfg = Release|Win32
		{00348177-C657-4252-B58F-CF237C9BE81D}.Release|x86.Build.0 = Release|Win32
		{06459556-C49D-4AD8-A97C-4A9A6A981C84}.Debug|x64.ActiveCfg = Debug|x64
		{06459556-C49D-4AD8-A97C-4A9A6A981C84}.Debug|x64.Build.0 = Debug|x64
		{06459556-C49D-4AD8-A97C-4A9A6A981C84}.Debug|x86.ActiveCfg = Debug|Win32
		{06459556-C49D-4AD8-A97C-4A9A6A981C84}.Debug|x86.Build.0 = Debug|Win32
		{06459556-C49D-4AD8-A97C-4A9A6A981C84}.Release|x64.ActiveCfg = Release|x64
		{06459556-C49D-4AD8-A97C-4A9A6A981C84}.Release|x64.Build.0 = Release|x64
		{06459556-C49D-4AD8-A97C-4A9A6A981C84}.Release|x86.ActiveCfg = Release|Win32
		{06459556-C49D-4AD8-A97C-4A9A6A981C84}.Release|x86.Build.0 = Release|Win32
		{16818728-865B-4079-9C78-41B4E9C8AE0E}.Debug|x64.ActiveCfg = Debug|x64
		{16818728-865B-4079-9C78-41B4E9C8AE0E}.Debug|x64.Build.0 = Debug|x64
		{16818728-865B-4079-9C78-41B4E9C8AE0E}.Debug|x86.ActiveCfg = Debug|Win32
		{16818728-865B-4079-9C78-41B4E9C8AE0E}.Debug|x86.Build.0 = Debug|Win32
		{16818728-865B-4079-9C78-41B4E9C8AE0E}.Release|x64.ActiveCfg = Release|x64
		{16818728-865B-4079-9C78-41B4E9C8AE0E}.Release|x64.Build.0 = Release|x64
		{16818728-865B-4079-9C78-41B4E9C8AE0E}.Release|x86.ActiveCfg = Release|Win32
		{16818728-865B-4079-9C78-41B4E9C8AE0E}.Release|x86.Build.0 = Release|Win32
	EndGlobalSection
	GlobalSection(SolutionProperties) = preSolution
		HideSolutionNode = FALSE
	EndGlobalSection
	GlobalSection(ExtensibilityGlobals) = postSolution
		SolutionGuid = {3580F645-5B38-4115-9C56-B789A72F1A8A}
	EndGlobalSection
EndGlobal
