
Microsoft Visual Studio Solution File, Format Version 12.00
# Visual Studio Version 17
VisualStudioVersion = 17.5.33414.496
MinimumVisualStudioVersion = 10.0.40219.1
Project("{8BC9CEB8-8B4A-11D0-8D11-00A0C91BC942}") = "Cau1_T04", "Cau1_T04\Cau1_T04.vcxproj", "{E7026FAE-EA9A-4004-8E37-6C1EF12DE5AD}"
EndProject
Project("{8BC9CEB8-8B4A-11D0-8D11-00A0C91BC942}") = "Cau2_T4", "Cau2_T4\Cau2_T4.vcxproj", "{7516120E-44FC-4D2E-B79F-668F2281FAD4}"
EndProject
Project("{8BC9CEB8-8B4A-11D0-8D11-00A0C91BC942}") = "Cau3_T4", "Cau3_T4\Cau3_T4.vcxproj", "{93A2115F-288D-417B-A9E6-F6B2218F5C88}"
EndProject
Project("{8BC9CEB8-8B4A-11D0-8D11-00A0C91BC942}") = "Cau4_T4", "Cau4_T4\Cau4_T4.vcxproj", "{48207F35-C14F-4066-B743-1AA64A712F01}"
EndProject
Project("{8BC9CEB8-8B4A-11D0-8D11-00A0C91BC942}") = "Cau1_T7", "Cau1_T7\Cau1_T7.vcxproj", "{82551210-BB93-4E84-9E15-29B66C18AC54}"
EndProject
Project("{8BC9CEB8-8B4A-11D0-8D11-00A0C91BC942}") = "Cau2_T7", "Cau2_T7\Cau2_T7.vcxproj", "{78822E7C-5882-43AC-9FF9-FF95FE4ACAA3}"
EndProject
Project("{8BC9CEB8-8B4A-11D0-8D11-00A0C91BC942}") = "Cau3_T7", "Cau3_T7\Cau3_T7.vcxproj", "{31FA547B-EAD4-4158-8CAE-32B6F45AFF84}"
EndProject
Project("{8BC9CEB8-8B4A-11D0-8D11-00A0C91BC942}") = "Cau4_T7", "Cau4_T7\Cau4_T7.vcxproj", "{7DB0B182-A83F-4B86-87E2-2B5383066008}"
EndProject
Project("{8BC9CEB8-8B4A-11D0-8D11-00A0C91BC942}") = "Cau5_T7", "Cau5_T7\Cau5_T7.vcxproj", "{D14FF5EF-4E17-4F8B-BE51-F23B9FF47E02}"
EndProject
Project("{8BC9CEB8-8B4A-11D0-8D11-00A0C91BC942}") = "Cau6_T7", "Cau6_T7\Cau6_T7.vcxproj", "{9C16245F-B768-4992-A4B0-B6F49505A610}"
EndProject
Global
	GlobalSection(SolutionConfigurationPlatforms) = preSolution
		Debug|x64 = Debug|x64
		Debug|x86 = Debug|x86
		Release|x64 = Release|x64
		Release|x86 = Release|x86
	EndGlobalSection
	GlobalSection(ProjectConfigurationPlatforms) = postSolution
		{E7026FAE-EA9A-4004-8E37-6C1EF12DE5AD}.Debug|x64.ActiveCfg = Debug|x64
		{E7026FAE-EA9A-4004-8E37-6C1EF12DE5AD}.Debug|x64.Build.0 = Debug|x64
		{E7026FAE-EA9A-4004-8E37-6C1EF12DE5AD}.Debug|x86.ActiveCfg = Debug|Win32
		{E7026FAE-EA9A-4004-8E37-6C1EF12DE5AD}.Debug|x86.Build.0 = Debug|Win32
		{E7026FAE-EA9A-4004-8E37-6C1EF12DE5AD}.Release|x64.ActiveCfg = Release|x64
		{E7026FAE-EA9A-4004-8E37-6C1EF12DE5AD}.Release|x64.Build.0 = Release|x64
		{E7026FAE-EA9A-4004-8E37-6C1EF12DE5AD}.Release|x86.ActiveCfg = Release|Win32
		{E7026FAE-EA9A-4004-8E37-6C1EF12DE5AD}.Release|x86.Build.0 = Release|Win32
		{7516120E-44FC-4D2E-B79F-668F2281FAD4}.Debug|x64.ActiveCfg = Debug|x64
		{7516120E-44FC-4D2E-B79F-668F2281FAD4}.Debug|x64.Build.0 = Debug|x64
		{7516120E-44FC-4D2E-B79F-668F2281FAD4}.Debug|x86.ActiveCfg = Debug|Win32
		{7516120E-44FC-4D2E-B79F-668F2281FAD4}.Debug|x86.Build.0 = Debug|Win32
		{7516120E-44FC-4D2E-B79F-668F2281FAD4}.Release|x64.ActiveCfg = Release|x64
		{7516120E-44FC-4D2E-B79F-668F2281FAD4}.Release|x64.Build.0 = Release|x64
		{7516120E-44FC-4D2E-B79F-668F2281FAD4}.Release|x86.ActiveCfg = Release|Win32
		{7516120E-44FC-4D2E-B79F-668F2281FAD4}.Release|x86.Build.0 = Release|Win32
		{93A2115F-288D-417B-A9E6-F6B2218F5C88}.Debug|x64.ActiveCfg = Debug|x64
		{93A2115F-288D-417B-A9E6-F6B2218F5C88}.Debug|x64.Build.0 = Debug|x64
		{93A2115F-288D-417B-A9E6-F6B2218F5C88}.Debug|x86.ActiveCfg = Debug|Win32
		{93A2115F-288D-417B-A9E6-F6B2218F5C88}.Debug|x86.Build.0 = Debug|Win32
		{93A2115F-288D-417B-A9E6-F6B2218F5C88}.Release|x64.ActiveCfg = Release|x64
		{93A2115F-288D-417B-A9E6-F6B2218F5C88}.Release|x64.Build.0 = Release|x64
		{93A2115F-288D-417B-A9E6-F6B2218F5C88}.Release|x86.ActiveCfg = Release|Win32
		{93A2115F-288D-417B-A9E6-F6B2218F5C88}.Release|x86.Build.0 = Release|Win32
		{48207F35-C14F-4066-B743-1AA64A712F01}.Debug|x64.ActiveCfg = Debug|x64
		{48207F35-C14F-4066-B743-1AA64A712F01}.Debug|x64.Build.0 = Debug|x64
		{48207F35-C14F-4066-B743-1AA64A712F01}.Debug|x86.ActiveCfg = Debug|Win32
		{48207F35-C14F-4066-B743-1AA64A712F01}.Debug|x86.Build.0 = Debug|Win32
		{48207F35-C14F-4066-B743-1AA64A712F01}.Release|x64.ActiveCfg = Release|x64
		{48207F35-C14F-4066-B743-1AA64A712F01}.Release|x64.Build.0 = Release|x64
		{48207F35-C14F-4066-B743-1AA64A712F01}.Release|x86.ActiveCfg = Release|Win32
		{48207F35-C14F-4066-B743-1AA64A712F01}.Release|x86.Build.0 = Release|Win32
		{82551210-BB93-4E84-9E15-29B66C18AC54}.Debug|x64.ActiveCfg = Debug|x64
		{82551210-BB93-4E84-9E15-29B66C18AC54}.Debug|x64.Build.0 = Debug|x64
		{82551210-BB93-4E84-9E15-29B66C18AC54}.Debug|x86.ActiveCfg = Debug|Win32
		{82551210-BB93-4E84-9E15-29B66C18AC54}.Debug|x86.Build.0 = Debug|Win32
		{82551210-BB93-4E84-9E15-29B66C18AC54}.Release|x64.ActiveCfg = Release|x64
		{82551210-BB93-4E84-9E15-29B66C18AC54}.Release|x64.Build.0 = Release|x64
		{82551210-BB93-4E84-9E15-29B66C18AC54}.Release|x86.ActiveCfg = Release|Win32
		{82551210-BB93-4E84-9E15-29B66C18AC54}.Release|x86.Build.0 = Release|Win32
		{78822E7C-5882-43AC-9FF9-FF95FE4ACAA3}.Debug|x64.ActiveCfg = Debug|x64
		{78822E7C-5882-43AC-9FF9-FF95FE4ACAA3}.Debug|x64.Build.0 = Debug|x64
		{78822E7C-5882-43AC-9FF9-FF95FE4ACAA3}.Debug|x86.ActiveCfg = Debug|Win32
		{78822E7C-5882-43AC-9FF9-FF95FE4ACAA3}.Debug|x86.Build.0 = Debug|Win32
		{78822E7C-5882-43AC-9FF9-FF95FE4ACAA3}.Release|x64.ActiveCfg = Release|x64
		{78822E7C-5882-43AC-9FF9-FF95FE4ACAA3}.Release|x64.Build.0 = Release|x64
		{78822E7C-5882-43AC-9FF9-FF95FE4ACAA3}.Release|x86.ActiveCfg = Release|Win32
		{78822E7C-5882-43AC-9FF9-FF95FE4ACAA3}.Release|x86.Build.0 = Release|Win32
		{31FA547B-EAD4-4158-8CAE-32B6F45AFF84}.Debug|x64.ActiveCfg = Debug|x64
		{31FA547B-EAD4-4158-8CAE-32B6F45AFF84}.Debug|x64.Build.0 = Debug|x64
		{31FA547B-EAD4-4158-8CAE-32B6F45AFF84}.Debug|x86.ActiveCfg = Debug|Win32
		{31FA547B-EAD4-4158-8CAE-32B6F45AFF84}.Debug|x86.Build.0 = Debug|Win32
		{31FA547B-EAD4-4158-8CAE-32B6F45AFF84}.Release|x64.ActiveCfg = Release|x64
		{31FA547B-EAD4-4158-8CAE-32B6F45AFF84}.Release|x64.Build.0 = Release|x64
		{31FA547B-EAD4-4158-8CAE-32B6F45AFF84}.Release|x86.ActiveCfg = Release|Win32
		{31FA547B-EAD4-4158-8CAE-32B6F45AFF84}.Release|x86.Build.0 = Release|Win32
		{7DB0B182-A83F-4B86-87E2-2B5383066008}.Debug|x64.ActiveCfg = Debug|x64
		{7DB0B182-A83F-4B86-87E2-2B5383066008}.Debug|x64.Build.0 = Debug|x64
		{7DB0B182-A83F-4B86-87E2-2B5383066008}.Debug|x86.ActiveCfg = Debug|Win32
		{7DB0B182-A83F-4B86-87E2-2B5383066008}.Debug|x86.Build.0 = Debug|Win32
		{7DB0B182-A83F-4B86-87E2-2B5383066008}.Release|x64.ActiveCfg = Release|x64
		{7DB0B182-A83F-4B86-87E2-2B5383066008}.Release|x64.Build.0 = Release|x64
		{7DB0B182-A83F-4B86-87E2-2B5383066008}.Release|x86.ActiveCfg = Release|Win32
		{7DB0B182-A83F-4B86-87E2-2B5383066008}.Release|x86.Build.0 = Release|Win32
		{D14FF5EF-4E17-4F8B-BE51-F23B9FF47E02}.Debug|x64.ActiveCfg = Debug|x64
		{D14FF5EF-4E17-4F8B-BE51-F23B9FF47E02}.Debug|x64.Build.0 = Debug|x64
		{D14FF5EF-4E17-4F8B-BE51-F23B9FF47E02}.Debug|x86.ActiveCfg = Debug|Win32
		{D14FF5EF-4E17-4F8B-BE51-F23B9FF47E02}.Debug|x86.Build.0 = Debug|Win32
		{D14FF5EF-4E17-4F8B-BE51-F23B9FF47E02}.Release|x64.ActiveCfg = Release|x64
		{D14FF5EF-4E17-4F8B-BE51-F23B9FF47E02}.Release|x64.Build.0 = Release|x64
		{D14FF5EF-4E17-4F8B-BE51-F23B9FF47E02}.Release|x86.ActiveCfg = Release|Win32
		{D14FF5EF-4E17-4F8B-BE51-F23B9FF47E02}.Release|x86.Build.0 = Release|Win32
		{9C16245F-B768-4992-A4B0-B6F49505A610}.Debug|x64.ActiveCfg = Debug|x64
		{9C16245F-B768-4992-A4B0-B6F49505A610}.Debug|x64.Build.0 = Debug|x64
		{9C16245F-B768-4992-A4B0-B6F49505A610}.Debug|x86.ActiveCfg = Debug|Win32
		{9C16245F-B768-4992-A4B0-B6F49505A610}.Debug|x86.Build.0 = Debug|Win32
		{9C16245F-B768-4992-A4B0-B6F49505A610}.Release|x64.ActiveCfg = Release|x64
		{9C16245F-B768-4992-A4B0-B6F49505A610}.Release|x64.Build.0 = Release|x64
		{9C16245F-B768-4992-A4B0-B6F49505A610}.Release|x86.ActiveCfg = Release|Win32
		{9C16245F-B768-4992-A4B0-B6F49505A610}.Release|x86.Build.0 = Release|Win32
	EndGlobalSection
	GlobalSection(SolutionProperties) = preSolution
		HideSolutionNode = FALSE
	EndGlobalSection
	GlobalSection(ExtensibilityGlobals) = postSolution
		SolutionGuid = {8A5DF673-A51A-4D5B-831A-E329D21E6AF7}
	EndGlobalSection
EndGlobal
