
Microsoft Visual Studio Solution File, Format Version 12.00
# Visual Studio Version 17
VisualStudioVersion = 17.5.33414.496
MinimumVisualStudioVersion = 10.0.40219.1
Project("{8BC9CEB8-8B4A-11D0-8D11-00A0C91BC942}") = "Các thuật toán sắp xếp", "Các thuật toán sắp xếp\Các thuật toán sắp xếp.vcxproj", "{01FC6406-1489-4B46-B7B3-3263411F8EB2}"
EndProject
Project("{8BC9CEB8-8B4A-11D0-8D11-00A0C91BC942}") = "BinarySerachTree", "BinarySerachTree\BinarySerachTree.vcxproj", "{03E0FEE1-A957-46AE-B6C7-69D2839A49D6}"
EndProject
Project("{8BC9CEB8-8B4A-11D0-8D11-00A0C91BC942}") = "DSLK", "DSLK\DSLK.vcxproj", "{50E5C7E1-96AB-4A29-8929-C7E156DD2872}"
EndProject
Project("{8BC9CEB8-8B4A-11D0-8D11-00A0C91BC942}") = "DSLK_SINHVIEN", "DSLK_SINHVIEN\DSLK_SINHVIEN.vcxproj", "{1076F393-6E72-4996-877F-4F3F84C653F3}"
EndProject
Project("{8BC9CEB8-8B4A-11D0-8D11-00A0C91BC942}") = "BST", "BST\BST.vcxproj", "{148B5D8E-8930-4487-B1A8-F0F53177B5AC}"
EndProject
Project("{8BC9CEB8-8B4A-11D0-8D11-00A0C91BC942}") = "BTREE", "BTREE\BTREE.vcxproj", "{04A841F7-CECE-458E-9A44-C96EB3548149}"
EndProject
Project("{8BC9CEB8-8B4A-11D0-8D11-00A0C91BC942}") = "DoThi", "DoThi\DoThi.vcxproj", "{63C9EA87-3ECB-4694-A591-3E9C08E8CC82}"
EndProject
Project("{8BC9CEB8-8B4A-11D0-8D11-00A0C91BC942}") = "DO_THI", "DO_THI\DO_THI.vcxproj", "{78246178-B62F-4D80-BE09-4DBFD035A2B6}"
EndProject
Project("{8BC9CEB8-8B4A-11D0-8D11-00A0C91BC942}") = "DO_THI_VERSION 3", "DO_THI_VERSION 3\DO_THI_VERSION 3.vcxproj", "{D74E9E6F-52F3-4A8C-9D68-A5738B7EB176}"
EndProject
Project("{8BC9CEB8-8B4A-11D0-8D11-00A0C91BC942}") = "test", "test\test.vcxproj", "{856BE67C-5641-4E04-8A7C-F158A4633810}"
EndProject
Global
	GlobalSection(SolutionConfigurationPlatforms) = preSolution
		Debug|x64 = Debug|x64
		Debug|x86 = Debug|x86
		Release|x64 = Release|x64
		Release|x86 = Release|x86
	EndGlobalSection
	GlobalSection(ProjectConfigurationPlatforms) = postSolution
		{01FC6406-1489-4B46-B7B3-3263411F8EB2}.Debug|x64.ActiveCfg = Debug|x64
		{01FC6406-1489-4B46-B7B3-3263411F8EB2}.Debug|x64.Build.0 = Debug|x64
		{01FC6406-1489-4B46-B7B3-3263411F8EB2}.Debug|x86.ActiveCfg = Debug|Win32
		{01FC6406-1489-4B46-B7B3-3263411F8EB2}.Debug|x86.Build.0 = Debug|Win32
		{01FC6406-1489-4B46-B7B3-3263411F8EB2}.Release|x64.ActiveCfg = Release|x64
		{01FC6406-1489-4B46-B7B3-3263411F8EB2}.Release|x64.Build.0 = Release|x64
		{01FC6406-1489-4B46-B7B3-3263411F8EB2}.Release|x86.ActiveCfg = Release|Win32
		{01FC6406-1489-4B46-B7B3-3263411F8EB2}.Release|x86.Build.0 = Release|Win32
		{03E0FEE1-A957-46AE-B6C7-69D2839A49D6}.Debug|x64.ActiveCfg = Debug|x64
		{03E0FEE1-A957-46AE-B6C7-69D2839A49D6}.Debug|x64.Build.0 = Debug|x64
		{03E0FEE1-A957-46AE-B6C7-69D2839A49D6}.Debug|x86.ActiveCfg = Debug|Win32
		{03E0FEE1-A957-46AE-B6C7-69D2839A49D6}.Debug|x86.Build.0 = Debug|Win32
		{03E0FEE1-A957-46AE-B6C7-69D2839A49D6}.Release|x64.ActiveCfg = Release|x64
		{03E0FEE1-A957-46AE-B6C7-69D2839A49D6}.Release|x64.Build.0 = Release|x64
		{03E0FEE1-A957-46AE-B6C7-69D2839A49D6}.Release|x86.ActiveCfg = Release|Win32
		{03E0FEE1-A957-46AE-B6C7-69D2839A49D6}.Release|x86.Build.0 = Release|Win32
		{50E5C7E1-96AB-4A29-8929-C7E156DD2872}.Debug|x64.ActiveCfg = Debug|x64
		{50E5C7E1-96AB-4A29-8929-C7E156DD2872}.Debug|x64.Build.0 = Debug|x64
		{50E5C7E1-96AB-4A29-8929-C7E156DD2872}.Debug|x86.ActiveCfg = Debug|Win32
		{50E5C7E1-96AB-4A29-8929-C7E156DD2872}.Debug|x86.Build.0 = Debug|Win32
		{50E5C7E1-96AB-4A29-8929-C7E156DD2872}.Release|x64.ActiveCfg = Release|x64
		{50E5C7E1-96AB-4A29-8929-C7E156DD2872}.Release|x64.Build.0 = Release|x64
		{50E5C7E1-96AB-4A29-8929-C7E156DD2872}.Release|x86.ActiveCfg = Release|Win32
		{50E5C7E1-96AB-4A29-8929-C7E156DD2872}.Release|x86.Build.0 = Release|Win32
		{1076F393-6E72-4996-877F-4F3F84C653F3}.Debug|x64.ActiveCfg = Debug|x64
		{1076F393-6E72-4996-877F-4F3F84C653F3}.Debug|x64.Build.0 = Debug|x64
		{1076F393-6E72-4996-877F-4F3F84C653F3}.Debug|x86.ActiveCfg = Debug|Win32
		{1076F393-6E72-4996-877F-4F3F84C653F3}.Debug|x86.Build.0 = Debug|Win32
		{1076F393-6E72-4996-877F-4F3F84C653F3}.Release|x64.ActiveCfg = Release|x64
		{1076F393-6E72-4996-877F-4F3F84C653F3}.Release|x64.Build.0 = Release|x64
		{1076F393-6E72-4996-877F-4F3F84C653F3}.Release|x86.ActiveCfg = Release|Win32
		{1076F393-6E72-4996-877F-4F3F84C653F3}.Release|x86.Build.0 = Release|Win32
		{148B5D8E-8930-4487-B1A8-F0F53177B5AC}.Debug|x64.ActiveCfg = Debug|x64
		{148B5D8E-8930-4487-B1A8-F0F53177B5AC}.Debug|x64.Build.0 = Debug|x64
		{148B5D8E-8930-4487-B1A8-F0F53177B5AC}.Debug|x86.ActiveCfg = Debug|Win32
		{148B5D8E-8930-4487-B1A8-F0F53177B5AC}.Debug|x86.Build.0 = Debug|Win32
		{148B5D8E-8930-4487-B1A8-F0F53177B5AC}.Release|x64.ActiveCfg = Release|x64
		{148B5D8E-8930-4487-B1A8-F0F53177B5AC}.Release|x64.Build.0 = Release|x64
		{148B5D8E-8930-4487-B1A8-F0F53177B5AC}.Release|x86.ActiveCfg = Release|Win32
		{148B5D8E-8930-4487-B1A8-F0F53177B5AC}.Release|x86.Build.0 = Release|Win32
		{04A841F7-CECE-458E-9A44-C96EB3548149}.Debug|x64.ActiveCfg = Debug|x64
		{04A841F7-CECE-458E-9A44-C96EB3548149}.Debug|x64.Build.0 = Debug|x64
		{04A841F7-CECE-458E-9A44-C96EB3548149}.Debug|x86.ActiveCfg = Debug|Win32
		{04A841F7-CECE-458E-9A44-C96EB3548149}.Debug|x86.Build.0 = Debug|Win32
		{04A841F7-CECE-458E-9A44-C96EB3548149}.Release|x64.ActiveCfg = Release|x64
		{04A841F7-CECE-458E-9A44-C96EB3548149}.Release|x64.Build.0 = Release|x64
		{04A841F7-CECE-458E-9A44-C96EB3548149}.Release|x86.ActiveCfg = Release|Win32
		{04A841F7-CECE-458E-9A44-C96EB3548149}.Release|x86.Build.0 = Release|Win32
		{63C9EA87-3ECB-4694-A591-3E9C08E8CC82}.Debug|x64.ActiveCfg = Debug|x64
		{63C9EA87-3ECB-4694-A591-3E9C08E8CC82}.Debug|x64.Build.0 = Debug|x64
		{63C9EA87-3ECB-4694-A591-3E9C08E8CC82}.Debug|x86.ActiveCfg = Debug|Win32
		{63C9EA87-3ECB-4694-A591-3E9C08E8CC82}.Debug|x86.Build.0 = Debug|Win32
		{63C9EA87-3ECB-4694-A591-3E9C08E8CC82}.Release|x64.ActiveCfg = Release|x64
		{63C9EA87-3ECB-4694-A591-3E9C08E8CC82}.Release|x64.Build.0 = Release|x64
		{63C9EA87-3ECB-4694-A591-3E9C08E8CC82}.Release|x86.ActiveCfg = Release|Win32
		{63C9EA87-3ECB-4694-A591-3E9C08E8CC82}.Release|x86.Build.0 = Release|Win32
		{78246178-B62F-4D80-BE09-4DBFD035A2B6}.Debug|x64.ActiveCfg = Debug|x64
		{78246178-B62F-4D80-BE09-4DBFD035A2B6}.Debug|x64.Build.0 = Debug|x64
		{78246178-B62F-4D80-BE09-4DBFD035A2B6}.Debug|x86.ActiveCfg = Debug|Win32
		{78246178-B62F-4D80-BE09-4DBFD035A2B6}.Debug|x86.Build.0 = Debug|Win32
		{78246178-B62F-4D80-BE09-4DBFD035A2B6}.Release|x64.ActiveCfg = Release|x64
		{78246178-B62F-4D80-BE09-4DBFD035A2B6}.Release|x64.Build.0 = Release|x64
		{78246178-B62F-4D80-BE09-4DBFD035A2B6}.Release|x86.ActiveCfg = Release|Win32
		{78246178-B62F-4D80-BE09-4DBFD035A2B6}.Release|x86.Build.0 = Release|Win32
		{D74E9E6F-52F3-4A8C-9D68-A5738B7EB176}.Debug|x64.ActiveCfg = Debug|x64
		{D74E9E6F-52F3-4A8C-9D68-A5738B7EB176}.Debug|x64.Build.0 = Debug|x64
		{D74E9E6F-52F3-4A8C-9D68-A5738B7EB176}.Debug|x86.ActiveCfg = Debug|Win32
		{D74E9E6F-52F3-4A8C-9D68-A5738B7EB176}.Debug|x86.Build.0 = Debug|Win32
		{D74E9E6F-52F3-4A8C-9D68-A5738B7EB176}.Release|x64.ActiveCfg = Release|x64
		{D74E9E6F-52F3-4A8C-9D68-A5738B7EB176}.Release|x64.Build.0 = Release|x64
		{D74E9E6F-52F3-4A8C-9D68-A5738B7EB176}.Release|x86.ActiveCfg = Release|Win32
		{D74E9E6F-52F3-4A8C-9D68-A5738B7EB176}.Release|x86.Build.0 = Release|Win32
		{856BE67C-5641-4E04-8A7C-F158A4633810}.Debug|x64.ActiveCfg = Debug|x64
		{856BE67C-5641-4E04-8A7C-F158A4633810}.Debug|x64.Build.0 = Debug|x64
		{856BE67C-5641-4E04-8A7C-F158A4633810}.Debug|x86.ActiveCfg = Debug|Win32
		{856BE67C-5641-4E04-8A7C-F158A4633810}.Debug|x86.Build.0 = Debug|Win32
		{856BE67C-5641-4E04-8A7C-F158A4633810}.Release|x64.ActiveCfg = Release|x64
		{856BE67C-5641-4E04-8A7C-F158A4633810}.Release|x64.Build.0 = Release|x64
		{856BE67C-5641-4E04-8A7C-F158A4633810}.Release|x86.ActiveCfg = Release|Win32
		{856BE67C-5641-4E04-8A7C-F158A4633810}.Release|x86.Build.0 = Release|Win32
	EndGlobalSection
	GlobalSection(SolutionProperties) = preSolution
		HideSolutionNode = FALSE
	EndGlobalSection
	GlobalSection(ExtensibilityGlobals) = postSolution
		SolutionGuid = {7D1D8064-DE3A-443F-899F-96965A7E8C72}
	EndGlobalSection
EndGlobal
