
Microsoft Visual Studio Solution File, Format Version 12.00
# Visual Studio Version 17
VisualStudioVersion = 17.5.33414.496
MinimumVisualStudioVersion = 10.0.40219.1
Project("{8BC9CEB8-8B4A-11D0-8D11-00A0C91BC942}") = "Cau1_THTLT4", "Cau1_THTLT4\Cau1_THTLT4.vcxproj", "{87A1B9FC-C58A-442C-9017-3CD819DAD9A7}"
EndProject
Project("{8BC9CEB8-8B4A-11D0-8D11-00A0C91BC942}") = "Cau2_THTLT4", "Cau2_THTLT4\Cau2_THTLT4.vcxproj", "{E2C539E8-EA32-413D-9363-423D5ABA508F}"
EndProject
Project("{8BC9CEB8-8B4A-11D0-8D11-00A0C91BC942}") = "Cau3_THTLT4", "Cau3_THTLT4\Cau3_THTLT4.vcxproj", "{D15F4124-7C0B-4A24-BCFE-F10874EC3D72}"
EndProject
Project("{8BC9CEB8-8B4A-11D0-8D11-00A0C91BC942}") = "Cau4_THTLT4", "Cau4_THTLT4\Cau4_THTLT4.vcxproj", "{BF179F1A-655B-42E6-A196-7BDF6233AE50}"
EndProject
Project("{8BC9CEB8-8B4A-11D0-8D11-00A0C91BC942}") = "Cau5_THTLT4", "Cau5_THTLT4\Cau5_THTLT4.vcxproj", "{447A5FD0-4495-4EC9-B8DE-19C32B0DD2F4}"
EndProject
Project("{8BC9CEB8-8B4A-11D0-8D11-00A0C91BC942}") = "Cau1_BTTH4", "Cau1_BTTH4\Cau1_BTTH4.vcxproj", "{FE6D3582-4D94-40D8-992C-03A0856776AE}"
EndProject
Project("{8BC9CEB8-8B4A-11D0-8D11-00A0C91BC942}") = "Cau2_BTTH4", "Cau2_BTTH4\Cau2_BTTH4.vcxproj", "{B8D940B0-0856-4310-A2F3-14846B71E7F6}"
EndProject
Global
	GlobalSection(SolutionConfigurationPlatforms) = preSolution
		Debug|x64 = Debug|x64
		Debug|x86 = Debug|x86
		Release|x64 = Release|x64
		Release|x86 = Release|x86
	EndGlobalSection
	GlobalSection(ProjectConfigurationPlatforms) = postSolution
		{87A1B9FC-C58A-442C-9017-3CD819DAD9A7}.Debug|x64.ActiveCfg = Debug|x64
		{87A1B9FC-C58A-442C-9017-3CD819DAD9A7}.Debug|x64.Build.0 = Debug|x64
		{87A1B9FC-C58A-442C-9017-3CD819DAD9A7}.Debug|x86.ActiveCfg = Debug|Win32
		{87A1B9FC-C58A-442C-9017-3CD819DAD9A7}.Debug|x86.Build.0 = Debug|Win32
		{87A1B9FC-C58A-442C-9017-3CD819DAD9A7}.Release|x64.ActiveCfg = Release|x64
		{87A1B9FC-C58A-442C-9017-3CD819DAD9A7}.Release|x64.Build.0 = Release|x64
		{87A1B9FC-C58A-442C-9017-3CD819DAD9A7}.Release|x86.ActiveCfg = Release|Win32
		{87A1B9FC-C58A-442C-9017-3CD819DAD9A7}.Release|x86.Build.0 = Release|Win32
		{E2C539E8-EA32-413D-9363-423D5ABA508F}.Debug|x64.ActiveCfg = Debug|x64
		{E2C539E8-EA32-413D-9363-423D5ABA508F}.Debug|x64.Build.0 = Debug|x64
		{E2C539E8-EA32-413D-9363-423D5ABA508F}.Debug|x86.ActiveCfg = Debug|Win32
		{E2C539E8-EA32-413D-9363-423D5ABA508F}.Debug|x86.Build.0 = Debug|Win32
		{E2C539E8-EA32-413D-9363-423D5ABA508F}.Release|x64.ActiveCfg = Release|x64
		{E2C539E8-EA32-413D-9363-423D5ABA508F}.Release|x64.Build.0 = Release|x64
		{E2C539E8-EA32-413D-9363-423D5ABA508F}.Release|x86.ActiveCfg = Release|Win32
		{E2C539E8-EA32-413D-9363-423D5ABA508F}.Release|x86.Build.0 = Release|Win32
		{D15F4124-7C0B-4A24-BCFE-F10874EC3D72}.Debug|x64.ActiveCfg = Debug|x64
		{D15F4124-7C0B-4A24-BCFE-F10874EC3D72}.Debug|x64.Build.0 = Debug|x64
		{D15F4124-7C0B-4A24-BCFE-F10874EC3D72}.Debug|x86.ActiveCfg = Debug|Win32
		{D15F4124-7C0B-4A24-BCFE-F10874EC3D72}.Debug|x86.Build.0 = Debug|Win32
		{D15F4124-7C0B-4A24-BCFE-F10874EC3D72}.Release|x64.ActiveCfg = Release|x64
		{D15F4124-7C0B-4A24-BCFE-F10874EC3D72}.Release|x64.Build.0 = Release|x64
		{D15F4124-7C0B-4A24-BCFE-F10874EC3D72}.Release|x86.ActiveCfg = Release|Win32
		{D15F4124-7C0B-4A24-BCFE-F10874EC3D72}.Release|x86.Build.0 = Release|Win32
		{BF179F1A-655B-42E6-A196-7BDF6233AE50}.Debug|x64.ActiveCfg = Debug|x64
		{BF179F1A-655B-42E6-A196-7BDF6233AE50}.Debug|x64.Build.0 = Debug|x64
		{BF179F1A-655B-42E6-A196-7BDF6233AE50}.Debug|x86.ActiveCfg = Debug|Win32
		{BF179F1A-655B-42E6-A196-7BDF6233AE50}.Debug|x86.Build.0 = Debug|Win32
		{BF179F1A-655B-42E6-A196-7BDF6233AE50}.Release|x64.ActiveCfg = Release|x64
		{BF179F1A-655B-42E6-A196-7BDF6233AE50}.Release|x64.Build.0 = Release|x64
		{BF179F1A-655B-42E6-A196-7BDF6233AE50}.Release|x86.ActiveCfg = Release|Win32
		{BF179F1A-655B-42E6-A196-7BDF6233AE50}.Release|x86.Build.0 = Release|Win32
		{447A5FD0-4495-4EC9-B8DE-19C32B0DD2F4}.Debug|x64.ActiveCfg = Debug|x64
		{447A5FD0-4495-4EC9-B8DE-19C32B0DD2F4}.Debug|x64.Build.0 = Debug|x64
		{447A5FD0-4495-4EC9-B8DE-19C32B0DD2F4}.Debug|x86.ActiveCfg = Debug|Win32
		{447A5FD0-4495-4EC9-B8DE-19C32B0DD2F4}.Debug|x86.Build.0 = Debug|Win32
		{447A5FD0-4495-4EC9-B8DE-19C32B0DD2F4}.Release|x64.ActiveCfg = Release|x64
		{447A5FD0-4495-4EC9-B8DE-19C32B0DD2F4}.Release|x64.Build.0 = Release|x64
		{447A5FD0-4495-4EC9-B8DE-19C32B0DD2F4}.Release|x86.ActiveCfg = Release|Win32
		{447A5FD0-4495-4EC9-B8DE-19C32B0DD2F4}.Release|x86.Build.0 = Release|Win32
		{FE6D3582-4D94-40D8-992C-03A0856776AE}.Debug|x64.ActiveCfg = Debug|x64
		{FE6D3582-4D94-40D8-992C-03A0856776AE}.Debug|x64.Build.0 = Debug|x64
		{FE6D3582-4D94-40D8-992C-03A0856776AE}.Debug|x86.ActiveCfg = Debug|Win32
		{FE6D3582-4D94-40D8-992C-03A0856776AE}.Debug|x86.Build.0 = Debug|Win32
		{FE6D3582-4D94-40D8-992C-03A0856776AE}.Release|x64.ActiveCfg = Release|x64
		{FE6D3582-4D94-40D8-992C-03A0856776AE}.Release|x64.Build.0 = Release|x64
		{FE6D3582-4D94-40D8-992C-03A0856776AE}.Release|x86.ActiveCfg = Release|Win32
		{FE6D3582-4D94-40D8-992C-03A0856776AE}.Release|x86.Build.0 = Release|Win32
		{B8D940B0-0856-4310-A2F3-14846B71E7F6}.Debug|x64.ActiveCfg = Debug|x64
		{B8D940B0-0856-4310-A2F3-14846B71E7F6}.Debug|x64.Build.0 = Debug|x64
		{B8D940B0-0856-4310-A2F3-14846B71E7F6}.Debug|x86.ActiveCfg = Debug|Win32
		{B8D940B0-0856-4310-A2F3-14846B71E7F6}.Debug|x86.Build.0 = Debug|Win32
		{B8D940B0-0856-4310-A2F3-14846B71E7F6}.Release|x64.ActiveCfg = Release|x64
		{B8D940B0-0856-4310-A2F3-14846B71E7F6}.Release|x64.Build.0 = Release|x64
		{B8D940B0-0856-4310-A2F3-14846B71E7F6}.Release|x86.ActiveCfg = Release|Win32
		{B8D940B0-0856-4310-A2F3-14846B71E7F6}.Release|x86.Build.0 = Release|Win32
	EndGlobalSection
	GlobalSection(SolutionProperties) = preSolution
		HideSolutionNode = FALSE
	EndGlobalSection
	GlobalSection(ExtensibilityGlobals) = postSolution
		SolutionGuid = {35467EB4-0E28-44E5-A06B-40FE05D83B56}
	EndGlobalSection
EndGlobal
