
Microsoft Visual Studio Solution File, Format Version 12.00
# Visual Studio Version 17
VisualStudioVersion = 17.5.33414.496
MinimumVisualStudioVersion = 10.0.40219.1
Project("{8BC9CEB8-8B4A-11D0-8D11-00A0C91BC942}") = "Bai001", "Bai001\Bai001.vcxproj", "{16EFA878-7784-432E-BD3B-8A6AD4DE4CA9}"
EndProject
Project("{8BC9CEB8-8B4A-11D0-8D11-00A0C91BC942}") = "Bai002", "Bai002\Bai002.vcxproj", "{E756BDE3-AE53-4A87-894C-70A8334CFCCA}"
EndProject
Project("{8BC9CEB8-8B4A-11D0-8D11-00A0C91BC942}") = "Bai003", "Bai003\Bai003.vcxproj", "{1D06ECA2-38C9-4DD1-8783-83ECA6BFC248}"
EndProject
Project("{8BC9CEB8-8B4A-11D0-8D11-00A0C91BC942}") = "Bai004", "Bai004\Bai004.vcxproj", "{04EEE94C-D726-4576-A0F7-DFF831E5116C}"
EndProject
Project("{8BC9CEB8-8B4A-11D0-8D11-00A0C91BC942}") = "Bai005", "Bai005\Bai005.vcxproj", "{C6CFF91A-E044-4416-ACB9-AAD04C2E8448}"
EndProject
Project("{8BC9CEB8-8B4A-11D0-8D11-00A0C91BC942}") = "Bai006", "Bai006\Bai006.vcxproj", "{BB00C548-7F96-4F46-8A89-38B7FB59907D}"
EndProject
Project("{8BC9CEB8-8B4A-11D0-8D11-00A0C91BC942}") = "Bai007", "Bai007\Bai007.vcxproj", "{53A2DC6C-65E0-4F7E-88C2-37A9AF45C3A4}"
EndProject
Project("{8BC9CEB8-8B4A-11D0-8D11-00A0C91BC942}") = "Bai008", "Bai008\Bai008.vcxproj", "{46F7C9A4-428C-4515-9AAF-9649CF9DD95D}"
EndProject
Project("{8BC9CEB8-8B4A-11D0-8D11-00A0C91BC942}") = "Bai009", "Bai009\Bai009.vcxproj", "{052A7F4E-F09D-4564-8779-CE68955D0E1E}"
EndProject
Project("{8BC9CEB8-8B4A-11D0-8D11-00A0C91BC942}") = "Bai010", "Bai010\Bai010.vcxproj", "{8DA32FDF-92A0-4940-98B6-8B5AE466DDE2}"
EndProject
Project("{8BC9CEB8-8B4A-11D0-8D11-00A0C91BC942}") = "Bai011", "Bai011\Bai011.vcxproj", "{31E5DEE5-0300-46F7-975D-E3A35F5EAB80}"
EndProject
Project("{8BC9CEB8-8B4A-11D0-8D11-00A0C91BC942}") = "Bai012", "Bai012\Bai012.vcxproj", "{86D09534-37D2-4CBF-8B5C-12D29F4D8FE5}"
EndProject
Project("{8BC9CEB8-8B4A-11D0-8D11-00A0C91BC942}") = "Bai013", "Bai013\Bai013.vcxproj", "{E4EDF30B-3A88-41A1-8B2D-19BDF3035F11}"
EndProject
Project("{8BC9CEB8-8B4A-11D0-8D11-00A0C91BC942}") = "Bai014", "Bai014\Bai014.vcxproj", "{9E1BC51F-269E-43D6-A49D-CE01F1521377}"
EndProject
Project("{8BC9CEB8-8B4A-11D0-8D11-00A0C91BC942}") = "Bai015", "Bai015\Bai015.vcxproj", "{41EAB7C6-3BC6-48FB-A916-10C2B5E4E766}"
EndProject
Global
	GlobalSection(SolutionConfigurationPlatforms) = preSolution
		Debug|x64 = Debug|x64
		Debug|x86 = Debug|x86
		Release|x64 = Release|x64
		Release|x86 = Release|x86
	EndGlobalSection
	GlobalSection(ProjectConfigurationPlatforms) = postSolution
		{16EFA878-7784-432E-BD3B-8A6AD4DE4CA9}.Debug|x64.ActiveCfg = Debug|x64
		{16EFA878-7784-432E-BD3B-8A6AD4DE4CA9}.Debug|x64.Build.0 = Debug|x64
		{16EFA878-7784-432E-BD3B-8A6AD4DE4CA9}.Debug|x86.ActiveCfg = Debug|Win32
		{16EFA878-7784-432E-BD3B-8A6AD4DE4CA9}.Debug|x86.Build.0 = Debug|Win32
		{16EFA878-7784-432E-BD3B-8A6AD4DE4CA9}.Release|x64.ActiveCfg = Release|x64
		{16EFA878-7784-432E-BD3B-8A6AD4DE4CA9}.Release|x64.Build.0 = Release|x64
		{16EFA878-7784-432E-BD3B-8A6AD4DE4CA9}.Release|x86.ActiveCfg = Release|Win32
		{16EFA878-7784-432E-BD3B-8A6AD4DE4CA9}.Release|x86.Build.0 = Release|Win32
		{E756BDE3-AE53-4A87-894C-70A8334CFCCA}.Debug|x64.ActiveCfg = Debug|x64
		{E756BDE3-AE53-4A87-894C-70A8334CFCCA}.Debug|x64.Build.0 = Debug|x64
		{E756BDE3-AE53-4A87-894C-70A8334CFCCA}.Debug|x86.ActiveCfg = Debug|Win32
		{E756BDE3-AE53-4A87-894C-70A8334CFCCA}.Debug|x86.Build.0 = Debug|Win32
		{E756BDE3-AE53-4A87-894C-70A8334CFCCA}.Release|x64.ActiveCfg = Release|x64
		{E756BDE3-AE53-4A87-894C-70A8334CFCCA}.Release|x64.Build.0 = Release|x64
		{E756BDE3-AE53-4A87-894C-70A8334CFCCA}.Release|x86.ActiveCfg = Release|Win32
		{E756BDE3-AE53-4A87-894C-70A8334CFCCA}.Release|x86.Build.0 = Release|Win32
		{1D06ECA2-38C9-4DD1-8783-83ECA6BFC248}.Debug|x64.ActiveCfg = Debug|x64
		{1D06ECA2-38C9-4DD1-8783-83ECA6BFC248}.Debug|x64.Build.0 = Debug|x64
		{1D06ECA2-38C9-4DD1-8783-83ECA6BFC248}.Debug|x86.ActiveCfg = Debug|Win32
		{1D06ECA2-38C9-4DD1-8783-83ECA6BFC248}.Debug|x86.Build.0 = Debug|Win32
		{1D06ECA2-38C9-4DD1-8783-83ECA6BFC248}.Release|x64.ActiveCfg = Release|x64
		{1D06ECA2-38C9-4DD1-8783-83ECA6BFC248}.Release|x64.Build.0 = Release|x64
		{1D06ECA2-38C9-4DD1-8783-83ECA6BFC248}.Release|x86.ActiveCfg = Release|Win32
		{1D06ECA2-38C9-4DD1-8783-83ECA6BFC248}.Release|x86.Build.0 = Release|Win32
		{04EEE94C-D726-4576-A0F7-DFF831E5116C}.Debug|x64.ActiveCfg = Debug|x64
		{04EEE94C-D726-4576-A0F7-DFF831E5116C}.Debug|x64.Build.0 = Debug|x64
		{04EEE94C-D726-4576-A0F7-DFF831E5116C}.Debug|x86.ActiveCfg = Debug|Win32
		{04EEE94C-D726-4576-A0F7-DFF831E5116C}.Debug|x86.Build.0 = Debug|Win32
		{04EEE94C-D726-4576-A0F7-DFF831E5116C}.Release|x64.ActiveCfg = Release|x64
		{04EEE94C-D726-4576-A0F7-DFF831E5116C}.Release|x64.Build.0 = Release|x64
		{04EEE94C-D726-4576-A0F7-DFF831E5116C}.Release|x86.ActiveCfg = Release|Win32
		{04EEE94C-D726-4576-A0F7-DFF831E5116C}.Release|x86.Build.0 = Release|Win32
		{C6CFF91A-E044-4416-ACB9-AAD04C2E8448}.Debug|x64.ActiveCfg = Debug|x64
		{C6CFF91A-E044-4416-ACB9-AAD04C2E8448}.Debug|x64.Build.0 = Debug|x64
		{C6CFF91A-E044-4416-ACB9-AAD04C2E8448}.Debug|x86.ActiveCfg = Debug|Win32
		{C6CFF91A-E044-4416-ACB9-AAD04C2E8448}.Debug|x86.Build.0 = Debug|Win32
		{C6CFF91A-E044-4416-ACB9-AAD04C2E8448}.Release|x64.ActiveCfg = Release|x64
		{C6CFF91A-E044-4416-ACB9-AAD04C2E8448}.Release|x64.Build.0 = Release|x64
		{C6CFF91A-E044-4416-ACB9-AAD04C2E8448}.Release|x86.ActiveCfg = Release|Win32
		{C6CFF91A-E044-4416-ACB9-AAD04C2E8448}.Release|x86.Build.0 = Release|Win32
		{BB00C548-7F96-4F46-8A89-38B7FB59907D}.Debug|x64.ActiveCfg = Debug|x64
		{BB00C548-7F96-4F46-8A89-38B7FB59907D}.Debug|x64.Build.0 = Debug|x64
		{BB00C548-7F96-4F46-8A89-38B7FB59907D}.Debug|x86.ActiveCfg = Debug|Win32
		{BB00C548-7F96-4F46-8A89-38B7FB59907D}.Debug|x86.Build.0 = Debug|Win32
		{BB00C548-7F96-4F46-8A89-38B7FB59907D}.Release|x64.ActiveCfg = Release|x64
		{BB00C548-7F96-4F46-8A89-38B7FB59907D}.Release|x64.Build.0 = Release|x64
		{BB00C548-7F96-4F46-8A89-38B7FB59907D}.Release|x86.ActiveCfg = Release|Win32
		{BB00C548-7F96-4F46-8A89-38B7FB59907D}.Release|x86.Build.0 = Release|Win32
		{53A2DC6C-65E0-4F7E-88C2-37A9AF45C3A4}.Debug|x64.ActiveCfg = Debug|x64
		{53A2DC6C-65E0-4F7E-88C2-37A9AF45C3A4}.Debug|x64.Build.0 = Debug|x64
		{53A2DC6C-65E0-4F7E-88C2-37A9AF45C3A4}.Debug|x86.ActiveCfg = Debug|Win32
		{53A2DC6C-65E0-4F7E-88C2-37A9AF45C3A4}.Debug|x86.Build.0 = Debug|Win32
		{53A2DC6C-65E0-4F7E-88C2-37A9AF45C3A4}.Release|x64.ActiveCfg = Release|x64
		{53A2DC6C-65E0-4F7E-88C2-37A9AF45C3A4}.Release|x64.Build.0 = Release|x64
		{53A2DC6C-65E0-4F7E-88C2-37A9AF45C3A4}.Release|x86.ActiveCfg = Release|Win32
		{53A2DC6C-65E0-4F7E-88C2-37A9AF45C3A4}.Release|x86.Build.0 = Release|Win32
		{46F7C9A4-428C-4515-9AAF-9649CF9DD95D}.Debug|x64.ActiveCfg = Debug|x64
		{46F7C9A4-428C-4515-9AAF-9649CF9DD95D}.Debug|x64.Build.0 = Debug|x64
		{46F7C9A4-428C-4515-9AAF-9649CF9DD95D}.Debug|x86.ActiveCfg = Debug|Win32
		{46F7C9A4-428C-4515-9AAF-9649CF9DD95D}.Debug|x86.Build.0 = Debug|Win32
		{46F7C9A4-428C-4515-9AAF-9649CF9DD95D}.Release|x64.ActiveCfg = Release|x64
		{46F7C9A4-428C-4515-9AAF-9649CF9DD95D}.Release|x64.Build.0 = Release|x64
		{46F7C9A4-428C-4515-9AAF-9649CF9DD95D}.Release|x86.ActiveCfg = Release|Win32
		{46F7C9A4-428C-4515-9AAF-9649CF9DD95D}.Release|x86.Build.0 = Release|Win32
		{052A7F4E-F09D-4564-8779-CE68955D0E1E}.Debug|x64.ActiveCfg = Debug|x64
		{052A7F4E-F09D-4564-8779-CE68955D0E1E}.Debug|x64.Build.0 = Debug|x64
		{052A7F4E-F09D-4564-8779-CE68955D0E1E}.Debug|x86.ActiveCfg = Debug|Win32
		{052A7F4E-F09D-4564-8779-CE68955D0E1E}.Debug|x86.Build.0 = Debug|Win32
		{052A7F4E-F09D-4564-8779-CE68955D0E1E}.Release|x64.ActiveCfg = Release|x64
		{052A7F4E-F09D-4564-8779-CE68955D0E1E}.Release|x64.Build.0 = Release|x64
		{052A7F4E-F09D-4564-8779-CE68955D0E1E}.Release|x86.ActiveCfg = Release|Win32
		{052A7F4E-F09D-4564-8779-CE68955D0E1E}.Release|x86.Build.0 = Release|Win32
		{8DA32FDF-92A0-4940-98B6-8B5AE466DDE2}.Debug|x64.ActiveCfg = Debug|x64
		{8DA32FDF-92A0-4940-98B6-8B5AE466DDE2}.Debug|x64.Build.0 = Debug|x64
		{8DA32FDF-92A0-4940-98B6-8B5AE466DDE2}.Debug|x86.ActiveCfg = Debug|Win32
		{8DA32FDF-92A0-4940-98B6-8B5AE466DDE2}.Debug|x86.Build.0 = Debug|Win32
		{8DA32FDF-92A0-4940-98B6-8B5AE466DDE2}.Release|x64.ActiveCfg = Release|x64
		{8DA32FDF-92A0-4940-98B6-8B5AE466DDE2}.Release|x64.Build.0 = Release|x64
		{8DA32FDF-92A0-4940-98B6-8B5AE466DDE2}.Release|x86.ActiveCfg = Release|Win32
		{8DA32FDF-92A0-4940-98B6-8B5AE466DDE2}.Release|x86.Build.0 = Release|Win32
		{31E5DEE5-0300-46F7-975D-E3A35F5EAB80}.Debug|x64.ActiveCfg = Debug|x64
		{31E5DEE5-0300-46F7-975D-E3A35F5EAB80}.Debug|x64.Build.0 = Debug|x64
		{31E5DEE5-0300-46F7-975D-E3A35F5EAB80}.Debug|x86.ActiveCfg = Debug|Win32
		{31E5DEE5-0300-46F7-975D-E3A35F5EAB80}.Debug|x86.Build.0 = Debug|Win32
		{31E5DEE5-0300-46F7-975D-E3A35F5EAB80}.Release|x64.ActiveCfg = Release|x64
		{31E5DEE5-0300-46F7-975D-E3A35F5EAB80}.Release|x64.Build.0 = Release|x64
		{31E5DEE5-0300-46F7-975D-E3A35F5EAB80}.Release|x86.ActiveCfg = Release|Win32
		{31E5DEE5-0300-46F7-975D-E3A35F5EAB80}.Release|x86.Build.0 = Release|Win32
		{86D09534-37D2-4CBF-8B5C-12D29F4D8FE5}.Debug|x64.ActiveCfg = Debug|x64
		{86D09534-37D2-4CBF-8B5C-12D29F4D8FE5}.Debug|x64.Build.0 = Debug|x64
		{86D09534-37D2-4CBF-8B5C-12D29F4D8FE5}.Debug|x86.ActiveCfg = Debug|Win32
		{86D09534-37D2-4CBF-8B5C-12D29F4D8FE5}.Debug|x86.Build.0 = Debug|Win32
		{86D09534-37D2-4CBF-8B5C-12D29F4D8FE5}.Release|x64.ActiveCfg = Release|x64
		{86D09534-37D2-4CBF-8B5C-12D29F4D8FE5}.Release|x64.Build.0 = Release|x64
		{86D09534-37D2-4CBF-8B5C-12D29F4D8FE5}.Release|x86.ActiveCfg = Release|Win32
		{86D09534-37D2-4CBF-8B5C-12D29F4D8FE5}.Release|x86.Build.0 = Release|Win32
		{E4EDF30B-3A88-41A1-8B2D-19BDF3035F11}.Debug|x64.ActiveCfg = Debug|x64
		{E4EDF30B-3A88-41A1-8B2D-19BDF3035F11}.Debug|x64.Build.0 = Debug|x64
		{E4EDF30B-3A88-41A1-8B2D-19BDF3035F11}.Debug|x86.ActiveCfg = Debug|Win32
		{E4EDF30B-3A88-41A1-8B2D-19BDF3035F11}.Debug|x86.Build.0 = Debug|Win32
		{E4EDF30B-3A88-41A1-8B2D-19BDF3035F11}.Release|x64.ActiveCfg = Release|x64
		{E4EDF30B-3A88-41A1-8B2D-19BDF3035F11}.Release|x64.Build.0 = Release|x64
		{E4EDF30B-3A88-41A1-8B2D-19BDF3035F11}.Release|x86.ActiveCfg = Release|Win32
		{E4EDF30B-3A88-41A1-8B2D-19BDF3035F11}.Release|x86.Build.0 = Release|Win32
		{9E1BC51F-269E-43D6-A49D-CE01F1521377}.Debug|x64.ActiveCfg = Debug|x64
		{9E1BC51F-269E-43D6-A49D-CE01F1521377}.Debug|x64.Build.0 = Debug|x64
		{9E1BC51F-269E-43D6-A49D-CE01F1521377}.Debug|x86.ActiveCfg = Debug|Win32
		{9E1BC51F-269E-43D6-A49D-CE01F1521377}.Debug|x86.Build.0 = Debug|Win32
		{9E1BC51F-269E-43D6-A49D-CE01F1521377}.Release|x64.ActiveCfg = Release|x64
		{9E1BC51F-269E-43D6-A49D-CE01F1521377}.Release|x64.Build.0 = Release|x64
		{9E1BC51F-269E-43D6-A49D-CE01F1521377}.Release|x86.ActiveCfg = Release|Win32
		{9E1BC51F-269E-43D6-A49D-CE01F1521377}.Release|x86.Build.0 = Release|Win32
		{41EAB7C6-3BC6-48FB-A916-10C2B5E4E766}.Debug|x64.ActiveCfg = Debug|x64
		{41EAB7C6-3BC6-48FB-A916-10C2B5E4E766}.Debug|x64.Build.0 = Debug|x64
		{41EAB7C6-3BC6-48FB-A916-10C2B5E4E766}.Debug|x86.ActiveCfg = Debug|Win32
		{41EAB7C6-3BC6-48FB-A916-10C2B5E4E766}.Debug|x86.Build.0 = Debug|Win32
		{41EAB7C6-3BC6-48FB-A916-10C2B5E4E766}.Release|x64.ActiveCfg = Release|x64
		{41EAB7C6-3BC6-48FB-A916-10C2B5E4E766}.Release|x64.Build.0 = Release|x64
		{41EAB7C6-3BC6-48FB-A916-10C2B5E4E766}.Release|x86.ActiveCfg = Release|Win32
		{41EAB7C6-3BC6-48FB-A916-10C2B5E4E766}.Release|x86.Build.0 = Release|Win32
	EndGlobalSection
	GlobalSection(SolutionProperties) = preSolution
		HideSolutionNode = FALSE
	EndGlobalSection
	GlobalSection(ExtensibilityGlobals) = postSolution
		SolutionGuid = {2C39DC2B-5F36-47EA-B6B5-A1729E183EF7}
	EndGlobalSection
EndGlobal
