
Microsoft Visual Studio Solution File, Format Version 12.00
# Visual Studio Version 17
VisualStudioVersion = 17.5.33414.496
MinimumVisualStudioVersion = 10.0.40219.1
Project("{8BC9CEB8-8B4A-11D0-8D11-00A0C91BC942}") = "Bai006", "Bai006\Bai006.vcxproj", "{EFC48274-577D-47D7-9C7A-56EC01C7A3F3}"
EndProject
Project("{8BC9CEB8-8B4A-11D0-8D11-00A0C91BC942}") = "Bai012", "Bai012\Bai012.vcxproj", "{D69E023F-0239-4442-952C-202E65AACE00}"
EndProject
Project("{8BC9CEB8-8B4A-11D0-8D11-00A0C91BC942}") = "Bai018", "Bai018\Bai018.vcxproj", "{3A3B43C6-669C-4F3E-8D74-70B6531F655D}"
EndProject
Project("{8BC9CEB8-8B4A-11D0-8D11-00A0C91BC942}") = "Bai024", "Bai024\Bai024.vcxproj", "{3127E30F-737C-41A6-AA55-0241DB454AB1}"
EndProject
Project("{8BC9CEB8-8B4A-11D0-8D11-00A0C91BC942}") = "Bai030", "Bai030\Bai030.vcxproj", "{D38DFDCD-5E40-4467-B898-2EA0DFD6426E}"
EndProject
Project("{8BC9CEB8-8B4A-11D0-8D11-00A0C91BC942}") = "Bai036", "Bai036\Bai036.vcxproj", "{822BB4B3-9426-480B-A4BA-4330D17C29BF}"
EndProject
Project("{8BC9CEB8-8B4A-11D0-8D11-00A0C91BC942}") = "Bai042", "Bai042\Bai042.vcxproj", "{04256E71-C45A-46C3-AF5D-EE112BF6BA96}"
EndProject
Project("{8BC9CEB8-8B4A-11D0-8D11-00A0C91BC942}") = "Bai048", "Bai048\Bai048.vcxproj", "{4130D6C8-4172-4A11-B081-FED6C8C699CE}"
EndProject
Project("{8BC9CEB8-8B4A-11D0-8D11-00A0C91BC942}") = "Bai054", "Bai054\Bai054.vcxproj", "{A996E04F-A8BA-45AE-845A-928A8D9A948B}"
EndProject
Project("{8BC9CEB8-8B4A-11D0-8D11-00A0C91BC942}") = "Bai060", "Bai060\Bai060.vcxproj", "{1D66CF6D-9AC8-4AF3-8EB8-466819F2167D}"
EndProject
Project("{8BC9CEB8-8B4A-11D0-8D11-00A0C91BC942}") = "Bai066", "Bai066\Bai066.vcxproj", "{7F633B30-AF95-49FB-8402-4CA1239C965D}"
EndProject
Project("{8BC9CEB8-8B4A-11D0-8D11-00A0C91BC942}") = "Bai072", "Bai072\Bai072.vcxproj", "{F12194E2-A027-4E17-A295-D4CE36CA9B44}"
EndProject
Project("{8BC9CEB8-8B4A-11D0-8D11-00A0C91BC942}") = "Bai078", "Bai078\Bai078.vcxproj", "{7DB7F4FF-6323-443E-8985-9E811BE0A296}"
EndProject
Project("{8BC9CEB8-8B4A-11D0-8D11-00A0C91BC942}") = "Bai084", "Bai084\Bai084.vcxproj", "{0F306808-3221-484F-BFC5-842EEB2D848B}"
EndProject
Project("{8BC9CEB8-8B4A-11D0-8D11-00A0C91BC942}") = "Bai090", "Bai090\Bai090.vcxproj", "{135BD282-AB9B-48AF-BD76-736634D0E17E}"
EndProject
Project("{8BC9CEB8-8B4A-11D0-8D11-00A0C91BC942}") = "Bai096", "Bai096\Bai096.vcxproj", "{50EAC4FB-928F-4648-B5BF-45D8C90DB5EB}"
EndProject
Project("{8BC9CEB8-8B4A-11D0-8D11-00A0C91BC942}") = "Bai102", "Bai102\Bai102.vcxproj", "{F35A0FA2-0B74-4AA8-8F3C-41BDD830BD9A}"
EndProject
Project("{8BC9CEB8-8B4A-11D0-8D11-00A0C91BC942}") = "Bai108", "Bai108\Bai108.vcxproj", "{E010F468-DADA-4D1E-B0AF-66FF45FA5D4E}"
EndProject
Project("{8BC9CEB8-8B4A-11D0-8D11-00A0C91BC942}") = "Bai114", "bai114\bai114.vcxproj", "{6C6369F8-1CCB-4526-AE66-E654CC2AA875}"
EndProject
Project("{8BC9CEB8-8B4A-11D0-8D11-00A0C91BC942}") = "Bai120", "Bai120\Bai120.vcxproj", "{449C6543-A898-4F07-8097-D11751ED46D3}"
EndProject
Project("{8BC9CEB8-8B4A-11D0-8D11-00A0C91BC942}") = "Bai126", "Bai126\Bai126.vcxproj", "{A015F568-82A1-49DD-AB8D-BAD9FE329408}"
EndProject
Project("{8BC9CEB8-8B4A-11D0-8D11-00A0C91BC942}") = "Bai132", "Bai132\Bai132.vcxproj", "{16E31F5B-CD6C-48FF-A8C5-51731AFDFBAE}"
EndProject
Project("{8BC9CEB8-8B4A-11D0-8D11-00A0C91BC942}") = "Bai138", "Bai138\Bai138.vcxproj", "{7AA46A6A-3943-45E3-9263-6009D4019C58}"
EndProject
Project("{8BC9CEB8-8B4A-11D0-8D11-00A0C91BC942}") = "Bai144", "Bai144\Bai144.vcxproj", "{1E459EC5-663D-49C9-B77A-978C44054BFA}"
EndProject
Project("{8BC9CEB8-8B4A-11D0-8D11-00A0C91BC942}") = "Bai150", "Bai150\Bai150.vcxproj", "{8AC5EEDA-736B-4418-AE52-F442235BCC8B}"
EndProject
Project("{8BC9CEB8-8B4A-11D0-8D11-00A0C91BC942}") = "Bai156", "Bai156\Bai156.vcxproj", "{C55E0FC4-09F9-497B-8C89-F974E8A6E0B3}"
EndProject
Project("{8BC9CEB8-8B4A-11D0-8D11-00A0C91BC942}") = "Bai162", "Bai162\Bai162.vcxproj", "{299FA9D3-23EC-4B5C-ADA8-DF94E61EB321}"
EndProject
Global
	GlobalSection(SolutionConfigurationPlatforms) = preSolution
		Debug|x64 = Debug|x64
		Debug|x86 = Debug|x86
		Release|x64 = Release|x64
		Release|x86 = Release|x86
	EndGlobalSection
	GlobalSection(ProjectConfigurationPlatforms) = postSolution
		{EFC48274-577D-47D7-9C7A-56EC01C7A3F3}.Debug|x64.ActiveCfg = Debug|x64
		{EFC48274-577D-47D7-9C7A-56EC01C7A3F3}.Debug|x64.Build.0 = Debug|x64
		{EFC48274-577D-47D7-9C7A-56EC01C7A3F3}.Debug|x86.ActiveCfg = Debug|Win32
		{EFC48274-577D-47D7-9C7A-56EC01C7A3F3}.Debug|x86.Build.0 = Debug|Win32
		{EFC48274-577D-47D7-9C7A-56EC01C7A3F3}.Release|x64.ActiveCfg = Release|x64
		{EFC48274-577D-47D7-9C7A-56EC01C7A3F3}.Release|x64.Build.0 = Release|x64
		{EFC48274-577D-47D7-9C7A-56EC01C7A3F3}.Release|x86.ActiveCfg = Release|Win32
		{EFC48274-577D-47D7-9C7A-56EC01C7A3F3}.Release|x86.Build.0 = Release|Win32
		{D69E023F-0239-4442-952C-202E65AACE00}.Debug|x64.ActiveCfg = Debug|x64
		{D69E023F-0239-4442-952C-202E65AACE00}.Debug|x64.Build.0 = Debug|x64
		{D69E023F-0239-4442-952C-202E65AACE00}.Debug|x86.ActiveCfg = Debug|Win32
		{D69E023F-0239-4442-952C-202E65AACE00}.Debug|x86.Build.0 = Debug|Win32
		{D69E023F-0239-4442-952C-202E65AACE00}.Release|x64.ActiveCfg = Release|x64
		{D69E023F-0239-4442-952C-202E65AACE00}.Release|x64.Build.0 = Release|x64
		{D69E023F-0239-4442-952C-202E65AACE00}.Release|x86.ActiveCfg = Release|Win32
		{D69E023F-0239-4442-952C-202E65AACE00}.Release|x86.Build.0 = Release|Win32
		{3A3B43C6-669C-4F3E-8D74-70B6531F655D}.Debug|x64.ActiveCfg = Debug|x64
		{3A3B43C6-669C-4F3E-8D74-70B6531F655D}.Debug|x64.Build.0 = Debug|x64
		{3A3B43C6-669C-4F3E-8D74-70B6531F655D}.Debug|x86.ActiveCfg = Debug|Win32
		{3A3B43C6-669C-4F3E-8D74-70B6531F655D}.Debug|x86.Build.0 = Debug|Win32
		{3A3B43C6-669C-4F3E-8D74-70B6531F655D}.Release|x64.ActiveCfg = Release|x64
		{3A3B43C6-669C-4F3E-8D74-70B6531F655D}.Release|x64.Build.0 = Release|x64
		{3A3B43C6-669C-4F3E-8D74-70B6531F655D}.Release|x86.ActiveCfg = Release|Win32
		{3A3B43C6-669C-4F3E-8D74-70B6531F655D}.Release|x86.Build.0 = Release|Win32
		{3127E30F-737C-41A6-AA55-0241DB454AB1}.Debug|x64.ActiveCfg = Debug|x64
		{3127E30F-737C-41A6-AA55-0241DB454AB1}.Debug|x64.Build.0 = Debug|x64
		{3127E30F-737C-41A6-AA55-0241DB454AB1}.Debug|x86.ActiveCfg = Debug|Win32
		{3127E30F-737C-41A6-AA55-0241DB454AB1}.Debug|x86.Build.0 = Debug|Win32
		{3127E30F-737C-41A6-AA55-0241DB454AB1}.Release|x64.ActiveCfg = Release|x64
		{3127E30F-737C-41A6-AA55-0241DB454AB1}.Release|x64.Build.0 = Release|x64
		{3127E30F-737C-41A6-AA55-0241DB454AB1}.Release|x86.ActiveCfg = Release|Win32
		{3127E30F-737C-41A6-AA55-0241DB454AB1}.Release|x86.Build.0 = Release|Win32
		{D38DFDCD-5E40-4467-B898-2EA0DFD6426E}.Debug|x64.ActiveCfg = Debug|x64
		{D38DFDCD-5E40-4467-B898-2EA0DFD6426E}.Debug|x64.Build.0 = Debug|x64
		{D38DFDCD-5E40-4467-B898-2EA0DFD6426E}.Debug|x86.ActiveCfg = Debug|Win32
		{D38DFDCD-5E40-4467-B898-2EA0DFD6426E}.Debug|x86.Build.0 = Debug|Win32
		{D38DFDCD-5E40-4467-B898-2EA0DFD6426E}.Release|x64.ActiveCfg = Release|x64
		{D38DFDCD-5E40-4467-B898-2EA0DFD6426E}.Release|x64.Build.0 = Release|x64
		{D38DFDCD-5E40-4467-B898-2EA0DFD6426E}.Release|x86.ActiveCfg = Release|Win32
		{D38DFDCD-5E40-4467-B898-2EA0DFD6426E}.Release|x86.Build.0 = Release|Win32
		{822BB4B3-9426-480B-A4BA-4330D17C29BF}.Debug|x64.ActiveCfg = Debug|x64
		{822BB4B3-9426-480B-A4BA-4330D17C29BF}.Debug|x64.Build.0 = Debug|x64
		{822BB4B3-9426-480B-A4BA-4330D17C29BF}.Debug|x86.ActiveCfg = Debug|Win32
		{822BB4B3-9426-480B-A4BA-4330D17C29BF}.Debug|x86.Build.0 = Debug|Win32
		{822BB4B3-9426-480B-A4BA-4330D17C29BF}.Release|x64.ActiveCfg = Release|x64
		{822BB4B3-9426-480B-A4BA-4330D17C29BF}.Release|x64.Build.0 = Release|x64
		{822BB4B3-9426-480B-A4BA-4330D17C29BF}.Release|x86.ActiveCfg = Release|Win32
		{822BB4B3-9426-480B-A4BA-4330D17C29BF}.Release|x86.Build.0 = Release|Win32
		{04256E71-C45A-46C3-AF5D-EE112BF6BA96}.Debug|x64.ActiveCfg = Debug|x64
		{04256E71-C45A-46C3-AF5D-EE112BF6BA96}.Debug|x64.Build.0 = Debug|x64
		{04256E71-C45A-46C3-AF5D-EE112BF6BA96}.Debug|x86.ActiveCfg = Debug|Win32
		{04256E71-C45A-46C3-AF5D-EE112BF6BA96}.Debug|x86.Build.0 = Debug|Win32
		{04256E71-C45A-46C3-AF5D-EE112BF6BA96}.Release|x64.ActiveCfg = Release|x64
		{04256E71-C45A-46C3-AF5D-EE112BF6BA96}.Release|x64.Build.0 = Release|x64
		{04256E71-C45A-46C3-AF5D-EE112BF6BA96}.Release|x86.ActiveCfg = Release|Win32
		{04256E71-C45A-46C3-AF5D-EE112BF6BA96}.Release|x86.Build.0 = Release|Win32
		{4130D6C8-4172-4A11-B081-FED6C8C699CE}.Debug|x64.ActiveCfg = Debug|x64
		{4130D6C8-4172-4A11-B081-FED6C8C699CE}.Debug|x64.Build.0 = Debug|x64
		{4130D6C8-4172-4A11-B081-FED6C8C699CE}.Debug|x86.ActiveCfg = Debug|Win32
		{4130D6C8-4172-4A11-B081-FED6C8C699CE}.Debug|x86.Build.0 = Debug|Win32
		{4130D6C8-4172-4A11-B081-FED6C8C699CE}.Release|x64.ActiveCfg = Release|x64
		{4130D6C8-4172-4A11-B081-FED6C8C699CE}.Release|x64.Build.0 = Release|x64
		{4130D6C8-4172-4A11-B081-FED6C8C699CE}.Release|x86.ActiveCfg = Release|Win32
		{4130D6C8-4172-4A11-B081-FED6C8C699CE}.Release|x86.Build.0 = Release|Win32
		{A996E04F-A8BA-45AE-845A-928A8D9A948B}.Debug|x64.ActiveCfg = Debug|x64
		{A996E04F-A8BA-45AE-845A-928A8D9A948B}.Debug|x64.Build.0 = Debug|x64
		{A996E04F-A8BA-45AE-845A-928A8D9A948B}.Debug|x86.ActiveCfg = Debug|Win32
		{A996E04F-A8BA-45AE-845A-928A8D9A948B}.Debug|x86.Build.0 = Debug|Win32
		{A996E04F-A8BA-45AE-845A-928A8D9A948B}.Release|x64.ActiveCfg = Release|x64
		{A996E04F-A8BA-45AE-845A-928A8D9A948B}.Release|x64.Build.0 = Release|x64
		{A996E04F-A8BA-45AE-845A-928A8D9A948B}.Release|x86.ActiveCfg = Release|Win32
		{A996E04F-A8BA-45AE-845A-928A8D9A948B}.Release|x86.Build.0 = Release|Win32
		{1D66CF6D-9AC8-4AF3-8EB8-466819F2167D}.Debug|x64.ActiveCfg = Debug|x64
		{1D66CF6D-9AC8-4AF3-8EB8-466819F2167D}.Debug|x64.Build.0 = Debug|x64
		{1D66CF6D-9AC8-4AF3-8EB8-466819F2167D}.Debug|x86.ActiveCfg = Debug|Win32
		{1D66CF6D-9AC8-4AF3-8EB8-466819F2167D}.Debug|x86.Build.0 = Debug|Win32
		{1D66CF6D-9AC8-4AF3-8EB8-466819F2167D}.Release|x64.ActiveCfg = Release|x64
		{1D66CF6D-9AC8-4AF3-8EB8-466819F2167D}.Release|x64.Build.0 = Release|x64
		{1D66CF6D-9AC8-4AF3-8EB8-466819F2167D}.Release|x86.ActiveCfg = Release|Win32
		{1D66CF6D-9AC8-4AF3-8EB8-466819F2167D}.Release|x86.Build.0 = Release|Win32
		{7F633B30-AF95-49FB-8402-4CA1239C965D}.Debug|x64.ActiveCfg = Debug|x64
		{7F633B30-AF95-49FB-8402-4CA1239C965D}.Debug|x64.Build.0 = Debug|x64
		{7F633B30-AF95-49FB-8402-4CA1239C965D}.Debug|x86.ActiveCfg = Debug|Win32
		{7F633B30-AF95-49FB-8402-4CA1239C965D}.Debug|x86.Build.0 = Debug|Win32
		{7F633B30-AF95-49FB-8402-4CA1239C965D}.Release|x64.ActiveCfg = Release|x64
		{7F633B30-AF95-49FB-8402-4CA1239C965D}.Release|x64.Build.0 = Release|x64
		{7F633B30-AF95-49FB-8402-4CA1239C965D}.Release|x86.ActiveCfg = Release|Win32
		{7F633B30-AF95-49FB-8402-4CA1239C965D}.Release|x86.Build.0 = Release|Win32
		{F12194E2-A027-4E17-A295-D4CE36CA9B44}.Debug|x64.ActiveCfg = Debug|x64
		{F12194E2-A027-4E17-A295-D4CE36CA9B44}.Debug|x64.Build.0 = Debug|x64
		{F12194E2-A027-4E17-A295-D4CE36CA9B44}.Debug|x86.ActiveCfg = Debug|Win32
		{F12194E2-A027-4E17-A295-D4CE36CA9B44}.Debug|x86.Build.0 = Debug|Win32
		{F12194E2-A027-4E17-A295-D4CE36CA9B44}.Release|x64.ActiveCfg = Release|x64
		{F12194E2-A027-4E17-A295-D4CE36CA9B44}.Release|x64.Build.0 = Release|x64
		{F12194E2-A027-4E17-A295-D4CE36CA9B44}.Release|x86.ActiveCfg = Release|Win32
		{F12194E2-A027-4E17-A295-D4CE36CA9B44}.Release|x86.Build.0 = Release|Win32
		{7DB7F4FF-6323-443E-8985-9E811BE0A296}.Debug|x64.ActiveCfg = Debug|x64
		{7DB7F4FF-6323-443E-8985-9E811BE0A296}.Debug|x64.Build.0 = Debug|x64
		{7DB7F4FF-6323-443E-8985-9E811BE0A296}.Debug|x86.ActiveCfg = Debug|Win32
		{7DB7F4FF-6323-443E-8985-9E811BE0A296}.Debug|x86.Build.0 = Debug|Win32
		{7DB7F4FF-6323-443E-8985-9E811BE0A296}.Release|x64.ActiveCfg = Release|x64
		{7DB7F4FF-6323-443E-8985-9E811BE0A296}.Release|x64.Build.0 = Release|x64
		{7DB7F4FF-6323-443E-8985-9E811BE0A296}.Release|x86.ActiveCfg = Release|Win32
		{7DB7F4FF-6323-443E-8985-9E811BE0A296}.Release|x86.Build.0 = Release|Win32
		{0F306808-3221-484F-BFC5-842EEB2D848B}.Debug|x64.ActiveCfg = Debug|x64
		{0F306808-3221-484F-BFC5-842EEB2D848B}.Debug|x64.Build.0 = Debug|x64
		{0F306808-3221-484F-BFC5-842EEB2D848B}.Debug|x86.ActiveCfg = Debug|Win32
		{0F306808-3221-484F-BFC5-842EEB2D848B}.Debug|x86.Build.0 = Debug|Win32
		{0F306808-3221-484F-BFC5-842EEB2D848B}.Release|x64.ActiveCfg = Release|x64
		{0F306808-3221-484F-BFC5-842EEB2D848B}.Release|x64.Build.0 = Release|x64
		{0F306808-3221-484F-BFC5-842EEB2D848B}.Release|x86.ActiveCfg = Release|Win32
		{0F306808-3221-484F-BFC5-842EEB2D848B}.Release|x86.Build.0 = Release|Win32
		{135BD282-AB9B-48AF-BD76-736634D0E17E}.Debug|x64.ActiveCfg = Debug|x64
		{135BD282-AB9B-48AF-BD76-736634D0E17E}.Debug|x64.Build.0 = Debug|x64
		{135BD282-AB9B-48AF-BD76-736634D0E17E}.Debug|x86.ActiveCfg = Debug|Win32
		{135BD282-AB9B-48AF-BD76-736634D0E17E}.Debug|x86.Build.0 = Debug|Win32
		{135BD282-AB9B-48AF-BD76-736634D0E17E}.Release|x64.ActiveCfg = Release|x64
		{135BD282-AB9B-48AF-BD76-736634D0E17E}.Release|x64.Build.0 = Release|x64
		{135BD282-AB9B-48AF-BD76-736634D0E17E}.Release|x86.ActiveCfg = Release|Win32
		{135BD282-AB9B-48AF-BD76-736634D0E17E}.Release|x86.Build.0 = Release|Win32
		{50EAC4FB-928F-4648-B5BF-45D8C90DB5EB}.Debug|x64.ActiveCfg = Debug|x64
		{50EAC4FB-928F-4648-B5BF-45D8C90DB5EB}.Debug|x64.Build.0 = Debug|x64
		{50EAC4FB-928F-4648-B5BF-45D8C90DB5EB}.Debug|x86.ActiveCfg = Debug|Win32
		{50EAC4FB-928F-4648-B5BF-45D8C90DB5EB}.Debug|x86.Build.0 = Debug|Win32
		{50EAC4FB-928F-4648-B5BF-45D8C90DB5EB}.Release|x64.ActiveCfg = Release|x64
		{50EAC4FB-928F-4648-B5BF-45D8C90DB5EB}.Release|x64.Build.0 = Release|x64
		{50EAC4FB-928F-4648-B5BF-45D8C90DB5EB}.Release|x86.ActiveCfg = Release|Win32
		{50EAC4FB-928F-4648-B5BF-45D8C90DB5EB}.Release|x86.Build.0 = Release|Win32
		{F35A0FA2-0B74-4AA8-8F3C-41BDD830BD9A}.Debug|x64.ActiveCfg = Debug|x64
		{F35A0FA2-0B74-4AA8-8F3C-41BDD830BD9A}.Debug|x64.Build.0 = Debug|x64
		{F35A0FA2-0B74-4AA8-8F3C-41BDD830BD9A}.Debug|x86.ActiveCfg = Debug|Win32
		{F35A0FA2-0B74-4AA8-8F3C-41BDD830BD9A}.Debug|x86.Build.0 = Debug|Win32
		{F35A0FA2-0B74-4AA8-8F3C-41BDD830BD9A}.Release|x64.ActiveCfg = Release|x64
		{F35A0FA2-0B74-4AA8-8F3C-41BDD830BD9A}.Release|x64.Build.0 = Release|x64
		{F35A0FA2-0B74-4AA8-8F3C-41BDD830BD9A}.Release|x86.ActiveCfg = Release|Win32
		{F35A0FA2-0B74-4AA8-8F3C-41BDD830BD9A}.Release|x86.Build.0 = Release|Win32
		{E010F468-DADA-4D1E-B0AF-66FF45FA5D4E}.Debug|x64.ActiveCfg = Debug|x64
		{E010F468-DADA-4D1E-B0AF-66FF45FA5D4E}.Debug|x64.Build.0 = Debug|x64
		{E010F468-DADA-4D1E-B0AF-66FF45FA5D4E}.Debug|x86.ActiveCfg = Debug|Win32
		{E010F468-DADA-4D1E-B0AF-66FF45FA5D4E}.Debug|x86.Build.0 = Debug|Win32
		{E010F468-DADA-4D1E-B0AF-66FF45FA5D4E}.Release|x64.ActiveCfg = Release|x64
		{E010F468-DADA-4D1E-B0AF-66FF45FA5D4E}.Release|x64.Build.0 = Release|x64
		{E010F468-DADA-4D1E-B0AF-66FF45FA5D4E}.Release|x86.ActiveCfg = Release|Win32
		{E010F468-DADA-4D1E-B0AF-66FF45FA5D4E}.Release|x86.Build.0 = Release|Win32
		{6C6369F8-1CCB-4526-AE66-E654CC2AA875}.Debug|x64.ActiveCfg = Debug|x64
		{6C6369F8-1CCB-4526-AE66-E654CC2AA875}.Debug|x64.Build.0 = Debug|x64
		{6C6369F8-1CCB-4526-AE66-E654CC2AA875}.Debug|x86.ActiveCfg = Debug|Win32
		{6C6369F8-1CCB-4526-AE66-E654CC2AA875}.Debug|x86.Build.0 = Debug|Win32
		{6C6369F8-1CCB-4526-AE66-E654CC2AA875}.Release|x64.ActiveCfg = Release|x64
		{6C6369F8-1CCB-4526-AE66-E654CC2AA875}.Release|x64.Build.0 = Release|x64
		{6C6369F8-1CCB-4526-AE66-E654CC2AA875}.Release|x86.ActiveCfg = Release|Win32
		{6C6369F8-1CCB-4526-AE66-E654CC2AA875}.Release|x86.Build.0 = Release|Win32
		{449C6543-A898-4F07-8097-D11751ED46D3}.Debug|x64.ActiveCfg = Debug|x64
		{449C6543-A898-4F07-8097-D11751ED46D3}.Debug|x64.Build.0 = Debug|x64
		{449C6543-A898-4F07-8097-D11751ED46D3}.Debug|x86.ActiveCfg = Debug|Win32
		{449C6543-A898-4F07-8097-D11751ED46D3}.Debug|x86.Build.0 = Debug|Win32
		{449C6543-A898-4F07-8097-D11751ED46D3}.Release|x64.ActiveCfg = Release|x64
		{449C6543-A898-4F07-8097-D11751ED46D3}.Release|x64.Build.0 = Release|x64
		{449C6543-A898-4F07-8097-D11751ED46D3}.Release|x86.ActiveCfg = Release|Win32
		{449C6543-A898-4F07-8097-D11751ED46D3}.Release|x86.Build.0 = Release|Win32
		{A015F568-82A1-49DD-AB8D-BAD9FE329408}.Debug|x64.ActiveCfg = Debug|x64
		{A015F568-82A1-49DD-AB8D-BAD9FE329408}.Debug|x64.Build.0 = Debug|x64
		{A015F568-82A1-49DD-AB8D-BAD9FE329408}.Debug|x86.ActiveCfg = Debug|Win32
		{A015F568-82A1-49DD-AB8D-BAD9FE329408}.Debug|x86.Build.0 = Debug|Win32
		{A015F568-82A1-49DD-AB8D-BAD9FE329408}.Release|x64.ActiveCfg = Release|x64
		{A015F568-82A1-49DD-AB8D-BAD9FE329408}.Release|x64.Build.0 = Release|x64
		{A015F568-82A1-49DD-AB8D-BAD9FE329408}.Release|x86.ActiveCfg = Release|Win32
		{A015F568-82A1-49DD-AB8D-BAD9FE329408}.Release|x86.Build.0 = Release|Win32
		{16E31F5B-CD6C-48FF-A8C5-51731AFDFBAE}.Debug|x64.ActiveCfg = Debug|x64
		{16E31F5B-CD6C-48FF-A8C5-51731AFDFBAE}.Debug|x64.Build.0 = Debug|x64
		{16E31F5B-CD6C-48FF-A8C5-51731AFDFBAE}.Debug|x86.ActiveCfg = Debug|Win32
		{16E31F5B-CD6C-48FF-A8C5-51731AFDFBAE}.Debug|x86.Build.0 = Debug|Win32
		{16E31F5B-CD6C-48FF-A8C5-51731AFDFBAE}.Release|x64.ActiveCfg = Release|x64
		{16E31F5B-CD6C-48FF-A8C5-51731AFDFBAE}.Release|x64.Build.0 = Release|x64
		{16E31F5B-CD6C-48FF-A8C5-51731AFDFBAE}.Release|x86.ActiveCfg = Release|Win32
		{16E31F5B-CD6C-48FF-A8C5-51731AFDFBAE}.Release|x86.Build.0 = Release|Win32
		{7AA46A6A-3943-45E3-9263-6009D4019C58}.Debug|x64.ActiveCfg = Debug|x64
		{7AA46A6A-3943-45E3-9263-6009D4019C58}.Debug|x64.Build.0 = Debug|x64
		{7AA46A6A-3943-45E3-9263-6009D4019C58}.Debug|x86.ActiveCfg = Debug|Win32
		{7AA46A6A-3943-45E3-9263-6009D4019C58}.Debug|x86.Build.0 = Debug|Win32
		{7AA46A6A-3943-45E3-9263-6009D4019C58}.Release|x64.ActiveCfg = Release|x64
		{7AA46A6A-3943-45E3-9263-6009D4019C58}.Release|x64.Build.0 = Release|x64
		{7AA46A6A-3943-45E3-9263-6009D4019C58}.Release|x86.ActiveCfg = Release|Win32
		{7AA46A6A-3943-45E3-9263-6009D4019C58}.Release|x86.Build.0 = Release|Win32
		{1E459EC5-663D-49C9-B77A-978C44054BFA}.Debug|x64.ActiveCfg = Debug|x64
		{1E459EC5-663D-49C9-B77A-978C44054BFA}.Debug|x64.Build.0 = Debug|x64
		{1E459EC5-663D-49C9-B77A-978C44054BFA}.Debug|x86.ActiveCfg = Debug|Win32
		{1E459EC5-663D-49C9-B77A-978C44054BFA}.Debug|x86.Build.0 = Debug|Win32
		{1E459EC5-663D-49C9-B77A-978C44054BFA}.Release|x64.ActiveCfg = Release|x64
		{1E459EC5-663D-49C9-B77A-978C44054BFA}.Release|x64.Build.0 = Release|x64
		{1E459EC5-663D-49C9-B77A-978C44054BFA}.Release|x86.ActiveCfg = Release|Win32
		{1E459EC5-663D-49C9-B77A-978C44054BFA}.Release|x86.Build.0 = Release|Win32
		{8AC5EEDA-736B-4418-AE52-F442235BCC8B}.Debug|x64.ActiveCfg = Debug|x64
		{8AC5EEDA-736B-4418-AE52-F442235BCC8B}.Debug|x64.Build.0 = Debug|x64
		{8AC5EEDA-736B-4418-AE52-F442235BCC8B}.Debug|x86.ActiveCfg = Debug|Win32
		{8AC5EEDA-736B-4418-AE52-F442235BCC8B}.Debug|x86.Build.0 = Debug|Win32
		{8AC5EEDA-736B-4418-AE52-F442235BCC8B}.Release|x64.ActiveCfg = Release|x64
		{8AC5EEDA-736B-4418-AE52-F442235BCC8B}.Release|x64.Build.0 = Release|x64
		{8AC5EEDA-736B-4418-AE52-F442235BCC8B}.Release|x86.ActiveCfg = Release|Win32
		{8AC5EEDA-736B-4418-AE52-F442235BCC8B}.Release|x86.Build.0 = Release|Win32
		{C55E0FC4-09F9-497B-8C89-F974E8A6E0B3}.Debug|x64.ActiveCfg = Debug|x64
		{C55E0FC4-09F9-497B-8C89-F974E8A6E0B3}.Debug|x64.Build.0 = Debug|x64
		{C55E0FC4-09F9-497B-8C89-F974E8A6E0B3}.Debug|x86.ActiveCfg = Debug|Win32
		{C55E0FC4-09F9-497B-8C89-F974E8A6E0B3}.Debug|x86.Build.0 = Debug|Win32
		{C55E0FC4-09F9-497B-8C89-F974E8A6E0B3}.Release|x64.ActiveCfg = Release|x64
		{C55E0FC4-09F9-497B-8C89-F974E8A6E0B3}.Release|x64.Build.0 = Release|x64
		{C55E0FC4-09F9-497B-8C89-F974E8A6E0B3}.Release|x86.ActiveCfg = Release|Win32
		{C55E0FC4-09F9-497B-8C89-F974E8A6E0B3}.Release|x86.Build.0 = Release|Win32
		{299FA9D3-23EC-4B5C-ADA8-DF94E61EB321}.Debug|x64.ActiveCfg = Debug|x64
		{299FA9D3-23EC-4B5C-ADA8-DF94E61EB321}.Debug|x64.Build.0 = Debug|x64
		{299FA9D3-23EC-4B5C-ADA8-DF94E61EB321}.Debug|x86.ActiveCfg = Debug|Win32
		{299FA9D3-23EC-4B5C-ADA8-DF94E61EB321}.Debug|x86.Build.0 = Debug|Win32
		{299FA9D3-23EC-4B5C-ADA8-DF94E61EB321}.Release|x64.ActiveCfg = Release|x64
		{299FA9D3-23EC-4B5C-ADA8-DF94E61EB321}.Release|x64.Build.0 = Release|x64
		{299FA9D3-23EC-4B5C-ADA8-DF94E61EB321}.Release|x86.ActiveCfg = Release|Win32
		{299FA9D3-23EC-4B5C-ADA8-DF94E61EB321}.Release|x86.Build.0 = Release|Win32
	EndGlobalSection
	GlobalSection(SolutionProperties) = preSolution
		HideSolutionNode = FALSE
	EndGlobalSection
	GlobalSection(ExtensibilityGlobals) = postSolution
		SolutionGuid = {C6B7E346-9E34-4D10-AD89-F05BB480DC7F}
	EndGlobalSection
EndGlobal
