
Microsoft Visual Studio Solution File, Format Version 12.00
# Visual Studio Version 17
VisualStudioVersion = 17.5.33414.496
MinimumVisualStudioVersion = 10.0.40219.1
Project("{8BC9CEB8-8B4A-11D0-8D11-00A0C91BC942}") = "DuAn01", "DuAn01\DuAn01.vcxproj", "{BD51077D-1986-46E1-8F17-41F3CC798C68}"
EndProject
Project("{8BC9CEB8-8B4A-11D0-8D11-00A0C91BC942}") = "DuAn02", "DuAn2\DuAn2.vcxproj", "{DA6F7553-D09A-4574-AD17-C4A7AE830B70}"
EndProject
Project("{8BC9CEB8-8B4A-11D0-8D11-00A0C91BC942}") = "DuAn03", "DuAn03\DuAn03.vcxproj", "{0915330F-383A-495C-8D14-291BF5ADCFC5}"
EndProject
Project("{8BC9CEB8-8B4A-11D0-8D11-00A0C91BC942}") = "DuAn04", "DuAn04\DuAn04.vcxproj", "{F3BD664F-A586-433A-8842-37CD62E79EB2}"
EndProject
Project("{8BC9CEB8-8B4A-11D0-8D11-00A0C91BC942}") = "DuAn4.1", "DuAn4.1\DuAn4.1.vcxproj", "{94CF8E1A-3F7C-4452-BB52-6EAFD5B10805}"
EndProject
Project("{8BC9CEB8-8B4A-11D0-8D11-00A0C91BC942}") = "Project_G01", "Project_G01\Project_G01.vcxproj", "{E4D20B67-2233-4AD5-A6EB-8BE53369549C}"
EndProject
Project("{8BC9CEB8-8B4A-11D0-8D11-00A0C91BC942}") = "Project_G02", "Project_G02\Project_G02.vcxproj", "{B70762BE-CB8A-44B8-AF2A-3BCEECC00441}"
EndProject
Project("{8BC9CEB8-8B4A-11D0-8D11-00A0C91BC942}") = "Project_G03", "Project_G03\Project_G03.vcxproj", "{E320933F-3913-4AC9-BD2B-7BC4FA0F2E82}"
EndProject
Project("{8BC9CEB8-8B4A-11D0-8D11-00A0C91BC942}") = "Project1_G04", "Project1_G04\Project1_G04.vcxproj", "{48CA35F2-445F-4A2B-BDE7-F11228E9E6CB}"
EndProject
Project("{8BC9CEB8-8B4A-11D0-8D11-00A0C91BC942}") = "Project_H01", "Project_H01\Project_H01.vcxproj", "{74288CC9-B22A-408C-9174-13A0F6C6DD57}"
EndProject
Project("{8BC9CEB8-8B4A-11D0-8D11-00A0C91BC942}") = "Project_H02", "Project_H02\Project_H02.vcxproj", "{58BF236D-3572-4093-B828-E37DB00766A8}"
EndProject
Project("{8BC9CEB8-8B4A-11D0-8D11-00A0C91BC942}") = "Project_H03", "Project_H03\Project_H03.vcxproj", "{12E612E1-A054-4578-A168-A7D1739DA759}"
EndProject
Project("{8BC9CEB8-8B4A-11D0-8D11-00A0C91BC942}") = "Project_H04", "Project_H04\Project_H04.vcxproj", "{D4C0BF03-A7AE-4F3A-898A-461BF58403A0}"
EndProject
Project("{8BC9CEB8-8B4A-11D0-8D11-00A0C91BC942}") = "Project_H05", "Project_H05\Project_H05.vcxproj", "{47D808E1-CF66-4E17-894A-D456CF840643}"
EndProject
Project("{8BC9CEB8-8B4A-11D0-8D11-00A0C91BC942}") = "DslkD", "DslkD\DslkD.vcxproj", "{C607C8BD-284F-47F1-BB61-11087DC51A32}"
EndProject
Project("{8BC9CEB8-8B4A-11D0-8D11-00A0C91BC942}") = "Project_G06", "Project_G06\Project_G06.vcxproj", "{B06D019C-4212-4D42-8716-23D4E66E1075}"
EndProject
Project("{8BC9CEB8-8B4A-11D0-8D11-00A0C91BC942}") = "Project_G05", "Project_G05\Project_G05.vcxproj", "{80AF5984-887F-421F-8704-3BF29F558264}"
EndProject
Project("{8BC9CEB8-8B4A-11D0-8D11-00A0C91BC942}") = "Project_H06", "Project_H06\Project_H06.vcxproj", "{91A89D27-D88A-4D05-AE66-639BFCC8C8F8}"
EndProject
Global
	GlobalSection(SolutionConfigurationPlatforms) = preSolution
		Debug|x64 = Debug|x64
		Debug|x86 = Debug|x86
		Release|x64 = Release|x64
		Release|x86 = Release|x86
	EndGlobalSection
	GlobalSection(ProjectConfigurationPlatforms) = postSolution
		{BD51077D-1986-46E1-8F17-41F3CC798C68}.Debug|x64.ActiveCfg = Debug|x64
		{BD51077D-1986-46E1-8F17-41F3CC798C68}.Debug|x64.Build.0 = Debug|x64
		{BD51077D-1986-46E1-8F17-41F3CC798C68}.Debug|x86.ActiveCfg = Debug|Win32
		{BD51077D-1986-46E1-8F17-41F3CC798C68}.Debug|x86.Build.0 = Debug|Win32
		{BD51077D-1986-46E1-8F17-41F3CC798C68}.Release|x64.ActiveCfg = Release|x64
		{BD51077D-1986-46E1-8F17-41F3CC798C68}.Release|x64.Build.0 = Release|x64
		{BD51077D-1986-46E1-8F17-41F3CC798C68}.Release|x86.ActiveCfg = Release|Win32
		{BD51077D-1986-46E1-8F17-41F3CC798C68}.Release|x86.Build.0 = Release|Win32
		{DA6F7553-D09A-4574-AD17-C4A7AE830B70}.Debug|x64.ActiveCfg = Debug|x64
		{DA6F7553-D09A-4574-AD17-C4A7AE830B70}.Debug|x64.Build.0 = Debug|x64
		{DA6F7553-D09A-4574-AD17-C4A7AE830B70}.Debug|x86.ActiveCfg = Debug|Win32
		{DA6F7553-D09A-4574-AD17-C4A7AE830B70}.Debug|x86.Build.0 = Debug|Win32
		{DA6F7553-D09A-4574-AD17-C4A7AE830B70}.Release|x64.ActiveCfg = Release|x64
		{DA6F7553-D09A-4574-AD17-C4A7AE830B70}.Release|x64.Build.0 = Release|x64
		{DA6F7553-D09A-4574-AD17-C4A7AE830B70}.Release|x86.ActiveCfg = Release|Win32
		{DA6F7553-D09A-4574-AD17-C4A7AE830B70}.Release|x86.Build.0 = Release|Win32
		{0915330F-383A-495C-8D14-291BF5ADCFC5}.Debug|x64.ActiveCfg = Debug|x64
		{0915330F-383A-495C-8D14-291BF5ADCFC5}.Debug|x64.Build.0 = Debug|x64
		{0915330F-383A-495C-8D14-291BF5ADCFC5}.Debug|x86.ActiveCfg = Debug|Win32
		{0915330F-383A-495C-8D14-291BF5ADCFC5}.Debug|x86.Build.0 = Debug|Win32
		{0915330F-383A-495C-8D14-291BF5ADCFC5}.Release|x64.ActiveCfg = Release|x64
		{0915330F-383A-495C-8D14-291BF5ADCFC5}.Release|x64.Build.0 = Release|x64
		{0915330F-383A-495C-8D14-291BF5ADCFC5}.Release|x86.ActiveCfg = Release|Win32
		{0915330F-383A-495C-8D14-291BF5ADCFC5}.Release|x86.Build.0 = Release|Win32
		{F3BD664F-A586-433A-8842-37CD62E79EB2}.Debug|x64.ActiveCfg = Debug|x64
		{F3BD664F-A586-433A-8842-37CD62E79EB2}.Debug|x64.Build.0 = Debug|x64
		{F3BD664F-A586-433A-8842-37CD62E79EB2}.Debug|x86.ActiveCfg = Debug|Win32
		{F3BD664F-A586-433A-8842-37CD62E79EB2}.Debug|x86.Build.0 = Debug|Win32
		{F3BD664F-A586-433A-8842-37CD62E79EB2}.Release|x64.ActiveCfg = Release|x64
		{F3BD664F-A586-433A-8842-37CD62E79EB2}.Release|x64.Build.0 = Release|x64
		{F3BD664F-A586-433A-8842-37CD62E79EB2}.Release|x86.ActiveCfg = Release|Win32
		{F3BD664F-A586-433A-8842-37CD62E79EB2}.Release|x86.Build.0 = Release|Win32
		{94CF8E1A-3F7C-4452-BB52-6EAFD5B10805}.Debug|x64.ActiveCfg = Debug|x64
		{94CF8E1A-3F7C-4452-BB52-6EAFD5B10805}.Debug|x64.Build.0 = Debug|x64
		{94CF8E1A-3F7C-4452-BB52-6EAFD5B10805}.Debug|x86.ActiveCfg = Debug|Win32
		{94CF8E1A-3F7C-4452-BB52-6EAFD5B10805}.Debug|x86.Build.0 = Debug|Win32
		{94CF8E1A-3F7C-4452-BB52-6EAFD5B10805}.Release|x64.ActiveCfg = Release|x64
		{94CF8E1A-3F7C-4452-BB52-6EAFD5B10805}.Release|x64.Build.0 = Release|x64
		{94CF8E1A-3F7C-4452-BB52-6EAFD5B10805}.Release|x86.ActiveCfg = Release|Win32
		{94CF8E1A-3F7C-4452-BB52-6EAFD5B10805}.Release|x86.Build.0 = Release|Win32
		{E4D20B67-2233-4AD5-A6EB-8BE53369549C}.Debug|x64.ActiveCfg = Debug|x64
		{E4D20B67-2233-4AD5-A6EB-8BE53369549C}.Debug|x64.Build.0 = Debug|x64
		{E4D20B67-2233-4AD5-A6EB-8BE53369549C}.Debug|x86.ActiveCfg = Debug|Win32
		{E4D20B67-2233-4AD5-A6EB-8BE53369549C}.Debug|x86.Build.0 = Debug|Win32
		{E4D20B67-2233-4AD5-A6EB-8BE53369549C}.Release|x64.ActiveCfg = Release|x64
		{E4D20B67-2233-4AD5-A6EB-8BE53369549C}.Release|x64.Build.0 = Release|x64
		{E4D20B67-2233-4AD5-A6EB-8BE53369549C}.Release|x86.ActiveCfg = Release|Win32
		{E4D20B67-2233-4AD5-A6EB-8BE53369549C}.Release|x86.Build.0 = Release|Win32
		{B70762BE-CB8A-44B8-AF2A-3BCEECC00441}.Debug|x64.ActiveCfg = Debug|x64
		{B70762BE-CB8A-44B8-AF2A-3BCEECC00441}.Debug|x64.Build.0 = Debug|x64
		{B70762BE-CB8A-44B8-AF2A-3BCEECC00441}.Debug|x86.ActiveCfg = Debug|Win32
		{B70762BE-CB8A-44B8-AF2A-3BCEECC00441}.Debug|x86.Build.0 = Debug|Win32
		{B70762BE-CB8A-44B8-AF2A-3BCEECC00441}.Release|x64.ActiveCfg = Release|x64
		{B70762BE-CB8A-44B8-AF2A-3BCEECC00441}.Release|x64.Build.0 = Release|x64
		{B70762BE-CB8A-44B8-AF2A-3BCEECC00441}.Release|x86.ActiveCfg = Release|Win32
		{B70762BE-CB8A-44B8-AF2A-3BCEECC00441}.Release|x86.Build.0 = Release|Win32
		{E320933F-3913-4AC9-BD2B-7BC4FA0F2E82}.Debug|x64.ActiveCfg = Debug|x64
		{E320933F-3913-4AC9-BD2B-7BC4FA0F2E82}.Debug|x64.Build.0 = Debug|x64
		{E320933F-3913-4AC9-BD2B-7BC4FA0F2E82}.Debug|x86.ActiveCfg = Debug|Win32
		{E320933F-3913-4AC9-BD2B-7BC4FA0F2E82}.Debug|x86.Build.0 = Debug|Win32
		{E320933F-3913-4AC9-BD2B-7BC4FA0F2E82}.Release|x64.ActiveCfg = Release|x64
		{E320933F-3913-4AC9-BD2B-7BC4FA0F2E82}.Release|x64.Build.0 = Release|x64
		{E320933F-3913-4AC9-BD2B-7BC4FA0F2E82}.Release|x86.ActiveCfg = Release|Win32
		{E320933F-3913-4AC9-BD2B-7BC4FA0F2E82}.Release|x86.Build.0 = Release|Win32
		{48CA35F2-445F-4A2B-BDE7-F11228E9E6CB}.Debug|x64.ActiveCfg = Debug|x64
		{48CA35F2-445F-4A2B-BDE7-F11228E9E6CB}.Debug|x64.Build.0 = Debug|x64
		{48CA35F2-445F-4A2B-BDE7-F11228E9E6CB}.Debug|x86.ActiveCfg = Debug|Win32
		{48CA35F2-445F-4A2B-BDE7-F11228E9E6CB}.Debug|x86.Build.0 = Debug|Win32
		{48CA35F2-445F-4A2B-BDE7-F11228E9E6CB}.Release|x64.ActiveCfg = Release|x64
		{48CA35F2-445F-4A2B-BDE7-F11228E9E6CB}.Release|x64.Build.0 = Release|x64
		{48CA35F2-445F-4A2B-BDE7-F11228E9E6CB}.Release|x86.ActiveCfg = Release|Win32
		{48CA35F2-445F-4A2B-BDE7-F11228E9E6CB}.Release|x86.Build.0 = Release|Win32
		{74288CC9-B22A-408C-9174-13A0F6C6DD57}.Debug|x64.ActiveCfg = Debug|x64
		{74288CC9-B22A-408C-9174-13A0F6C6DD57}.Debug|x64.Build.0 = Debug|x64
		{74288CC9-B22A-408C-9174-13A0F6C6DD57}.Debug|x86.ActiveCfg = Debug|Win32
		{74288CC9-B22A-408C-9174-13A0F6C6DD57}.Debug|x86.Build.0 = Debug|Win32
		{74288CC9-B22A-408C-9174-13A0F6C6DD57}.Release|x64.ActiveCfg = Release|x64
		{74288CC9-B22A-408C-9174-13A0F6C6DD57}.Release|x64.Build.0 = Release|x64
		{74288CC9-B22A-408C-9174-13A0F6C6DD57}.Release|x86.ActiveCfg = Release|Win32
		{74288CC9-B22A-408C-9174-13A0F6C6DD57}.Release|x86.Build.0 = Release|Win32
		{58BF236D-3572-4093-B828-E37DB00766A8}.Debug|x64.ActiveCfg = Debug|x64
		{58BF236D-3572-4093-B828-E37DB00766A8}.Debug|x64.Build.0 = Debug|x64
		{58BF236D-3572-4093-B828-E37DB00766A8}.Debug|x86.ActiveCfg = Debug|Win32
		{58BF236D-3572-4093-B828-E37DB00766A8}.Debug|x86.Build.0 = Debug|Win32
		{58BF236D-3572-4093-B828-E37DB00766A8}.Release|x64.ActiveCfg = Release|x64
		{58BF236D-3572-4093-B828-E37DB00766A8}.Release|x64.Build.0 = Release|x64
		{58BF236D-3572-4093-B828-E37DB00766A8}.Release|x86.ActiveCfg = Release|Win32
		{58BF236D-3572-4093-B828-E37DB00766A8}.Release|x86.Build.0 = Release|Win32
		{12E612E1-A054-4578-A168-A7D1739DA759}.Debug|x64.ActiveCfg = Debug|x64
		{12E612E1-A054-4578-A168-A7D1739DA759}.Debug|x64.Build.0 = Debug|x64
		{12E612E1-A054-4578-A168-A7D1739DA759}.Debug|x86.ActiveCfg = Debug|Win32
		{12E612E1-A054-4578-A168-A7D1739DA759}.Debug|x86.Build.0 = Debug|Win32
		{12E612E1-A054-4578-A168-A7D1739DA759}.Release|x64.ActiveCfg = Release|x64
		{12E612E1-A054-4578-A168-A7D1739DA759}.Release|x64.Build.0 = Release|x64
		{12E612E1-A054-4578-A168-A7D1739DA759}.Release|x86.ActiveCfg = Release|Win32
		{12E612E1-A054-4578-A168-A7D1739DA759}.Release|x86.Build.0 = Release|Win32
		{D4C0BF03-A7AE-4F3A-898A-461BF58403A0}.Debug|x64.ActiveCfg = Debug|x64
		{D4C0BF03-A7AE-4F3A-898A-461BF58403A0}.Debug|x64.Build.0 = Debug|x64
		{D4C0BF03-A7AE-4F3A-898A-461BF58403A0}.Debug|x86.ActiveCfg = Debug|Win32
		{D4C0BF03-A7AE-4F3A-898A-461BF58403A0}.Debug|x86.Build.0 = Debug|Win32
		{D4C0BF03-A7AE-4F3A-898A-461BF58403A0}.Release|x64.ActiveCfg = Release|x64
		{D4C0BF03-A7AE-4F3A-898A-461BF58403A0}.Release|x64.Build.0 = Release|x64
		{D4C0BF03-A7AE-4F3A-898A-461BF58403A0}.Release|x86.ActiveCfg = Release|Win32
		{D4C0BF03-A7AE-4F3A-898A-461BF58403A0}.Release|x86.Build.0 = Release|Win32
		{47D808E1-CF66-4E17-894A-D456CF840643}.Debug|x64.ActiveCfg = Debug|x64
		{47D808E1-CF66-4E17-894A-D456CF840643}.Debug|x64.Build.0 = Debug|x64
		{47D808E1-CF66-4E17-894A-D456CF840643}.Debug|x86.ActiveCfg = Debug|Win32
		{47D808E1-CF66-4E17-894A-D456CF840643}.Debug|x86.Build.0 = Debug|Win32
		{47D808E1-CF66-4E17-894A-D456CF840643}.Release|x64.ActiveCfg = Release|x64
		{47D808E1-CF66-4E17-894A-D456CF840643}.Release|x64.Build.0 = Release|x64
		{47D808E1-CF66-4E17-894A-D456CF840643}.Release|x86.ActiveCfg = Release|Win32
		{47D808E1-CF66-4E17-894A-D456CF840643}.Release|x86.Build.0 = Release|Win32
		{C607C8BD-284F-47F1-BB61-11087DC51A32}.Debug|x64.ActiveCfg = Debug|x64
		{C607C8BD-284F-47F1-BB61-11087DC51A32}.Debug|x64.Build.0 = Debug|x64
		{C607C8BD-284F-47F1-BB61-11087DC51A32}.Debug|x86.ActiveCfg = Debug|Win32
		{C607C8BD-284F-47F1-BB61-11087DC51A32}.Debug|x86.Build.0 = Debug|Win32
		{C607C8BD-284F-47F1-BB61-11087DC51A32}.Release|x64.ActiveCfg = Release|x64
		{C607C8BD-284F-47F1-BB61-11087DC51A32}.Release|x64.Build.0 = Release|x64
		{C607C8BD-284F-47F1-BB61-11087DC51A32}.Release|x86.ActiveCfg = Release|Win32
		{C607C8BD-284F-47F1-BB61-11087DC51A32}.Release|x86.Build.0 = Release|Win32
		{B06D019C-4212-4D42-8716-23D4E66E1075}.Debug|x64.ActiveCfg = Debug|x64
		{B06D019C-4212-4D42-8716-23D4E66E1075}.Debug|x64.Build.0 = Debug|x64
		{B06D019C-4212-4D42-8716-23D4E66E1075}.Debug|x86.ActiveCfg = Debug|Win32
		{B06D019C-4212-4D42-8716-23D4E66E1075}.Debug|x86.Build.0 = Debug|Win32
		{B06D019C-4212-4D42-8716-23D4E66E1075}.Release|x64.ActiveCfg = Release|x64
		{B06D019C-4212-4D42-8716-23D4E66E1075}.Release|x64.Build.0 = Release|x64
		{B06D019C-4212-4D42-8716-23D4E66E1075}.Release|x86.ActiveCfg = Release|Win32
		{B06D019C-4212-4D42-8716-23D4E66E1075}.Release|x86.Build.0 = Release|Win32
		{80AF5984-887F-421F-8704-3BF29F558264}.Debug|x64.ActiveCfg = Debug|x64
		{80AF5984-887F-421F-8704-3BF29F558264}.Debug|x64.Build.0 = Debug|x64
		{80AF5984-887F-421F-8704-3BF29F558264}.Debug|x86.ActiveCfg = Debug|Win32
		{80AF5984-887F-421F-8704-3BF29F558264}.Debug|x86.Build.0 = Debug|Win32
		{80AF5984-887F-421F-8704-3BF29F558264}.Release|x64.ActiveCfg = Release|x64
		{80AF5984-887F-421F-8704-3BF29F558264}.Release|x64.Build.0 = Release|x64
		{80AF5984-887F-421F-8704-3BF29F558264}.Release|x86.ActiveCfg = Release|Win32
		{80AF5984-887F-421F-8704-3BF29F558264}.Release|x86.Build.0 = Release|Win32
		{91A89D27-D88A-4D05-AE66-639BFCC8C8F8}.Debug|x64.ActiveCfg = Debug|x64
		{91A89D27-D88A-4D05-AE66-639BFCC8C8F8}.Debug|x64.Build.0 = Debug|x64
		{91A89D27-D88A-4D05-AE66-639BFCC8C8F8}.Debug|x86.ActiveCfg = Debug|Win32
		{91A89D27-D88A-4D05-AE66-639BFCC8C8F8}.Debug|x86.Build.0 = Debug|Win32
		{91A89D27-D88A-4D05-AE66-639BFCC8C8F8}.Release|x64.ActiveCfg = Release|x64
		{91A89D27-D88A-4D05-AE66-639BFCC8C8F8}.Release|x64.Build.0 = Release|x64
		{91A89D27-D88A-4D05-AE66-639BFCC8C8F8}.Release|x86.ActiveCfg = Release|Win32
		{91A89D27-D88A-4D05-AE66-639BFCC8C8F8}.Release|x86.Build.0 = Release|Win32
	EndGlobalSection
	GlobalSection(SolutionProperties) = preSolution
		HideSolutionNode = FALSE
	EndGlobalSection
	GlobalSection(ExtensibilityGlobals) = postSolution
		SolutionGuid = {947335A9-5326-44FF-92EB-A406BA88CF74}
	EndGlobalSection
EndGlobal
