
Microsoft Visual Studio Solution File, Format Version 12.00
# Visual Studio Version 17
VisualStudioVersion = 17.5.33414.496
MinimumVisualStudioVersion = 10.0.40219.1
Project("{8BC9CEB8-8B4A-11D0-8D11-00A0C91BC942}") = "Bai01", "Bai01\Bai01.vcxproj", "{6471E686-D4DB-4B11-9571-77D1C5102ABE}"
EndProject
Project("{8BC9CEB8-8B4A-11D0-8D11-00A0C91BC942}") = "Bai02", "Bai02\Bai02.vcxproj", "{5DC385E3-1B91-4BF1-B85F-60DFF26B4830}"
EndProject
Project("{8BC9CEB8-8B4A-11D0-8D11-00A0C91BC942}") = "Bai04", "Bai04\Bai04.vcxproj", "{B1BE3C18-BB69-4ED3-AC1C-20657BFED69F}"
EndProject
Project("{8BC9CEB8-8B4A-11D0-8D11-00A0C91BC942}") = "Bai03", "Bai03\Bai03.vcxproj", "{378F93BD-A307-43F1-9080-FDCAC1F80CF3}"
EndProject
Project("{8BC9CEB8-8B4A-11D0-8D11-00A0C91BC942}") = "Bai05", "Bai05\Bai05.vcxproj", "{A4187C1A-4A6B-41F8-A15B-7B14B8F2CDCB}"
EndProject
Project("{8BC9CEB8-8B4A-11D0-8D11-00A0C91BC942}") = "Bai06", "Bai06\Bai06.vcxproj", "{8FF7193A-C381-4BFF-9398-16E7FC95A4AC}"
EndProject
Project("{8BC9CEB8-8B4A-11D0-8D11-00A0C91BC942}") = "Bai07", "Bai07\Bai07.vcxproj", "{2487111B-2C70-42BD-975E-3C6B118A9A0A}"
EndProject
Project("{8BC9CEB8-8B4A-11D0-8D11-00A0C91BC942}") = "Bai08", "Bai08\Bai08.vcxproj", "{174B1451-A278-4EE7-9811-B9D9161E2789}"
EndProject
Project("{8BC9CEB8-8B4A-11D0-8D11-00A0C91BC942}") = "Bai09", "Bai09\Bai09.vcxproj", "{AB4EB915-BC69-4E1D-ACBA-5030B5DB4D66}"
EndProject
Global
	GlobalSection(SolutionConfigurationPlatforms) = preSolution
		Debug|x64 = Debug|x64
		Debug|x86 = Debug|x86
		Release|x64 = Release|x64
		Release|x86 = Release|x86
	EndGlobalSection
	GlobalSection(ProjectConfigurationPlatforms) = postSolution
		{6471E686-D4DB-4B11-9571-77D1C5102ABE}.Debug|x64.ActiveCfg = Debug|x64
		{6471E686-D4DB-4B11-9571-77D1C5102ABE}.Debug|x64.Build.0 = Debug|x64
		{6471E686-D4DB-4B11-9571-77D1C5102ABE}.Debug|x86.ActiveCfg = Debug|Win32
		{6471E686-D4DB-4B11-9571-77D1C5102ABE}.Debug|x86.Build.0 = Debug|Win32
		{6471E686-D4DB-4B11-9571-77D1C5102ABE}.Release|x64.ActiveCfg = Release|x64
		{6471E686-D4DB-4B11-9571-77D1C5102ABE}.Release|x64.Build.0 = Release|x64
		{6471E686-D4DB-4B11-9571-77D1C5102ABE}.Release|x86.ActiveCfg = Release|Win32
		{6471E686-D4DB-4B11-9571-77D1C5102ABE}.Release|x86.Build.0 = Release|Win32
		{5DC385E3-1B91-4BF1-B85F-60DFF26B4830}.Debug|x64.ActiveCfg = Debug|x64
		{5DC385E3-1B91-4BF1-B85F-60DFF26B4830}.Debug|x64.Build.0 = Debug|x64
		{5DC385E3-1B91-4BF1-B85F-60DFF26B4830}.Debug|x86.ActiveCfg = Debug|Win32
		{5DC385E3-1B91-4BF1-B85F-60DFF26B4830}.Debug|x86.Build.0 = Debug|Win32
		{5DC385E3-1B91-4BF1-B85F-60DFF26B4830}.Release|x64.ActiveCfg = Release|x64
		{5DC385E3-1B91-4BF1-B85F-60DFF26B4830}.Release|x64.Build.0 = Release|x64
		{5DC385E3-1B91-4BF1-B85F-60DFF26B4830}.Release|x86.ActiveCfg = Release|Win32
		{5DC385E3-1B91-4BF1-B85F-60DFF26B4830}.Release|x86.Build.0 = Release|Win32
		{B1BE3C18-BB69-4ED3-AC1C-20657BFED69F}.Debug|x64.ActiveCfg = Debug|x64
		{B1BE3C18-BB69-4ED3-AC1C-20657BFED69F}.Debug|x64.Build.0 = Debug|x64
		{B1BE3C18-BB69-4ED3-AC1C-20657BFED69F}.Debug|x86.ActiveCfg = Debug|Win32
		{B1BE3C18-BB69-4ED3-AC1C-20657BFED69F}.Debug|x86.Build.0 = Debug|Win32
		{B1BE3C18-BB69-4ED3-AC1C-20657BFED69F}.Release|x64.ActiveCfg = Release|x64
		{B1BE3C18-BB69-4ED3-AC1C-20657BFED69F}.Release|x64.Build.0 = Release|x64
		{B1BE3C18-BB69-4ED3-AC1C-20657BFED69F}.Release|x86.ActiveCfg = Release|Win32
		{B1BE3C18-BB69-4ED3-AC1C-20657BFED69F}.Release|x86.Build.0 = Release|Win32
		{378F93BD-A307-43F1-9080-FDCAC1F80CF3}.Debug|x64.ActiveCfg = Debug|x64
		{378F93BD-A307-43F1-9080-FDCAC1F80CF3}.Debug|x64.Build.0 = Debug|x64
		{378F93BD-A307-43F1-9080-FDCAC1F80CF3}.Debug|x86.ActiveCfg = Debug|Win32
		{378F93BD-A307-43F1-9080-FDCAC1F80CF3}.Debug|x86.Build.0 = Debug|Win32
		{378F93BD-A307-43F1-9080-FDCAC1F80CF3}.Release|x64.ActiveCfg = Release|x64
		{378F93BD-A307-43F1-9080-FDCAC1F80CF3}.Release|x64.Build.0 = Release|x64
		{378F93BD-A307-43F1-9080-FDCAC1F80CF3}.Release|x86.ActiveCfg = Release|Win32
		{378F93BD-A307-43F1-9080-FDCAC1F80CF3}.Release|x86.Build.0 = Release|Win32
		{A4187C1A-4A6B-41F8-A15B-7B14B8F2CDCB}.Debug|x64.ActiveCfg = Debug|x64
		{A4187C1A-4A6B-41F8-A15B-7B14B8F2CDCB}.Debug|x64.Build.0 = Debug|x64
		{A4187C1A-4A6B-41F8-A15B-7B14B8F2CDCB}.Debug|x86.ActiveCfg = Debug|Win32
		{A4187C1A-4A6B-41F8-A15B-7B14B8F2CDCB}.Debug|x86.Build.0 = Debug|Win32
		{A4187C1A-4A6B-41F8-A15B-7B14B8F2CDCB}.Release|x64.ActiveCfg = Release|x64
		{A4187C1A-4A6B-41F8-A15B-7B14B8F2CDCB}.Release|x64.Build.0 = Release|x64
		{A4187C1A-4A6B-41F8-A15B-7B14B8F2CDCB}.Release|x86.ActiveCfg = Release|Win32
		{A4187C1A-4A6B-41F8-A15B-7B14B8F2CDCB}.Release|x86.Build.0 = Release|Win32
		{8FF7193A-C381-4BFF-9398-16E7FC95A4AC}.Debug|x64.ActiveCfg = Debug|x64
		{8FF7193A-C381-4BFF-9398-16E7FC95A4AC}.Debug|x64.Build.0 = Debug|x64
		{8FF7193A-C381-4BFF-9398-16E7FC95A4AC}.Debug|x86.ActiveCfg = Debug|Win32
		{8FF7193A-C381-4BFF-9398-16E7FC95A4AC}.Debug|x86.Build.0 = Debug|Win32
		{8FF7193A-C381-4BFF-9398-16E7FC95A4AC}.Release|x64.ActiveCfg = Release|x64
		{8FF7193A-C381-4BFF-9398-16E7FC95A4AC}.Release|x64.Build.0 = Release|x64
		{8FF7193A-C381-4BFF-9398-16E7FC95A4AC}.Release|x86.ActiveCfg = Release|Win32
		{8FF7193A-C381-4BFF-9398-16E7FC95A4AC}.Release|x86.Build.0 = Release|Win32
		{2487111B-2C70-42BD-975E-3C6B118A9A0A}.Debug|x64.ActiveCfg = Debug|x64
		{2487111B-2C70-42BD-975E-3C6B118A9A0A}.Debug|x64.Build.0 = Debug|x64
		{2487111B-2C70-42BD-975E-3C6B118A9A0A}.Debug|x86.ActiveCfg = Debug|Win32
		{2487111B-2C70-42BD-975E-3C6B118A9A0A}.Debug|x86.Build.0 = Debug|Win32
		{2487111B-2C70-42BD-975E-3C6B118A9A0A}.Release|x64.ActiveCfg = Release|x64
		{2487111B-2C70-42BD-975E-3C6B118A9A0A}.Release|x64.Build.0 = Release|x64
		{2487111B-2C70-42BD-975E-3C6B118A9A0A}.Release|x86.ActiveCfg = Release|Win32
		{2487111B-2C70-42BD-975E-3C6B118A9A0A}.Release|x86.Build.0 = Release|Win32
		{174B1451-A278-4EE7-9811-B9D9161E2789}.Debug|x64.ActiveCfg = Debug|x64
		{174B1451-A278-4EE7-9811-B9D9161E2789}.Debug|x64.Build.0 = Debug|x64
		{174B1451-A278-4EE7-9811-B9D9161E2789}.Debug|x86.ActiveCfg = Debug|Win32
		{174B1451-A278-4EE7-9811-B9D9161E2789}.Debug|x86.Build.0 = Debug|Win32
		{174B1451-A278-4EE7-9811-B9D9161E2789}.Release|x64.ActiveCfg = Release|x64
		{174B1451-A278-4EE7-9811-B9D9161E2789}.Release|x64.Build.0 = Release|x64
		{174B1451-A278-4EE7-9811-B9D9161E2789}.Release|x86.ActiveCfg = Release|Win32
		{174B1451-A278-4EE7-9811-B9D9161E2789}.Release|x86.Build.0 = Release|Win32
		{AB4EB915-BC69-4E1D-ACBA-5030B5DB4D66}.Debug|x64.ActiveCfg = Debug|x64
		{AB4EB915-BC69-4E1D-ACBA-5030B5DB4D66}.Debug|x64.Build.0 = Debug|x64
		{AB4EB915-BC69-4E1D-ACBA-5030B5DB4D66}.Debug|x86.ActiveCfg = Debug|Win32
		{AB4EB915-BC69-4E1D-ACBA-5030B5DB4D66}.Debug|x86.Build.0 = Debug|Win32
		{AB4EB915-BC69-4E1D-ACBA-5030B5DB4D66}.Release|x64.ActiveCfg = Release|x64
		{AB4EB915-BC69-4E1D-ACBA-5030B5DB4D66}.Release|x64.Build.0 = Release|x64
		{AB4EB915-BC69-4E1D-ACBA-5030B5DB4D66}.Release|x86.ActiveCfg = Release|Win32
		{AB4EB915-BC69-4E1D-ACBA-5030B5DB4D66}.Release|x86.Build.0 = Release|Win32
	EndGlobalSection
	GlobalSection(SolutionProperties) = preSolution
		HideSolutionNode = FALSE
	EndGlobalSection
	GlobalSection(ExtensibilityGlobals) = postSolution
		SolutionGuid = {B716E6E4-3397-4FEC-8891-BA549DF27A32}
	EndGlobalSection
EndGlobal
