
Microsoft Visual Studio Solution File, Format Version 12.00
# Visual Studio Version 17
VisualStudioVersion = 17.5.33414.496
MinimumVisualStudioVersion = 10.0.40219.1
Project("{888888A0-9F3D-457C-B088-3A5042F75D52}") = "project1", "project1\project1.pyproj", "{DCDF8DB3-FA02-4C4E-82D4-90D14681A593}"
EndProject
Project("{888888A0-9F3D-457C-B088-3A5042F75D52}") = "Bai 006", "Bai 006\Bai 006.pyproj", "{755CB80E-F57B-47E0-8E33-3E45C9A03B61}"
EndProject
Project("{888888A0-9F3D-457C-B088-3A5042F75D52}") = "Bai 012", "Bai 012\Bai 012.pyproj", "{0F3DB019-1CA0-4AD2-AAB6-E554B54F1C03}"
EndProject
Project("{888888A0-9F3D-457C-B088-3A5042F75D52}") = "Bai 018", "Bai 018\Bai 018.pyproj", "{B499E377-93FB-495E-B4CE-9C072B807D61}"
EndProject
Project("{888888A0-9F3D-457C-B088-3A5042F75D52}") = "Bai 024", "Bai 024\Bai 024.pyproj", "{E64B920A-831E-4659-95B2-7750470510B4}"
EndProject
Project("{888888A0-9F3D-457C-B088-3A5042F75D52}") = "Bai 030", "Bai 030\Bai 030.pyproj", "{DBC9C97E-71DB-48D1-A0D6-4E5FE2B964FA}"
EndProject
Project("{888888A0-9F3D-457C-B088-3A5042F75D52}") = "Bai 036", "Bai 036\Bai 036.pyproj", "{9D388822-E642-47E3-8C55-5571A7068662}"
EndProject
Project("{888888A0-9F3D-457C-B088-3A5042F75D52}") = "Bai 042", "Bai 042\Bai 042.pyproj", "{61EE5EED-0BCF-4BB0-8D9D-810FBE86F874}"
EndProject
Project("{888888A0-9F3D-457C-B088-3A5042F75D52}") = "Bai 048", "Bai 048\Bai 048.pyproj", "{617E8AA8-C6E7-4C9F-9B21-470F63A7EFA7}"
EndProject
Project("{888888A0-9F3D-457C-B088-3A5042F75D52}") = "Bai 054", "Bai 054\Bai 054.pyproj", "{3A274346-D714-48AF-814E-4CC7CAF1E6D6}"
EndProject
Project("{888888A0-9F3D-457C-B088-3A5042F75D52}") = "Bai 060", "Bai 060\Bai 060.pyproj", "{3822E069-0FC1-4D63-8D7A-7913B780E70A}"
EndProject
Project("{888888A0-9F3D-457C-B088-3A5042F75D52}") = "Bai 066", "Bai 066\Bai 066.pyproj", "{73572CDD-5055-4B86-8ED0-02C0F0415A2C}"
EndProject
Project("{888888A0-9F3D-457C-B088-3A5042F75D52}") = "Bai 072", "Bai 072\Bai 072.pyproj", "{8DB19991-A1A2-4665-A253-D4CF899DD235}"
EndProject
Project("{888888A0-9F3D-457C-B088-3A5042F75D52}") = "Bai 078", "Bai 078\Bai 078.pyproj", "{6C4905B9-CA42-465E-AC8F-5133B139A6F6}"
EndProject
Project("{888888A0-9F3D-457C-B088-3A5042F75D52}") = "bai 084", "bai 084\bai 084.pyproj", "{5BA0AE76-5722-463C-BCA0-4C321C320D41}"
EndProject
Project("{888888A0-9F3D-457C-B088-3A5042F75D52}") = "Bai 090", "Bai 090\Bai 090.pyproj", "{CCC3B559-2635-478B-86AB-44C85A8C02BF}"
EndProject
Project("{888888A0-9F3D-457C-B088-3A5042F75D52}") = "Bai 096", "Bai 096\Bai 096.pyproj", "{581B6CB5-B617-4917-8733-489FC2DF77CD}"
EndProject
Project("{888888A0-9F3D-457C-B088-3A5042F75D52}") = "Bai 102", "Bai 102\Bai 102.pyproj", "{54515454-9C57-4715-A997-CEE8648043B1}"
EndProject
Project("{888888A0-9F3D-457C-B088-3A5042F75D52}") = "Bai 108", "Bai 108\Bai 108.pyproj", "{EF3E5590-E93D-4C1E-917E-2FD6009E7002}"
EndProject
Project("{888888A0-9F3D-457C-B088-3A5042F75D52}") = "Bai  114", "Bai  114\Bai  114.pyproj", "{0888E616-98EC-415A-A83B-594A6D81D356}"
EndProject
Project("{888888A0-9F3D-457C-B088-3A5042F75D52}") = "Bai 120", "Bai 120\Bai 120.pyproj", "{D404F3A4-4D89-4A5B-8899-C804C8EB6235}"
EndProject
Project("{888888A0-9F3D-457C-B088-3A5042F75D52}") = "Bai 126", "Bai 126\Bai 126.pyproj", "{D7C5055A-C6E3-4CA7-8C6F-06316D5FBFA9}"
EndProject
Project("{888888A0-9F3D-457C-B088-3A5042F75D52}") = "Bai 132", "Bai 132\Bai 132.pyproj", "{FBBB5AFC-96A9-4FAA-805C-FF6ACD56FC18}"
EndProject
Project("{888888A0-9F3D-457C-B088-3A5042F75D52}") = "Bai 138", "Bai 138\Bai 138.pyproj", "{D1549EF2-E1D0-4812-9312-99E5BF7333F5}"
EndProject
Project("{888888A0-9F3D-457C-B088-3A5042F75D52}") = "Bai 144", "Bai 144\Bai 144.pyproj", "{7C955C8A-7F22-4EF2-98BD-94ADB0CE1DEF}"
EndProject
Project("{888888A0-9F3D-457C-B088-3A5042F75D52}") = "Bai 150", "Bai 150\Bai 150.pyproj", "{9B35423F-8836-4A69-83EE-435FF859BE02}"
EndProject
Project("{888888A0-9F3D-457C-B088-3A5042F75D52}") = "Bai 156", "Bai 156\Bai 156.pyproj", "{2A122B3E-F07A-45DE-BB66-F919FE56DE0E}"
EndProject
Project("{888888A0-9F3D-457C-B088-3A5042F75D52}") = "Bai 162", "Bai 162\Bai 162.pyproj", "{06AB6919-0C7F-45BC-B168-AAB0EA82890F}"
EndProject
Global
	GlobalSection(SolutionConfigurationPlatforms) = preSolution
		Debug|Any CPU = Debug|Any CPU
		Release|Any CPU = Release|Any CPU
	EndGlobalSection
	GlobalSection(ProjectConfigurationPlatforms) = postSolution
		{DCDF8DB3-FA02-4C4E-82D4-90D14681A593}.Debug|Any CPU.ActiveCfg = Debug|Any CPU
		{DCDF8DB3-FA02-4C4E-82D4-90D14681A593}.Release|Any CPU.ActiveCfg = Release|Any CPU
		{755CB80E-F57B-47E0-8E33-3E45C9A03B61}.Debug|Any CPU.ActiveCfg = Debug|Any CPU
		{755CB80E-F57B-47E0-8E33-3E45C9A03B61}.Release|Any CPU.ActiveCfg = Release|Any CPU
		{0F3DB019-1CA0-4AD2-AAB6-E554B54F1C03}.Debug|Any CPU.ActiveCfg = Debug|Any CPU
		{0F3DB019-1CA0-4AD2-AAB6-E554B54F1C03}.Release|Any CPU.ActiveCfg = Release|Any CPU
		{B499E377-93FB-495E-B4CE-9C072B807D61}.Debug|Any CPU.ActiveCfg = Debug|Any CPU
		{B499E377-93FB-495E-B4CE-9C072B807D61}.Release|Any CPU.ActiveCfg = Release|Any CPU
		{E64B920A-831E-4659-95B2-7750470510B4}.Debug|Any CPU.ActiveCfg = Debug|Any CPU
		{E64B920A-831E-4659-95B2-7750470510B4}.Release|Any CPU.ActiveCfg = Release|Any CPU
		{DBC9C97E-71DB-48D1-A0D6-4E5FE2B964FA}.Debug|Any CPU.ActiveCfg = Debug|Any CPU
		{DBC9C97E-71DB-48D1-A0D6-4E5FE2B964FA}.Release|Any CPU.ActiveCfg = Release|Any CPU
		{9D388822-E642-47E3-8C55-5571A7068662}.Debug|Any CPU.ActiveCfg = Debug|Any CPU
		{9D388822-E642-47E3-8C55-5571A7068662}.Release|Any CPU.ActiveCfg = Release|Any CPU
		{61EE5EED-0BCF-4BB0-8D9D-810FBE86F874}.Debug|Any CPU.ActiveCfg = Debug|Any CPU
		{61EE5EED-0BCF-4BB0-8D9D-810FBE86F874}.Release|Any CPU.ActiveCfg = Release|Any CPU
		{617E8AA8-C6E7-4C9F-9B21-470F63A7EFA7}.Debug|Any CPU.ActiveCfg = Debug|Any CPU
		{617E8AA8-C6E7-4C9F-9B21-470F63A7EFA7}.Release|Any CPU.ActiveCfg = Release|Any CPU
		{3A274346-D714-48AF-814E-4CC7CAF1E6D6}.Debug|Any CPU.ActiveCfg = Debug|Any CPU
		{3A274346-D714-48AF-814E-4CC7CAF1E6D6}.Release|Any CPU.ActiveCfg = Release|Any CPU
		{3822E069-0FC1-4D63-8D7A-7913B780E70A}.Debug|Any CPU.ActiveCfg = Debug|Any CPU
		{3822E069-0FC1-4D63-8D7A-7913B780E70A}.Release|Any CPU.ActiveCfg = Release|Any CPU
		{73572CDD-5055-4B86-8ED0-02C0F0415A2C}.Debug|Any CPU.ActiveCfg = Debug|Any CPU
		{73572CDD-5055-4B86-8ED0-02C0F0415A2C}.Release|Any CPU.ActiveCfg = Release|Any CPU
		{8DB19991-A1A2-4665-A253-D4CF899DD235}.Debug|Any CPU.ActiveCfg = Debug|Any CPU
		{8DB19991-A1A2-4665-A253-D4CF899DD235}.Release|Any CPU.ActiveCfg = Release|Any CPU
		{6C4905B9-CA42-465E-AC8F-5133B139A6F6}.Debug|Any CPU.ActiveCfg = Debug|Any CPU
		{6C4905B9-CA42-465E-AC8F-5133B139A6F6}.Release|Any CPU.ActiveCfg = Release|Any CPU
		{5BA0AE76-5722-463C-BCA0-4C321C320D41}.Debug|Any CPU.ActiveCfg = Debug|Any CPU
		{5BA0AE76-5722-463C-BCA0-4C321C320D41}.Release|Any CPU.ActiveCfg = Release|Any CPU
		{CCC3B559-2635-478B-86AB-44C85A8C02BF}.Debug|Any CPU.ActiveCfg = Debug|Any CPU
		{CCC3B559-2635-478B-86AB-44C85A8C02BF}.Release|Any CPU.ActiveCfg = Release|Any CPU
		{581B6CB5-B617-4917-8733-489FC2DF77CD}.Debug|Any CPU.ActiveCfg = Debug|Any CPU
		{581B6CB5-B617-4917-8733-489FC2DF77CD}.Release|Any CPU.ActiveCfg = Release|Any CPU
		{54515454-9C57-4715-A997-CEE8648043B1}.Debug|Any CPU.ActiveCfg = Debug|Any CPU
		{54515454-9C57-4715-A997-CEE8648043B1}.Release|Any CPU.ActiveCfg = Release|Any CPU
		{EF3E5590-E93D-4C1E-917E-2FD6009E7002}.Debug|Any CPU.ActiveCfg = Debug|Any CPU
		{EF3E5590-E93D-4C1E-917E-2FD6009E7002}.Release|Any CPU.ActiveCfg = Release|Any CPU
		{0888E616-98EC-415A-A83B-594A6D81D356}.Debug|Any CPU.ActiveCfg = Debug|Any CPU
		{0888E616-98EC-415A-A83B-594A6D81D356}.Release|Any CPU.ActiveCfg = Release|Any CPU
		{D404F3A4-4D89-4A5B-8899-C804C8EB6235}.Debug|Any CPU.ActiveCfg = Debug|Any CPU
		{D404F3A4-4D89-4A5B-8899-C804C8EB6235}.Release|Any CPU.ActiveCfg = Release|Any CPU
		{D7C5055A-C6E3-4CA7-8C6F-06316D5FBFA9}.Debug|Any CPU.ActiveCfg = Debug|Any CPU
		{D7C5055A-C6E3-4CA7-8C6F-06316D5FBFA9}.Release|Any CPU.ActiveCfg = Release|Any CPU
		{FBBB5AFC-96A9-4FAA-805C-FF6ACD56FC18}.Debug|Any CPU.ActiveCfg = Debug|Any CPU
		{FBBB5AFC-96A9-4FAA-805C-FF6ACD56FC18}.Release|Any CPU.ActiveCfg = Release|Any CPU
		{D1549EF2-E1D0-4812-9312-99E5BF7333F5}.Debug|Any CPU.ActiveCfg = Debug|Any CPU
		{D1549EF2-E1D0-4812-9312-99E5BF7333F5}.Release|Any CPU.ActiveCfg = Release|Any CPU
		{7C955C8A-7F22-4EF2-98BD-94ADB0CE1DEF}.Debug|Any CPU.ActiveCfg = Debug|Any CPU
		{7C955C8A-7F22-4EF2-98BD-94ADB0CE1DEF}.Release|Any CPU.ActiveCfg = Release|Any CPU
		{9B35423F-8836-4A69-83EE-435FF859BE02}.Debug|Any CPU.ActiveCfg = Debug|Any CPU
		{9B35423F-8836-4A69-83EE-435FF859BE02}.Release|Any CPU.ActiveCfg = Release|Any CPU
		{2A122B3E-F07A-45DE-BB66-F919FE56DE0E}.Debug|Any CPU.ActiveCfg = Debug|Any CPU
		{2A122B3E-F07A-45DE-BB66-F919FE56DE0E}.Release|Any CPU.ActiveCfg = Release|Any CPU
		{06AB6919-0C7F-45BC-B168-AAB0EA82890F}.Debug|Any CPU.ActiveCfg = Debug|Any CPU
		{06AB6919-0C7F-45BC-B168-AAB0EA82890F}.Release|Any CPU.ActiveCfg = Release|Any CPU
	EndGlobalSection
	GlobalSection(SolutionProperties) = preSolution
		HideSolutionNode = FALSE
	EndGlobalSection
	GlobalSection(ExtensibilityGlobals) = postSolution
		SolutionGuid = {927D96F6-8077-4C9F-B529-7DC22A1619FB}
	EndGlobalSection
EndGlobal
