
Microsoft Visual Studio Solution File, Format Version 12.00
# Visual Studio Version 17
VisualStudioVersion = 17.5.33414.496
MinimumVisualStudioVersion = 10.0.40219.1
Project("{8BC9CEB8-8B4A-11D0-8D11-00A0C91BC942}") = "QuickSort_Queue", "QuickSort_Queue\QuickSort_Queue.vcxproj", "{8263A24F-3150-4A1D-BA8A-436DD2E6E2FE}"
EndProject
Global
	GlobalSection(SolutionConfigurationPlatforms) = preSolution
		Debug|x64 = Debug|x64
		Debug|x86 = Debug|x86
		Release|x64 = Release|x64
		Release|x86 = Release|x86
	EndGlobalSection
	GlobalSection(ProjectConfigurationPlatforms) = postSolution
		{8263A24F-3150-4A1D-BA8A-436DD2E6E2FE}.Debug|x64.ActiveCfg = Debug|x64
		{8263A24F-3150-4A1D-BA8A-436DD2E6E2FE}.Debug|x64.Build.0 = Debug|x64
		{8263A24F-3150-4A1D-BA8A-436DD2E6E2FE}.Debug|x86.ActiveCfg = Debug|Win32
		{8263A24F-3150-4A1D-BA8A-436DD2E6E2FE}.Debug|x86.Build.0 = Debug|Win32
		{8263A24F-3150-4A1D-BA8A-436DD2E6E2FE}.Release|x64.ActiveCfg = Release|x64
		{8263A24F-3150-4A1D-BA8A-436DD2E6E2FE}.Release|x64.Build.0 = Release|x64
		{8263A24F-3150-4A1D-BA8A-436DD2E6E2FE}.Release|x86.ActiveCfg = Release|Win32
		{8263A24F-3150-4A1D-BA8A-436DD2E6E2FE}.Release|x86.Build.0 = Release|Win32
	EndGlobalSection
	GlobalSection(SolutionProperties) = preSolution
		HideSolutionNode = FALSE
	EndGlobalSection
	GlobalSection(ExtensibilityGlobals) = postSolution
		SolutionGuid = {2E3F08F2-8209-4A13-B145-327264796B9A}
	EndGlobalSection
EndGlobal
