
Microsoft Visual Studio Solution File, Format Version 12.00
# Visual Studio Version 17
VisualStudioVersion = 17.5.33414.496
MinimumVisualStudioVersion = 10.0.40219.1
Project("{8BC9CEB8-8B4A-11D0-8D11-00A0C91BC942}") = "DSA_THT3", "DSA_THT3\DSA_THT3.vcxproj", "{A6A0AF7E-A0B7-47E8-A460-4827BCC4482A}"
EndProject
Project("{8BC9CEB8-8B4A-11D0-8D11-00A0C91BC942}") = "DSLKK", "DSLKK\DSLKK.vcxproj", "{75963B21-3ADC-4826-8F7C-E04FB57C182F}"
EndProject
Project("{8BC9CEB8-8B4A-11D0-8D11-00A0C91BC942}") = "DSA_BTTLlab3", "DSA_BTTLlab3\DSA_BTTLlab3.vcxproj", "{53497DDB-0DFB-4681-B394-CDF89884554C}"
EndProject
Project("{8BC9CEB8-8B4A-11D0-8D11-00A0C91BC942}") = "DSA_BTTHTL3", "DSA_BTTHTL3\DSA_BTTHTL3.vcxproj", "{44CEF384-D9EC-4187-8736-220B0D10385A}"
EndProject
Project("{8BC9CEB8-8B4A-11D0-8D11-00A0C91BC942}") = "Cau_18", "Cau_18\Cau_18.vcxproj", "{4D8C9EBD-0F78-4066-A839-6F0777ADC36B}"
EndProject
Project("{8BC9CEB8-8B4A-11D0-8D11-00A0C91BC942}") = "Cau_2", "Cau_2\Cau_2.vcxproj", "{3BAB2F97-7C5E-401F-871E-CC1589A34AE9}"
EndProject
Project("{8BC9CEB8-8B4A-11D0-8D11-00A0C91BC942}") = "Cau_3", "Cau_3\Cau_3.vcxproj", "{CD5942F6-DFC1-4A54-889D-8D3134118BDE}"
EndProject
Project("{8BC9CEB8-8B4A-11D0-8D11-00A0C91BC942}") = "Bai_4", "Bai_4\Bai_4.vcxproj", "{682F2041-755D-4D8B-84EC-20F6A62F2887}"
EndProject
Project("{8BC9CEB8-8B4A-11D0-8D11-00A0C91BC942}") = "Cau_7", "Cau_7\Cau_7.vcxproj", "{A70E0450-521A-470B-9B92-C5FDBA1C2F0D}"
EndProject
Project("{8BC9CEB8-8B4A-11D0-8D11-00A0C91BC942}") = "Cau6_BTTHT3", "Cau6_BTTHT3\Cau6_BTTHT3.vcxproj", "{07DDD697-E822-4DB7-86A8-EB4114381DD7}"
EndProject
Project("{8BC9CEB8-8B4A-11D0-8D11-00A0C91BC942}") = "Cau5_BTTHT3", "Cau5_BTTHT3\Cau5_BTTHT3.vcxproj", "{9D841A9C-6FF3-4D3A-B944-A40C814BA1DB}"
EndProject
Global
	GlobalSection(SolutionConfigurationPlatforms) = preSolution
		Debug|x64 = Debug|x64
		Debug|x86 = Debug|x86
		Release|x64 = Release|x64
		Release|x86 = Release|x86
	EndGlobalSection
	GlobalSection(ProjectConfigurationPlatforms) = postSolution
		{A6A0AF7E-A0B7-47E8-A460-4827BCC4482A}.Debug|x64.ActiveCfg = Debug|x64
		{A6A0AF7E-A0B7-47E8-A460-4827BCC4482A}.Debug|x64.Build.0 = Debug|x64
		{A6A0AF7E-A0B7-47E8-A460-4827BCC4482A}.Debug|x86.ActiveCfg = Debug|Win32
		{A6A0AF7E-A0B7-47E8-A460-4827BCC4482A}.Debug|x86.Build.0 = Debug|Win32
		{A6A0AF7E-A0B7-47E8-A460-4827BCC4482A}.Release|x64.ActiveCfg = Release|x64
		{A6A0AF7E-A0B7-47E8-A460-4827BCC4482A}.Release|x64.Build.0 = Release|x64
		{A6A0AF7E-A0B7-47E8-A460-4827BCC4482A}.Release|x86.ActiveCfg = Release|Win32
		{A6A0AF7E-A0B7-47E8-A460-4827BCC4482A}.Release|x86.Build.0 = Release|Win32
		{75963B21-3ADC-4826-8F7C-E04FB57C182F}.Debug|x64.ActiveCfg = Debug|x64
		{75963B21-3ADC-4826-8F7C-E04FB57C182F}.Debug|x64.Build.0 = Debug|x64
		{75963B21-3ADC-4826-8F7C-E04FB57C182F}.Debug|x86.ActiveCfg = Debug|Win32
		{75963B21-3ADC-4826-8F7C-E04FB57C182F}.Debug|x86.Build.0 = Debug|Win32
		{75963B21-3ADC-4826-8F7C-E04FB57C182F}.Release|x64.ActiveCfg = Release|x64
		{75963B21-3ADC-4826-8F7C-E04FB57C182F}.Release|x64.Build.0 = Release|x64
		{75963B21-3ADC-4826-8F7C-E04FB57C182F}.Release|x86.ActiveCfg = Release|Win32
		{75963B21-3ADC-4826-8F7C-E04FB57C182F}.Release|x86.Build.0 = Release|Win32
		{53497DDB-0DFB-4681-B394-CDF89884554C}.Debug|x64.ActiveCfg = Debug|x64
		{53497DDB-0DFB-4681-B394-CDF89884554C}.Debug|x64.Build.0 = Debug|x64
		{53497DDB-0DFB-4681-B394-CDF89884554C}.Debug|x86.ActiveCfg = Debug|Win32
		{53497DDB-0DFB-4681-B394-CDF89884554C}.Debug|x86.Build.0 = Debug|Win32
		{53497DDB-0DFB-4681-B394-CDF89884554C}.Release|x64.ActiveCfg = Release|x64
		{53497DDB-0DFB-4681-B394-CDF89884554C}.Release|x64.Build.0 = Release|x64
		{53497DDB-0DFB-4681-B394-CDF89884554C}.Release|x86.ActiveCfg = Release|Win32
		{53497DDB-0DFB-4681-B394-CDF89884554C}.Release|x86.Build.0 = Release|Win32
		{44CEF384-D9EC-4187-8736-220B0D10385A}.Debug|x64.ActiveCfg = Debug|x64
		{44CEF384-D9EC-4187-8736-220B0D10385A}.Debug|x64.Build.0 = Debug|x64
		{44CEF384-D9EC-4187-8736-220B0D10385A}.Debug|x86.ActiveCfg = Debug|Win32
		{44CEF384-D9EC-4187-8736-220B0D10385A}.Debug|x86.Build.0 = Debug|Win32
		{44CEF384-D9EC-4187-8736-220B0D10385A}.Release|x64.ActiveCfg = Release|x64
		{44CEF384-D9EC-4187-8736-220B0D10385A}.Release|x64.Build.0 = Release|x64
		{44CEF384-D9EC-4187-8736-220B0D10385A}.Release|x86.ActiveCfg = Release|Win32
		{44CEF384-D9EC-4187-8736-220B0D10385A}.Release|x86.Build.0 = Release|Win32
		{4D8C9EBD-0F78-4066-A839-6F0777ADC36B}.Debug|x64.ActiveCfg = Debug|x64
		{4D8C9EBD-0F78-4066-A839-6F0777ADC36B}.Debug|x64.Build.0 = Debug|x64
		{4D8C9EBD-0F78-4066-A839-6F0777ADC36B}.Debug|x86.ActiveCfg = Debug|Win32
		{4D8C9EBD-0F78-4066-A839-6F0777ADC36B}.Debug|x86.Build.0 = Debug|Win32
		{4D8C9EBD-0F78-4066-A839-6F0777ADC36B}.Release|x64.ActiveCfg = Release|x64
		{4D8C9EBD-0F78-4066-A839-6F0777ADC36B}.Release|x64.Build.0 = Release|x64
		{4D8C9EBD-0F78-4066-A839-6F0777ADC36B}.Release|x86.ActiveCfg = Release|Win32
		{4D8C9EBD-0F78-4066-A839-6F0777ADC36B}.Release|x86.Build.0 = Release|Win32
		{3BAB2F97-7C5E-401F-871E-CC1589A34AE9}.Debug|x64.ActiveCfg = Debug|x64
		{3BAB2F97-7C5E-401F-871E-CC1589A34AE9}.Debug|x64.Build.0 = Debug|x64
		{3BAB2F97-7C5E-401F-871E-CC1589A34AE9}.Debug|x86.ActiveCfg = Debug|Win32
		{3BAB2F97-7C5E-401F-871E-CC1589A34AE9}.Debug|x86.Build.0 = Debug|Win32
		{3BAB2F97-7C5E-401F-871E-CC1589A34AE9}.Release|x64.ActiveCfg = Release|x64
		{3BAB2F97-7C5E-401F-871E-CC1589A34AE9}.Release|x64.Build.0 = Release|x64
		{3BAB2F97-7C5E-401F-871E-CC1589A34AE9}.Release|x86.ActiveCfg = Release|Win32
		{3BAB2F97-7C5E-401F-871E-CC1589A34AE9}.Release|x86.Build.0 = Release|Win32
		{CD5942F6-DFC1-4A54-889D-8D3134118BDE}.Debug|x64.ActiveCfg = Debug|x64
		{CD5942F6-DFC1-4A54-889D-8D3134118BDE}.Debug|x64.Build.0 = Debug|x64
		{CD5942F6-DFC1-4A54-889D-8D3134118BDE}.Debug|x86.ActiveCfg = Debug|Win32
		{CD5942F6-DFC1-4A54-889D-8D3134118BDE}.Debug|x86.Build.0 = Debug|Win32
		{CD5942F6-DFC1-4A54-889D-8D3134118BDE}.Release|x64.ActiveCfg = Release|x64
		{CD5942F6-DFC1-4A54-889D-8D3134118BDE}.Release|x64.Build.0 = Release|x64
		{CD5942F6-DFC1-4A54-889D-8D3134118BDE}.Release|x86.ActiveCfg = Release|Win32
		{CD5942F6-DFC1-4A54-889D-8D3134118BDE}.Release|x86.Build.0 = Release|Win32
		{682F2041-755D-4D8B-84EC-20F6A62F2887}.Debug|x64.ActiveCfg = Debug|x64
		{682F2041-755D-4D8B-84EC-20F6A62F2887}.Debug|x64.Build.0 = Debug|x64
		{682F2041-755D-4D8B-84EC-20F6A62F2887}.Debug|x86.ActiveCfg = Debug|Win32
		{682F2041-755D-4D8B-84EC-20F6A62F2887}.Debug|x86.Build.0 = Debug|Win32
		{682F2041-755D-4D8B-84EC-20F6A62F2887}.Release|x64.ActiveCfg = Release|x64
		{682F2041-755D-4D8B-84EC-20F6A62F2887}.Release|x64.Build.0 = Release|x64
		{682F2041-755D-4D8B-84EC-20F6A62F2887}.Release|x86.ActiveCfg = Release|Win32
		{682F2041-755D-4D8B-84EC-20F6A62F2887}.Release|x86.Build.0 = Release|Win32
		{A70E0450-521A-470B-9B92-C5FDBA1C2F0D}.Debug|x64.ActiveCfg = Debug|x64
		{A70E0450-521A-470B-9B92-C5FDBA1C2F0D}.Debug|x64.Build.0 = Debug|x64
		{A70E0450-521A-470B-9B92-C5FDBA1C2F0D}.Debug|x86.ActiveCfg = Debug|Win32
		{A70E0450-521A-470B-9B92-C5FDBA1C2F0D}.Debug|x86.Build.0 = Debug|Win32
		{A70E0450-521A-470B-9B92-C5FDBA1C2F0D}.Release|x64.ActiveCfg = Release|x64
		{A70E0450-521A-470B-9B92-C5FDBA1C2F0D}.Release|x64.Build.0 = Release|x64
		{A70E0450-521A-470B-9B92-C5FDBA1C2F0D}.Release|x86.ActiveCfg = Release|Win32
		{A70E0450-521A-470B-9B92-C5FDBA1C2F0D}.Release|x86.Build.0 = Release|Win32
		{07DDD697-E822-4DB7-86A8-EB4114381DD7}.Debug|x64.ActiveCfg = Debug|x64
		{07DDD697-E822-4DB7-86A8-EB4114381DD7}.Debug|x64.Build.0 = Debug|x64
		{07DDD697-E822-4DB7-86A8-EB4114381DD7}.Debug|x86.ActiveCfg = Debug|Win32
		{07DDD697-E822-4DB7-86A8-EB4114381DD7}.Debug|x86.Build.0 = Debug|Win32
		{07DDD697-E822-4DB7-86A8-EB4114381DD7}.Release|x64.ActiveCfg = Release|x64
		{07DDD697-E822-4DB7-86A8-EB4114381DD7}.Release|x64.Build.0 = Release|x64
		{07DDD697-E822-4DB7-86A8-EB4114381DD7}.Release|x86.ActiveCfg = Release|Win32
		{07DDD697-E822-4DB7-86A8-EB4114381DD7}.Release|x86.Build.0 = Release|Win32
		{9D841A9C-6FF3-4D3A-B944-A40C814BA1DB}.Debug|x64.ActiveCfg = Debug|x64
		{9D841A9C-6FF3-4D3A-B944-A40C814BA1DB}.Debug|x64.Build.0 = Debug|x64
		{9D841A9C-6FF3-4D3A-B944-A40C814BA1DB}.Debug|x86.ActiveCfg = Debug|Win32
		{9D841A9C-6FF3-4D3A-B944-A40C814BA1DB}.Debug|x86.Build.0 = Debug|Win32
		{9D841A9C-6FF3-4D3A-B944-A40C814BA1DB}.Release|x64.ActiveCfg = Release|x64
		{9D841A9C-6FF3-4D3A-B944-A40C814BA1DB}.Release|x64.Build.0 = Release|x64
		{9D841A9C-6FF3-4D3A-B944-A40C814BA1DB}.Release|x86.ActiveCfg = Release|Win32
		{9D841A9C-6FF3-4D3A-B944-A40C814BA1DB}.Release|x86.Build.0 = Release|Win32
	EndGlobalSection
	GlobalSection(SolutionProperties) = preSolution
		HideSolutionNode = FALSE
	EndGlobalSection
	GlobalSection(ExtensibilityGlobals) = postSolution
		SolutionGuid = {836CF6A8-743C-4998-B8CF-A89182C3F635}
	EndGlobalSection
EndGlobal
